
Microsoft Visual Studio Solution File, Format Version 12.00
# Visual Studio Version 16
VisualStudioVersion = 16.0.32602.291
MinimumVisualStudioVersion = 10.0.40219.1
Project("{2150E333-8FDC-42A3-9474-1A3956D46DE8}") = "C_Lang", "C_Lang", "{4FE54FDF-0BD4-4643-B305-515971355CA1}"
EndProject
Project("{2150E333-8FDC-42A3-9474-1A3956D46DE8}") = "CPP", "CPP", "{198E4D80-FAF3-410C-B2ED-140682355F50}"
EndProject
Project("{8BC9CEB8-8B4A-11D0-8D11-00A0C91BC942}") = "HanoiTower", "HanoiTower\HanoiTower.vcxproj", "{DC506AE5-1877-40D4-9002-F2BC497F1545}"
EndProject
Project("{8BC9CEB8-8B4A-11D0-8D11-00A0C91BC942}") = "MagicSquare", "MagicSquare\MagicSquare.vcxproj", "{BACE82AF-F1A6-41D2-82FB-2F219588411D}"
EndProject
Project("{8BC9CEB8-8B4A-11D0-8D11-00A0C91BC942}") = "StudentMgr", "StudentMgr\StudentMgr.vcxproj", "{01FD11BD-0C9E-4460-BC17-2F37AE9BC8F9}"
EndProject
Project("{8BC9CEB8-8B4A-11D0-8D11-00A0C91BC942}") = "Tree", "Tree\Tree.vcxproj", "{EBE922AB-F77F-43FB-906A-18DA8B14EDCC}"
EndProject
Project("{8BC9CEB8-8B4A-11D0-8D11-00A0C91BC942}") = "Tree_1", "Tree_1\Tree_1.vcxproj", "{ED6EBDEB-F4C3-4AD9-B386-DAEBC00C9810}"
EndProject
Project("{8BC9CEB8-8B4A-11D0-8D11-00A0C91BC942}") = "QuadTree", "QuadTree\QuadTree.vcxproj", "{950C1F25-D719-4BA2-9BC3-B9C1570E9F09}"
EndProject
Project("{8BC9CEB8-8B4A-11D0-8D11-00A0C91BC942}") = "Octree", "Octree\Octree.vcxproj", "{DA444EF7-9782-438C-AE6B-6B6AD7A733FD}"
EndProject
Project("{2150E333-8FDC-42A3-9474-1A3956D46DE8}") = "SpaceDivision", "SpaceDivision", "{59078C31-9B73-4B78-B05A-6E28816FEF2B}"
EndProject
Project("{8BC9CEB8-8B4A-11D0-8D11-00A0C91BC942}") = "QuadTree_1", "QuadTree_1\QuadTree_1.vcxproj", "{6AFF9787-01F5-4F37-ABB1-14EBF40CF608}"
EndProject
Project("{8BC9CEB8-8B4A-11D0-8D11-00A0C91BC942}") = "Octree_1", "Octree_1\Octree_1.vcxproj", "{E303E535-497A-4BF4-9E4A-B307A132B6F6}"
EndProject
Project("{8BC9CEB8-8B4A-11D0-8D11-00A0C91BC942}") = "Octree_2", "Octree_2\Octree_2.vcxproj", "{1C178E3B-8865-40D2-B400-84B17C79CF91}"
EndProject
Project("{8BC9CEB8-8B4A-11D0-8D11-00A0C91BC942}") = "WindowStudy_0", "WindowStudy_0\WindowStudy_0.vcxproj", "{EEE51D3F-0524-4D36-9457-B6B9E285044C}"
EndProject
Project("{8BC9CEB8-8B4A-11D0-8D11-00A0C91BC942}") = "WindowStudy_1", "WindowStudy_1\WindowStudy_1.vcxproj", "{2FF30C97-3C17-4873-95B8-2FD5C20B6191}"
EndProject
Project("{2150E333-8FDC-42A3-9474-1A3956D46DE8}") = "DataStruct", "DataStruct", "{2AEBBBB1-ACFB-49EA-B126-72C6C9CEDB60}"
EndProject
Project("{2150E333-8FDC-42A3-9474-1A3956D46DE8}") = "Graphics", "Graphics", "{BFAC8DA4-32C8-42BB-AFE8-D2932AFA5A55}"
EndProject
Project("{2150E333-8FDC-42A3-9474-1A3956D46DE8}") = "WinAPI", "WinAPI", "{B1003FFF-E6BD-43BD-847C-09F45F98C21B}"
EndProject
Project("{8BC9CEB8-8B4A-11D0-8D11-00A0C91BC942}") = "WindowStudy_2", "WindowStudy_2\WindowStudy_2.vcxproj", "{F93235FA-9F67-4F6E-AC3D-9F0E244CA0E2}"
EndProject
Project("{2150E333-8FDC-42A3-9474-1A3956D46DE8}") = "DirectX", "DirectX", "{71E43F69-BF20-486C-9DCC-F3DA5971A7A8}"
EndProject
Project("{8BC9CEB8-8B4A-11D0-8D11-00A0C91BC942}") = "DirectX_0", "DirectX_0\DirectX_0.vcxproj", "{C262CBEC-B41A-4F4D-B4BC-08B7CBD42B1D}"
EndProject
Project("{8BC9CEB8-8B4A-11D0-8D11-00A0C91BC942}") = "DirectX_1", "DirectX_1\DirectX_1.vcxproj", "{E1547396-729E-484D-9997-E34042CFF5BC}"
EndProject
Project("{8BC9CEB8-8B4A-11D0-8D11-00A0C91BC942}") = "CreateTriangle_0", "CreateTriangle_0\CreateTriangle_0.vcxproj", "{E390F692-A2D5-42B5-A2C8-CA60447331A2}"
EndProject
Project("{8BC9CEB8-8B4A-11D0-8D11-00A0C91BC942}") = "DrawOctree", "DrawOctree\DrawOctree.vcxproj", "{D6B6A998-DA1A-4D8E-BC84-221FE8578182}"
EndProject
Global
	GlobalSection(SolutionConfigurationPlatforms) = preSolution
		Debug|x64 = Debug|x64
		Debug|x86 = Debug|x86
		Release|x64 = Release|x64
		Release|x86 = Release|x86
	EndGlobalSection
	GlobalSection(ProjectConfigurationPlatforms) = postSolution
		{DC506AE5-1877-40D4-9002-F2BC497F1545}.Debug|x64.ActiveCfg = Debug|x64
		{DC506AE5-1877-40D4-9002-F2BC497F1545}.Debug|x64.Build.0 = Debug|x64
		{DC506AE5-1877-40D4-9002-F2BC497F1545}.Debug|x86.ActiveCfg = Debug|Win32
		{DC506AE5-1877-40D4-9002-F2BC497F1545}.Debug|x86.Build.0 = Debug|Win32
		{DC506AE5-1877-40D4-9002-F2BC497F1545}.Release|x64.ActiveCfg = Release|x64
		{DC506AE5-1877-40D4-9002-F2BC497F1545}.Release|x64.Build.0 = Release|x64
		{DC506AE5-1877-40D4-9002-F2BC497F1545}.Release|x86.ActiveCfg = Release|Win32
		{DC506AE5-1877-40D4-9002-F2BC497F1545}.Release|x86.Build.0 = Release|Win32
		{BACE82AF-F1A6-41D2-82FB-2F219588411D}.Debug|x64.ActiveCfg = Debug|x64
		{BACE82AF-F1A6-41D2-82FB-2F219588411D}.Debug|x64.Build.0 = Debug|x64
		{BACE82AF-F1A6-41D2-82FB-2F219588411D}.Debug|x86.ActiveCfg = Debug|Win32
		{BACE82AF-F1A6-41D2-82FB-2F219588411D}.Debug|x86.Build.0 = Debug|Win32
		{BACE82AF-F1A6-41D2-82FB-2F219588411D}.Release|x64.ActiveCfg = Release|x64
		{BACE82AF-F1A6-41D2-82FB-2F219588411D}.Release|x64.Build.0 = Release|x64
		{BACE82AF-F1A6-41D2-82FB-2F219588411D}.Release|x86.ActiveCfg = Release|Win32
		{BACE82AF-F1A6-41D2-82FB-2F219588411D}.Release|x86.Build.0 = Release|Win32
		{01FD11BD-0C9E-4460-BC17-2F37AE9BC8F9}.Debug|x64.ActiveCfg = Debug|x64
		{01FD11BD-0C9E-4460-BC17-2F37AE9BC8F9}.Debug|x64.Build.0 = Debug|x64
		{01FD11BD-0C9E-4460-BC17-2F37AE9BC8F9}.Debug|x86.ActiveCfg = Debug|Win32
		{01FD11BD-0C9E-4460-BC17-2F37AE9BC8F9}.Debug|x86.Build.0 = Debug|Win32
		{01FD11BD-0C9E-4460-BC17-2F37AE9BC8F9}.Release|x64.ActiveCfg = Release|x64
		{01FD11BD-0C9E-4460-BC17-2F37AE9BC8F9}.Release|x64.Build.0 = Release|x64
		{01FD11BD-0C9E-4460-BC17-2F37AE9BC8F9}.Release|x86.ActiveCfg = Release|Win32
		{01FD11BD-0C9E-4460-BC17-2F37AE9BC8F9}.Release|x86.Build.0 = Release|Win32
		{EBE922AB-F77F-43FB-906A-18DA8B14EDCC}.Debug|x64.ActiveCfg = Debug|x64
		{EBE922AB-F77F-43FB-906A-18DA8B14EDCC}.Debug|x64.Build.0 = Debug|x64
		{EBE922AB-F77F-43FB-906A-18DA8B14EDCC}.Debug|x86.ActiveCfg = Debug|Win32
		{EBE922AB-F77F-43FB-906A-18DA8B14EDCC}.Debug|x86.Build.0 = Debug|Win32
		{EBE922AB-F77F-43FB-906A-18DA8B14EDCC}.Release|x64.ActiveCfg = Release|x64
		{EBE922AB-F77F-43FB-906A-18DA8B14EDCC}.Release|x64.Build.0 = Release|x64
		{EBE922AB-F77F-43FB-906A-18DA8B14EDCC}.Release|x86.ActiveCfg = Release|Win32
		{EBE922AB-F77F-43FB-906A-18DA8B14EDCC}.Release|x86.Build.0 = Release|Win32
		{ED6EBDEB-F4C3-4AD9-B386-DAEBC00C9810}.Debug|x64.ActiveCfg = Debug|x64
		{ED6EBDEB-F4C3-4AD9-B386-DAEBC00C9810}.Debug|x64.Build.0 = Debug|x64
		{ED6EBDEB-F4C3-4AD9-B386-DAEBC00C9810}.Debug|x86.ActiveCfg = Debug|Win32
		{ED6EBDEB-F4C3-4AD9-B386-DAEBC00C9810}.Debug|x86.Build.0 = Debug|Win32
		{ED6EBDEB-F4C3-4AD9-B386-DAEBC00C9810}.Release|x64.ActiveCfg = Release|x64
		{ED6EBDEB-F4C3-4AD9-B386-DAEBC00C9810}.Release|x64.Build.0 = Release|x64
		{ED6EBDEB-F4C3-4AD9-B386-DAEBC00C9810}.Release|x86.ActiveCfg = Release|Win32
		{ED6EBDEB-F4C3-4AD9-B386-DAEBC00C9810}.Release|x86.Build.0 = Release|Win32
		{950C1F25-D719-4BA2-9BC3-B9C1570E9F09}.Debug|x64.ActiveCfg = Debug|x64
		{950C1F25-D719-4BA2-9BC3-B9C1570E9F09}.Debug|x64.Build.0 = Debug|x64
		{950C1F25-D719-4BA2-9BC3-B9C1570E9F09}.Debug|x86.ActiveCfg = Debug|Win32
		{950C1F25-D719-4BA2-9BC3-B9C1570E9F09}.Debug|x86.Build.0 = Debug|Win32
		{950C1F25-D719-4BA2-9BC3-B9C1570E9F09}.Release|x64.ActiveCfg = Release|x64
		{950C1F25-D719-4BA2-9BC3-B9C1570E9F09}.Release|x64.Build.0 = Release|x64
		{950C1F25-D719-4BA2-9BC3-B9C1570E9F09}.Release|x86.ActiveCfg = Release|Win32
		{950C1F25-D719-4BA2-9BC3-B9C1570E9F09}.Release|x86.Build.0 = Release|Win32
		{DA444EF7-9782-438C-AE6B-6B6AD7A733FD}.Debug|x64.ActiveCfg = Debug|x64
		{DA444EF7-9782-438C-AE6B-6B6AD7A733FD}.Debug|x64.Build.0 = Debug|x64
		{DA444EF7-9782-438C-AE6B-6B6AD7A733FD}.Debug|x86.ActiveCfg = Debug|Win32
		{DA444EF7-9782-438C-AE6B-6B6AD7A733FD}.Debug|x86.Build.0 = Debug|Win32
		{DA444EF7-9782-438C-AE6B-6B6AD7A733FD}.Release|x64.ActiveCfg = Release|x64
		{DA444EF7-9782-438C-AE6B-6B6AD7A733FD}.Release|x64.Build.0 = Release|x64
		{DA444EF7-9782-438C-AE6B-6B6AD7A733FD}.Release|x86.ActiveCfg = Release|Win32
		{DA444EF7-9782-438C-AE6B-6B6AD7A733FD}.Release|x86.Build.0 = Release|Win32
		{6AFF9787-01F5-4F37-ABB1-14EBF40CF608}.Debug|x64.ActiveCfg = Debug|x64
		{6AFF9787-01F5-4F37-ABB1-14EBF40CF608}.Debug|x64.Build.0 = Debug|x64
		{6AFF9787-01F5-4F37-ABB1-14EBF40CF608}.Debug|x86.ActiveCfg = Debug|Win32
		{6AFF9787-01F5-4F37-ABB1-14EBF40CF608}.Debug|x86.Build.0 = Debug|Win32
		{6AFF9787-01F5-4F37-ABB1-14EBF40CF608}.Release|x64.ActiveCfg = Release|x64
		{6AFF9787-01F5-4F37-ABB1-14EBF40CF608}.Release|x64.Build.0 = Release|x64
		{6AFF9787-01F5-4F37-ABB1-14EBF40CF608}.Release|x86.ActiveCfg = Release|Win32
		{6AFF9787-01F5-4F37-ABB1-14EBF40CF608}.Release|x86.Build.0 = Release|Win32
		{E303E535-497A-4BF4-9E4A-B307A132B6F6}.Debug|x64.ActiveCfg = Debug|x64
		{E303E535-497A-4BF4-9E4A-B307A132B6F6}.Debug|x64.Build.0 = Debug|x64
		{E303E535-497A-4BF4-9E4A-B307A132B6F6}.Debug|x86.ActiveCfg = Debug|Win32
		{E303E535-497A-4BF4-9E4A-B307A132B6F6}.Debug|x86.Build.0 = Debug|Win32
		{E303E535-497A-4BF4-9E4A-B307A132B6F6}.Release|x64.ActiveCfg = Release|x64
		{E303E535-497A-4BF4-9E4A-B307A132B6F6}.Release|x64.Build.0 = Release|x64
		{E303E535-497A-4BF4-9E4A-B307A132B6F6}.Release|x86.ActiveCfg = Release|Win32
		{E303E535-497A-4BF4-9E4A-B307A132B6F6}.Release|x86.Build.0 = Release|Win32
		{1C178E3B-8865-40D2-B400-84B17C79CF91}.Debug|x64.ActiveCfg = Debug|x64
		{1C178E3B-8865-40D2-B400-84B17C79CF91}.Debug|x64.Build.0 = Debug|x64
		{1C178E3B-8865-40D2-B400-84B17C79CF91}.Debug|x86.ActiveCfg = Debug|Win32
		{1C178E3B-8865-40D2-B400-84B17C79CF91}.Debug|x86.Build.0 = Debug|Win32
		{1C178E3B-8865-40D2-B400-84B17C79CF91}.Release|x64.ActiveCfg = Release|x64
		{1C178E3B-8865-40D2-B400-84B17C79CF91}.Release|x64.Build.0 = Release|x64
		{1C178E3B-8865-40D2-B400-84B17C79CF91}.Release|x86.ActiveCfg = Release|Win32
		{1C178E3B-8865-40D2-B400-84B17C79CF91}.Release|x86.Build.0 = Release|Win32
		{EEE51D3F-0524-4D36-9457-B6B9E285044C}.Debug|x64.ActiveCfg = Debug|x64
		{EEE51D3F-0524-4D36-9457-B6B9E285044C}.Debug|x64.Build.0 = Debug|x64
		{EEE51D3F-0524-4D36-9457-B6B9E285044C}.Debug|x86.ActiveCfg = Debug|Win32
		{EEE51D3F-0524-4D36-9457-B6B9E285044C}.Debug|x86.Build.0 = Debug|Win32
		{EEE51D3F-0524-4D36-9457-B6B9E285044C}.Release|x64.ActiveCfg = Release|x64
		{EEE51D3F-0524-4D36-9457-B6B9E285044C}.Release|x64.Build.0 = Release|x64
		{EEE51D3F-0524-4D36-9457-B6B9E285044C}.Release|x86.ActiveCfg = Release|Win32
		{EEE51D3F-0524-4D36-9457-B6B9E285044C}.Release|x86.Build.0 = Release|Win32
		{2FF30C97-3C17-4873-95B8-2FD5C20B6191}.Debug|x64.ActiveCfg = Debug|x64
		{2FF30C97-3C17-4873-95B8-2FD5C20B6191}.Debug|x64.Build.0 = Debug|x64
		{2FF30C97-3C17-4873-95B8-2FD5C20B6191}.Debug|x86.ActiveCfg = Debug|Win32
		{2FF30C97-3C17-4873-95B8-2FD5C20B6191}.Debug|x86.Build.0 = Debug|Win32
		{2FF30C97-3C17-4873-95B8-2FD5C20B6191}.Release|x64.ActiveCfg = Release|x64
		{2FF30C97-3C17-4873-95B8-2FD5C20B6191}.Release|x64.Build.0 = Release|x64
		{2FF30C97-3C17-4873-95B8-2FD5C20B6191}.Release|x86.ActiveCfg = Release|Win32
		{2FF30C97-3C17-4873-95B8-2FD5C20B6191}.Release|x86.Build.0 = Release|Win32
		{F93235FA-9F67-4F6E-AC3D-9F0E244CA0E2}.Debug|x64.ActiveCfg = Debug|x64
		{F93235FA-9F67-4F6E-AC3D-9F0E244CA0E2}.Debug|x64.Build.0 = Debug|x64
		{F93235FA-9F67-4F6E-AC3D-9F0E244CA0E2}.Debug|x86.ActiveCfg = Debug|Win32
		{F93235FA-9F67-4F6E-AC3D-9F0E244CA0E2}.Debug|x86.Build.0 = Debug|Win32
		{F93235FA-9F67-4F6E-AC3D-9F0E244CA0E2}.Release|x64.ActiveCfg = Release|x64
		{F93235FA-9F67-4F6E-AC3D-9F0E244CA0E2}.Release|x64.Build.0 = Release|x64
		{F93235FA-9F67-4F6E-AC3D-9F0E244CA0E2}.Release|x86.ActiveCfg = Release|Win32
		{F93235FA-9F67-4F6E-AC3D-9F0E244CA0E2}.Release|x86.Build.0 = Release|Win32
		{C262CBEC-B41A-4F4D-B4BC-08B7CBD42B1D}.Debug|x64.ActiveCfg = Debug|x64
		{C262CBEC-B41A-4F4D-B4BC-08B7CBD42B1D}.Debug|x64.Build.0 = Debug|x64
		{C262CBEC-B41A-4F4D-B4BC-08B7CBD42B1D}.Debug|x86.ActiveCfg = Debug|Win32
		{C262CBEC-B41A-4F4D-B4BC-08B7CBD42B1D}.Debug|x86.Build.0 = Debug|Win32
		{C262CBEC-B41A-4F4D-B4BC-08B7CBD42B1D}.Release|x64.ActiveCfg = Release|x64
		{C262CBEC-B41A-4F4D-B4BC-08B7CBD42B1D}.Release|x64.Build.0 = Release|x64
		{C262CBEC-B41A-4F4D-B4BC-08B7CBD42B1D}.Release|x86.ActiveCfg = Release|Win32
		{C262CBEC-B41A-4F4D-B4BC-08B7CBD42B1D}.Release|x86.Build.0 = Release|Win32
		{E1547396-729E-484D-9997-E34042CFF5BC}.Debug|x64.ActiveCfg = Debug|x64
		{E1547396-729E-484D-9997-E34042CFF5BC}.Debug|x64.Build.0 = Debug|x64
		{E1547396-729E-484D-9997-E34042CFF5BC}.Debug|x86.ActiveCfg = Debug|Win32
		{E1547396-729E-484D-9997-E34042CFF5BC}.Debug|x86.Build.0 = Debug|Win32
		{E1547396-729E-484D-9997-E34042CFF5BC}.Release|x64.ActiveCfg = Release|x64
		{E1547396-729E-484D-9997-E34042CFF5BC}.Release|x64.Build.0 = Release|x64
		{E1547396-729E-484D-9997-E34042CFF5BC}.Release|x86.ActiveCfg = Release|Win32
		{E1547396-729E-484D-9997-E34042CFF5BC}.Release|x86.Build.0 = Release|Win32
		{E390F692-A2D5-42B5-A2C8-CA60447331A2}.Debug|x64.ActiveCfg = Debug|x64
		{E390F692-A2D5-42B5-A2C8-CA60447331A2}.Debug|x64.Build.0 = Debug|x64
		{E390F692-A2D5-42B5-A2C8-CA60447331A2}.Debug|x86.ActiveCfg = Debug|Win32
		{E390F692-A2D5-42B5-A2C8-CA60447331A2}.Debug|x86.Build.0 = Debug|Win32
		{E390F692-A2D5-42B5-A2C8-CA60447331A2}.Release|x64.ActiveCfg = Release|x64
		{E390F692-A2D5-42B5-A2C8-CA60447331A2}.Release|x64.Build.0 = Release|x64
		{E390F692-A2D5-42B5-A2C8-CA60447331A2}.Release|x86.ActiveCfg = Release|Win32
		{E390F692-A2D5-42B5-A2C8-CA60447331A2}.Release|x86.Build.0 = Release|Win32
		{D6B6A998-DA1A-4D8E-BC84-221FE8578182}.Debug|x64.ActiveCfg = Debug|x64
		{D6B6A998-DA1A-4D8E-BC84-221FE8578182}.Debug|x64.Build.0 = Debug|x64
		{D6B6A998-DA1A-4D8E-BC84-221FE8578182}.Debug|x86.ActiveCfg = Debug|Win32
		{D6B6A998-DA1A-4D8E-BC84-221FE8578182}.Debug|x86.Build.0 = Debug|Win32
		{D6B6A998-DA1A-4D8E-BC84-221FE8578182}.Release|x64.ActiveCfg = Release|x64
		{D6B6A998-DA1A-4D8E-BC84-221FE8578182}.Release|x64.Build.0 = Release|x64
		{D6B6A998-DA1A-4D8E-BC84-221FE8578182}.Release|x86.ActiveCfg = Release|Win32
		{D6B6A998-DA1A-4D8E-BC84-221FE8578182}.Release|x86.Build.0 = Release|Win32
	EndGlobalSection
	GlobalSection(SolutionProperties) = preSolution
		HideSolutionNode = FALSE
	EndGlobalSection
	GlobalSection(NestedProjects) = preSolution
		{DC506AE5-1877-40D4-9002-F2BC497F1545} = {4FE54FDF-0BD4-4643-B305-515971355CA1}
		{BACE82AF-F1A6-41D2-82FB-2F219588411D} = {4FE54FDF-0BD4-4643-B305-515971355CA1}
		{01FD11BD-0C9E-4460-BC17-2F37AE9BC8F9} = {2AEBBBB1-ACFB-49EA-B126-72C6C9CEDB60}
		{EBE922AB-F77F-43FB-906A-18DA8B14EDCC} = {2AEBBBB1-ACFB-49EA-B126-72C6C9CEDB60}
		{ED6EBDEB-F4C3-4AD9-B386-DAEBC00C9810} = {2AEBBBB1-ACFB-49EA-B126-72C6C9CEDB60}
		{950C1F25-D719-4BA2-9BC3-B9C1570E9F09} = {59078C31-9B73-4B78-B05A-6E28816FEF2B}
		{DA444EF7-9782-438C-AE6B-6B6AD7A733FD} = {59078C31-9B73-4B78-B05A-6E28816FEF2B}
		{59078C31-9B73-4B78-B05A-6E28816FEF2B} = {198E4D80-FAF3-410C-B2ED-140682355F50}
		{6AFF9787-01F5-4F37-ABB1-14EBF40CF608} = {59078C31-9B73-4B78-B05A-6E28816FEF2B}
		{E303E535-497A-4BF4-9E4A-B307A132B6F6} = {59078C31-9B73-4B78-B05A-6E28816FEF2B}
		{1C178E3B-8865-40D2-B400-84B17C79CF91} = {59078C31-9B73-4B78-B05A-6E28816FEF2B}
		{EEE51D3F-0524-4D36-9457-B6B9E285044C} = {B1003FFF-E6BD-43BD-847C-09F45F98C21B}
		{2FF30C97-3C17-4873-95B8-2FD5C20B6191} = {B1003FFF-E6BD-43BD-847C-09F45F98C21B}
		{2AEBBBB1-ACFB-49EA-B126-72C6C9CEDB60} = {198E4D80-FAF3-410C-B2ED-140682355F50}
		{BFAC8DA4-32C8-42BB-AFE8-D2932AFA5A55} = {198E4D80-FAF3-410C-B2ED-140682355F50}
		{B1003FFF-E6BD-43BD-847C-09F45F98C21B} = {BFAC8DA4-32C8-42BB-AFE8-D2932AFA5A55}
		{F93235FA-9F67-4F6E-AC3D-9F0E244CA0E2} = {B1003FFF-E6BD-43BD-847C-09F45F98C21B}
		{71E43F69-BF20-486C-9DCC-F3DA5971A7A8} = {BFAC8DA4-32C8-42BB-AFE8-D2932AFA5A55}
		{C262CBEC-B41A-4F4D-B4BC-08B7CBD42B1D} = {71E43F69-BF20-486C-9DCC-F3DA5971A7A8}
		{E1547396-729E-484D-9997-E34042CFF5BC} = {71E43F69-BF20-486C-9DCC-F3DA5971A7A8}
		{E390F692-A2D5-42B5-A2C8-CA60447331A2} = {71E43F69-BF20-486C-9DCC-F3DA5971A7A8}
		{D6B6A998-DA1A-4D8E-BC84-221FE8578182} = {71E43F69-BF20-486C-9DCC-F3DA5971A7A8}
	EndGlobalSection
	GlobalSection(ExtensibilityGlobals) = postSolution
		SolutionGuid = {A3BBF0E1-2A93-4AE9-8140-46A77DAC79E2}
	EndGlobalSection
EndGlobal
