
Microsoft Visual Studio Solution File, Format Version 12.00
# Visual Studio Version 17
VisualStudioVersion = 17.2.32630.192
MinimumVisualStudioVersion = 10.0.40219.1
Project("{2150E333-8FDC-42A3-9474-1A3956D46DE8}") = "C_Lang", "C_Lang", "{4FE54FDF-0BD4-4643-B305-515971355CA1}"
EndProject
Project("{2150E333-8FDC-42A3-9474-1A3956D46DE8}") = "CPP", "CPP", "{198E4D80-FAF3-410C-B2ED-140682355F50}"
EndProject
Project("{8BC9CEB8-8B4A-11D0-8D11-00A0C91BC942}") = "HanoiTower", "HanoiTower\HanoiTower.vcxproj", "{DC506AE5-1877-40D4-9002-F2BC497F1545}"
EndProject
Project("{8BC9CEB8-8B4A-11D0-8D11-00A0C91BC942}") = "MagicSquare", "MagicSquare\MagicSquare.vcxproj", "{BACE82AF-F1A6-41D2-82FB-2F219588411D}"
EndProject
Project("{8BC9CEB8-8B4A-11D0-8D11-00A0C91BC942}") = "StudentMgr", "StudentMgr\StudentMgr.vcxproj", "{01FD11BD-0C9E-4460-BC17-2F37AE9BC8F9}"
EndProject
Project("{8BC9CEB8-8B4A-11D0-8D11-00A0C91BC942}") = "Tree", "Tree\Tree.vcxproj", "{EBE922AB-F77F-43FB-906A-18DA8B14EDCC}"
EndProject
Project("{8BC9CEB8-8B4A-11D0-8D11-00A0C91BC942}") = "Tree_1", "Tree_1\Tree_1.vcxproj", "{ED6EBDEB-F4C3-4AD9-B386-DAEBC00C9810}"
EndProject
Project("{8BC9CEB8-8B4A-11D0-8D11-00A0C91BC942}") = "QuadTree", "QuadTree\QuadTree.vcxproj", "{950C1F25-D719-4BA2-9BC3-B9C1570E9F09}"
EndProject
Project("{8BC9CEB8-8B4A-11D0-8D11-00A0C91BC942}") = "Octree", "Octree\Octree.vcxproj", "{DA444EF7-9782-438C-AE6B-6B6AD7A733FD}"
EndProject
Project("{2150E333-8FDC-42A3-9474-1A3956D46DE8}") = "0_SpaceDivision", "0_SpaceDivision", "{59078C31-9B73-4B78-B05A-6E28816FEF2B}"
EndProject
Project("{8BC9CEB8-8B4A-11D0-8D11-00A0C91BC942}") = "QuadTree_1", "QuadTree_1\QuadTree_1.vcxproj", "{6AFF9787-01F5-4F37-ABB1-14EBF40CF608}"
EndProject
Project("{8BC9CEB8-8B4A-11D0-8D11-00A0C91BC942}") = "Octree_1", "Octree_1\Octree_1.vcxproj", "{E303E535-497A-4BF4-9E4A-B307A132B6F6}"
EndProject
Project("{8BC9CEB8-8B4A-11D0-8D11-00A0C91BC942}") = "Octree_2", "Octree_2\Octree_2.vcxproj", "{1C178E3B-8865-40D2-B400-84B17C79CF91}"
EndProject
Project("{8BC9CEB8-8B4A-11D0-8D11-00A0C91BC942}") = "WindowStudy_0", "WindowStudy_0\WindowStudy_0.vcxproj", "{EEE51D3F-0524-4D36-9457-B6B9E285044C}"
EndProject
Project("{8BC9CEB8-8B4A-11D0-8D11-00A0C91BC942}") = "WindowStudy_1", "WindowStudy_1\WindowStudy_1.vcxproj", "{2FF30C97-3C17-4873-95B8-2FD5C20B6191}"
EndProject
Project("{2150E333-8FDC-42A3-9474-1A3956D46DE8}") = "0_DataStruct", "0_DataStruct", "{2AEBBBB1-ACFB-49EA-B126-72C6C9CEDB60}"
EndProject
Project("{2150E333-8FDC-42A3-9474-1A3956D46DE8}") = "2_GraphicsTraining", "2_GraphicsTraining", "{BFAC8DA4-32C8-42BB-AFE8-D2932AFA5A55}"
EndProject
Project("{2150E333-8FDC-42A3-9474-1A3956D46DE8}") = "0_WinAPI", "0_WinAPI", "{B1003FFF-E6BD-43BD-847C-09F45F98C21B}"
EndProject
Project("{8BC9CEB8-8B4A-11D0-8D11-00A0C91BC942}") = "WindowStudy_2", "WindowStudy_2\WindowStudy_2.vcxproj", "{F93235FA-9F67-4F6E-AC3D-9F0E244CA0E2}"
EndProject
Project("{2150E333-8FDC-42A3-9474-1A3956D46DE8}") = "1_DirectX", "1_DirectX", "{71E43F69-BF20-486C-9DCC-F3DA5971A7A8}"
EndProject
Project("{8BC9CEB8-8B4A-11D0-8D11-00A0C91BC942}") = "DirectX_0", "DirectX_0\DirectX_0.vcxproj", "{C262CBEC-B41A-4F4D-B4BC-08B7CBD42B1D}"
EndProject
Project("{8BC9CEB8-8B4A-11D0-8D11-00A0C91BC942}") = "DirectX_1", "DirectX_1\DirectX_1.vcxproj", "{E1547396-729E-484D-9997-E34042CFF5BC}"
EndProject
Project("{8BC9CEB8-8B4A-11D0-8D11-00A0C91BC942}") = "CreateTriangle_0", "CreateTriangle_0\CreateTriangle_0.vcxproj", "{E390F692-A2D5-42B5-A2C8-CA60447331A2}"
EndProject
Project("{8BC9CEB8-8B4A-11D0-8D11-00A0C91BC942}") = "DrawOctree", "DrawOctree\DrawOctree.vcxproj", "{D6B6A998-DA1A-4D8E-BC84-221FE8578182}"
EndProject
Project("{8BC9CEB8-8B4A-11D0-8D11-00A0C91BC942}") = "DirectXTK_Desktop_2019", "DirectXTK-main\DirectXTK_Desktop_2019.vcxproj", "{E0B52AE7-E160-4D32-BF3F-910B785E5A8E}"
EndProject
Project("{8BC9CEB8-8B4A-11D0-8D11-00A0C91BC942}") = "CreateTexture", "CreateTexture\CreateTexture.vcxproj", "{B049C4C4-9B09-4E93-9594-B9C4B82694DE}"
EndProject
Project("{2150E333-8FDC-42A3-9474-1A3956D46DE8}") = "Toolkit", "Toolkit", "{333ADFFA-9884-425C-BFB4-7647A7F21651}"
EndProject
Project("{8BC9CEB8-8B4A-11D0-8D11-00A0C91BC942}") = "CreateTexture_1", "CreateTexture_1\CreateTexture_1.vcxproj", "{065AC6D0-9FC4-4249-A730-AF2B5390998B}"
EndProject
Project("{2150E333-8FDC-42A3-9474-1A3956D46DE8}") = "2_Shader", "2_Shader", "{7C88A8F0-EE84-4051-ADA5-0127D77CD67E}"
EndProject
Project("{8BC9CEB8-8B4A-11D0-8D11-00A0C91BC942}") = "CreateTexture_2", "CreateTexture_2\CreateTexture_2.vcxproj", "{DEE0CC36-5718-4940-B4C3-F1A88B4C5CDD}"
EndProject
Project("{8BC9CEB8-8B4A-11D0-8D11-00A0C91BC942}") = "GameCoreSample_0", "GameCoreSample_0\GameCoreSample_0.vcxproj", "{13EA1FF5-9480-457A-A6D8-48726C8362CE}"
EndProject
Project("{8BC9CEB8-8B4A-11D0-8D11-00A0C91BC942}") = "GameCoreSample_1", "GameCoreSample_1\GameCoreSample_1.vcxproj", "{8B645685-3C57-4D05-8DDE-2E0E1F766399}"
EndProject
Project("{8BC9CEB8-8B4A-11D0-8D11-00A0C91BC942}") = "GameCoreSample_2", "GameCoreSample_2\GameCoreSample_2.vcxproj", "{C08B133C-7A03-4DEF-B85E-F150F436F2A4}"
EndProject
Project("{2150E333-8FDC-42A3-9474-1A3956D46DE8}") = "1_Core", "1_Core", "{64DA19A4-8BBF-4AFB-8298-21B957FC8F7A}"
EndProject
Project("{2150E333-8FDC-42A3-9474-1A3956D46DE8}") = "0_Basic", "0_Basic", "{20B4A19C-7BE7-486A-A742-5F0B806D5141}"
EndProject
Project("{2150E333-8FDC-42A3-9474-1A3956D46DE8}") = "3_Texture", "3_Texture", "{962E6492-7095-4380-89E2-04FB3D519E0A}"
EndProject
Project("{2150E333-8FDC-42A3-9474-1A3956D46DE8}") = "4_Tree", "4_Tree", "{2CB1BE19-C298-4978-B0D7-0D0A2C5E97F0}"
EndProject
Project("{8BC9CEB8-8B4A-11D0-8D11-00A0C91BC942}") = "WanyCore", "WanyCore\WanyCore.vcxproj", "{DCBBFF00-FB32-44C8-93E3-5B71B5F68A18}"
EndProject
Project("{2150E333-8FDC-42A3-9474-1A3956D46DE8}") = "3_Library", "3_Library", "{DDEE7D2A-000E-44AF-88FE-A1800F9040F1}"
EndProject
Project("{8BC9CEB8-8B4A-11D0-8D11-00A0C91BC942}") = "WanyCoreTest_0", "WanyCoreTest_0\WanyCoreTest_0.vcxproj", "{3FF18C87-C8AC-4A6B-982A-F2ED5CC0EBB6}"
EndProject
Project("{2150E333-8FDC-42A3-9474-1A3956D46DE8}") = "1_TestCore", "1_TestCore", "{9F47A49F-976D-48FC-B89F-5B06CD034EFB}"
EndProject
Project("{2150E333-8FDC-42A3-9474-1A3956D46DE8}") = "0_Core", "0_Core", "{348D271A-400C-45FF-A7D0-9B064FE7AE8D}"
EndProject
Project("{8BC9CEB8-8B4A-11D0-8D11-00A0C91BC942}") = "CoreTestTemplate_0", "CoreTestTemplate_0\CoreTestTemplate_0.vcxproj", "{AFC0D990-251D-4B37-B463-F75914ACDFBA}"
EndProject
Project("{2150E333-8FDC-42A3-9474-1A3956D46DE8}") = "0_ProjectTemplate", "0_ProjectTemplate", "{781105B6-45E8-4625-922D-D4E74DE07452}"
EndProject
Project("{8BC9CEB8-8B4A-11D0-8D11-00A0C91BC942}") = "CoreTimerTest_0", "CoreTimerTest_0\CoreTimerTest_0.vcxproj", "{0A8A26A1-16B0-4327-A122-36E2DA146421}"
EndProject
Project("{8BC9CEB8-8B4A-11D0-8D11-00A0C91BC942}") = "CoreTimerTest_1", "CoreTimerTest_1\CoreTimerTest_1.vcxproj", "{9EEC6CC0-46EF-4345-8228-D577409D01B4}"
EndProject
Project("{2150E333-8FDC-42A3-9474-1A3956D46DE8}") = "3_Timer", "3_Timer", "{E68E2F65-7F84-43B9-9E39-B436D9AFECD3}"
EndProject
Project("{2150E333-8FDC-42A3-9474-1A3956D46DE8}") = "2_Input", "2_Input", "{AF43BEF3-4D3F-4C19-879E-79F2A9D0E104}"
EndProject
Project("{8BC9CEB8-8B4A-11D0-8D11-00A0C91BC942}") = "CoreInputTest_0", "CoreInputTest_0\CoreInputTest_0.vcxproj", "{FC91D3B0-122F-459C-92AB-83045900FCA7}"
EndProject
Project("{8BC9CEB8-8B4A-11D0-8D11-00A0C91BC942}") = "CoreInputTest_1", "CoreInputTest_1\CoreInputTest_1.vcxproj", "{8271BB85-C470-4708-ABFF-3C46E34281FD}"
EndProject
Project("{2150E333-8FDC-42A3-9474-1A3956D46DE8}") = "4_DXWriter", "4_DXWriter", "{BFA41BE7-AC7B-40E1-B98A-8D92A05E9F9F}"
EndProject
Project("{8BC9CEB8-8B4A-11D0-8D11-00A0C91BC942}") = "CoreWriterTest_0", "CoreWriterTest_0\CoreWriterTest_0.vcxproj", "{B4638F32-FFDE-401F-9B1D-F39C68B82185}"
EndProject
Project("{8BC9CEB8-8B4A-11D0-8D11-00A0C91BC942}") = "CoreWriterTest_1", "CoreWriterTest_1\CoreWriterTest_1.vcxproj", "{6F76FDD8-AA53-4AAC-A7AF-9A49C856CAED}"
EndProject
Project("{2150E333-8FDC-42A3-9474-1A3956D46DE8}") = "1_Core", "1_Core", "{F7456E38-9938-4883-B982-7D264C2ADAF2}"
EndProject
Project("{2150E333-8FDC-42A3-9474-1A3956D46DE8}") = "1_Algorithm", "1_Algorithm", "{EEE5A0BB-331A-4501-8E17-2BB6958B553D}"
EndProject
Project("{2150E333-8FDC-42A3-9474-1A3956D46DE8}") = "0_LinkedList", "0_LinkedList", "{ACD92B18-64C8-4788-8E54-2703490A712C}"
EndProject
Project("{2150E333-8FDC-42A3-9474-1A3956D46DE8}") = "1_Tree", "1_Tree", "{D4C7B1B9-A5B7-43E3-9C48-800D7DD5FEC1}"
EndProject
Project("{2150E333-8FDC-42A3-9474-1A3956D46DE8}") = "5_TextureManager", "5_TextureManager", "{9D0E33D7-C59B-4D69-8889-10EDFCEF7E6E}"
EndProject
Project("{8BC9CEB8-8B4A-11D0-8D11-00A0C91BC942}") = "CoreTextureMgrTest_0", "CoreTextureMgrTest_0\CoreTextureMgrTest_0.vcxproj", "{B8793FAF-79A1-4371-8C1A-ED8CA79F6336}"
EndProject
Project("{8BC9CEB8-8B4A-11D0-8D11-00A0C91BC942}") = "CoreTextureMgrTest_1", "CoreTextureMgrTest_1\CoreTextureMgrTest_1.vcxproj", "{9EBB4631-3B6C-4070-847D-F986A9D2BC1C}"
EndProject
Project("{2150E333-8FDC-42A3-9474-1A3956D46DE8}") = "6_ShaderManager", "6_ShaderManager", "{E6F7BEB9-6F52-4AEC-9295-3ED37F5BCF5C}"
EndProject
Project("{8BC9CEB8-8B4A-11D0-8D11-00A0C91BC942}") = "CoreShaderMgrTest_0", "CoreShaderMgrTest_0\CoreShaderMgrTest_0.vcxproj", "{67619018-6044-404C-88DA-7E2570016F4E}"
EndProject
Project("{8BC9CEB8-8B4A-11D0-8D11-00A0C91BC942}") = "CoreShaderMgrTest_1", "CoreShaderMgrTest_1\CoreShaderMgrTest_1.vcxproj", "{365FAFE0-43AB-4BE7-8EBE-CA2E45B7C04A}"
EndProject
Project("{2150E333-8FDC-42A3-9474-1A3956D46DE8}") = "7_Object", "7_Object", "{57611DFE-7034-4C9D-A734-0B0F9E4600DB}"
EndProject
Project("{8BC9CEB8-8B4A-11D0-8D11-00A0C91BC942}") = "CoreObjectTest_0", "CoreObjectTest_0\CoreObjectTest_0.vcxproj", "{D94C9517-169B-4DC4-B9AC-8EF917C46D1A}"
EndProject
Project("{8BC9CEB8-8B4A-11D0-8D11-00A0C91BC942}") = "CoreObjectTest_1", "CoreObjectTest_1\CoreObjectTest_1.vcxproj", "{AEA86FA1-44EB-41C5-AC85-A2F8393F97D2}"
EndProject
Project("{2150E333-8FDC-42A3-9474-1A3956D46DE8}") = "8_SpaceDivision", "8_SpaceDivision", "{15BBA776-8FB1-4E2E-9D1F-58C96D77F550}"
EndProject
Project("{8BC9CEB8-8B4A-11D0-8D11-00A0C91BC942}") = "CoreSpaceDivisionTest_0", "CoreSpaceDivisionTest_0\CoreSpaceDivisionTest_0.vcxproj", "{8589434F-AADF-4DCE-815E-E6700CBA17BE}"
EndProject
Project("{8BC9CEB8-8B4A-11D0-8D11-00A0C91BC942}") = "CoreSpaceDivisionTest_1", "CoreSpaceDivisionTest_1\CoreSpaceDivisionTest_1.vcxproj", "{A894C9F2-2452-4412-935F-CBDAD63E7090}"
EndProject
Project("{2150E333-8FDC-42A3-9474-1A3956D46DE8}") = "9_Sprite", "9_Sprite", "{681929A4-BAF7-4828-8970-B1ED1E79719E}"
EndProject
Project("{8BC9CEB8-8B4A-11D0-8D11-00A0C91BC942}") = "CoreSpriteTest_0", "CoreSpriteTest_0\CoreSpriteTest_0.vcxproj", "{23CB8C91-1A4A-468C-A610-5E1B29C2F5F8}"
EndProject
Project("{8BC9CEB8-8B4A-11D0-8D11-00A0C91BC942}") = "CoreStateMachineTest_0", "CoreStateMachineTest_0\CoreStateMachineTest_0.vcxproj", "{0DEA1B9B-F14D-41C0-9620-DA61D305EA38}"
EndProject
Project("{8BC9CEB8-8B4A-11D0-8D11-00A0C91BC942}") = "CoreStateMachineTest_1", "CoreStateMachineTest_1\CoreStateMachineTest_1.vcxproj", "{608288CA-A600-4E83-AC1B-22BCAAE606E5}"
EndProject
Project("{2150E333-8FDC-42A3-9474-1A3956D46DE8}") = "2_TestGame", "2_TestGame", "{0EDC5770-BB13-451B-9DA9-E1344327E6C3}"
EndProject
Project("{2150E333-8FDC-42A3-9474-1A3956D46DE8}") = "0_StateMachine", "0_StateMachine", "{8966021D-01B3-4ED8-8280-2FAA7700F3D8}"
EndProject
Project("{8BC9CEB8-8B4A-11D0-8D11-00A0C91BC942}") = "CoreSoundTest_0", "CoreSoundTest_0\CoreSoundTest_0.vcxproj", "{03F2764E-DB75-41BB-87E8-8B9B5312AC3C}"
EndProject
Project("{2150E333-8FDC-42A3-9474-1A3956D46DE8}") = "1_Sound", "1_Sound", "{03AC8E61-34E2-493E-A43D-EC2FE6143609}"
EndProject
Project("{8BC9CEB8-8B4A-11D0-8D11-00A0C91BC942}") = "CoreSoundTest_1", "CoreSoundTest_1\CoreSoundTest_1.vcxproj", "{056E1512-C191-46DD-BA2C-AE38B7943354}"
EndProject
Project("{2150E333-8FDC-42A3-9474-1A3956D46DE8}") = "2_BorderManager", "2_BorderManager", "{31AF1EC4-00AD-4EC8-88E7-025EEF388F5F}"
EndProject
Project("{8BC9CEB8-8B4A-11D0-8D11-00A0C91BC942}") = "CoreBorderTest_0", "CoreBorderTest_0\CoreBorderTest_0.vcxproj", "{A266EF96-84EE-41A6-8EF3-B4D359863BD3}"
EndProject
Project("{8BC9CEB8-8B4A-11D0-8D11-00A0C91BC942}") = "CoreBorderTest_1", "CoreBorderTest_1\CoreBorderTest_1.vcxproj", "{D1AB43B6-4EFB-4C67-A192-3BB6706A01FA}"
EndProject
Project("{2150E333-8FDC-42A3-9474-1A3956D46DE8}") = "3_Scene", "3_Scene", "{7EA86DEF-C5A7-4D19-8EEA-167232F77360}"
EndProject
Project("{8BC9CEB8-8B4A-11D0-8D11-00A0C91BC942}") = "CoreSceneTest_0", "CoreSceneTest_0\CoreSceneTest_0.vcxproj", "{DFC8019A-B4F4-41FC-A903-8696B4F7CEE0}"
EndProject
Project("{2150E333-8FDC-42A3-9474-1A3956D46DE8}") = "4_Camera", "4_Camera", "{C08B28E5-16B2-4AB8-A84E-4059CD434B71}"
EndProject
Project("{8BC9CEB8-8B4A-11D0-8D11-00A0C91BC942}") = "CoreCameraTest_0", "CoreCameraTest_0\CoreCameraTest_0.vcxproj", "{1E12EF7D-1277-4F0D-9531-5C9D9B6C7762}"
EndProject
Project("{8BC9CEB8-8B4A-11D0-8D11-00A0C91BC942}") = "CoreSceneTest_1", "CoreSceneTest_1\CoreSceneTest_1.vcxproj", "{6EB36660-8F5A-4F14-8BA9-76FEE55434E3}"
EndProject
Project("{8BC9CEB8-8B4A-11D0-8D11-00A0C91BC942}") = "CoreSceneTest_2", "CoreSceneTest_2\CoreSceneTest_2.vcxproj", "{8008F19A-1279-44B0-9E41-0C8016E54361}"
EndProject
Project("{8BC9CEB8-8B4A-11D0-8D11-00A0C91BC942}") = "MapleStoryTest_0", "MapleStoryTest_0\MapleStoryTest_0.vcxproj", "{BA282765-6208-44F4-ADAC-A78991AD45B1}"
EndProject
Project("{8BC9CEB8-8B4A-11D0-8D11-00A0C91BC942}") = "MapleStoryTest_1", "MapleStoryTest_1\MapleStoryTest_1.vcxproj", "{B5F78A20-FD2C-4095-B8F5-9FD583D3FE8F}"
EndProject
Project("{8BC9CEB8-8B4A-11D0-8D11-00A0C91BC942}") = "MapleStoryTest_2", "MapleStoryTest_2\MapleStoryTest_2.vcxproj", "{7B14EB59-EC26-4A8A-880D-F5431BBF59ED}"
EndProject
Project("{8BC9CEB8-8B4A-11D0-8D11-00A0C91BC942}") = "MapleStoryTest_3", "MapleStoryTest_3\MapleStoryTest_3.vcxproj", "{E5779247-DD16-4E88-9DE4-1E040B2C19EE}"
EndProject
Project("{8BC9CEB8-8B4A-11D0-8D11-00A0C91BC942}") = "MapleStoryTest_4", "MapleStoryTest_4\MapleStoryTest_4.vcxproj", "{22D9A2E6-E3F3-4A70-8EA9-2EB68466BDE1}"
EndProject
Project("{8BC9CEB8-8B4A-11D0-8D11-00A0C91BC942}") = "MapleStoryTest_5", "MapleStoryTest_5\MapleStoryTest_5.vcxproj", "{F42697D1-B861-41E2-8172-F935B010A31C}"
EndProject
Global
	GlobalSection(SolutionConfigurationPlatforms) = preSolution
		Debug|ARM = Debug|ARM
		Debug|ARM64 = Debug|ARM64
		Debug|x64 = Debug|x64
		Debug|x86 = Debug|x86
		Release|ARM = Release|ARM
		Release|ARM64 = Release|ARM64
		Release|x64 = Release|x64
		Release|x86 = Release|x86
	EndGlobalSection
	GlobalSection(ProjectConfigurationPlatforms) = postSolution
		{DC506AE5-1877-40D4-9002-F2BC497F1545}.Debug|ARM.ActiveCfg = Debug|Win32
		{DC506AE5-1877-40D4-9002-F2BC497F1545}.Debug|ARM64.ActiveCfg = Debug|Win32
		{DC506AE5-1877-40D4-9002-F2BC497F1545}.Debug|x64.ActiveCfg = Debug|x64
		{DC506AE5-1877-40D4-9002-F2BC497F1545}.Debug|x64.Build.0 = Debug|x64
		{DC506AE5-1877-40D4-9002-F2BC497F1545}.Debug|x86.ActiveCfg = Debug|Win32
		{DC506AE5-1877-40D4-9002-F2BC497F1545}.Debug|x86.Build.0 = Debug|Win32
		{DC506AE5-1877-40D4-9002-F2BC497F1545}.Release|ARM.ActiveCfg = Release|Win32
		{DC506AE5-1877-40D4-9002-F2BC497F1545}.Release|ARM64.ActiveCfg = Release|Win32
		{DC506AE5-1877-40D4-9002-F2BC497F1545}.Release|x64.ActiveCfg = Release|x64
		{DC506AE5-1877-40D4-9002-F2BC497F1545}.Release|x64.Build.0 = Release|x64
		{DC506AE5-1877-40D4-9002-F2BC497F1545}.Release|x86.ActiveCfg = Release|Win32
		{DC506AE5-1877-40D4-9002-F2BC497F1545}.Release|x86.Build.0 = Release|Win32
		{BACE82AF-F1A6-41D2-82FB-2F219588411D}.Debug|ARM.ActiveCfg = Debug|Win32
		{BACE82AF-F1A6-41D2-82FB-2F219588411D}.Debug|ARM64.ActiveCfg = Debug|Win32
		{BACE82AF-F1A6-41D2-82FB-2F219588411D}.Debug|x64.ActiveCfg = Debug|x64
		{BACE82AF-F1A6-41D2-82FB-2F219588411D}.Debug|x64.Build.0 = Debug|x64
		{BACE82AF-F1A6-41D2-82FB-2F219588411D}.Debug|x86.ActiveCfg = Debug|Win32
		{BACE82AF-F1A6-41D2-82FB-2F219588411D}.Debug|x86.Build.0 = Debug|Win32
		{BACE82AF-F1A6-41D2-82FB-2F219588411D}.Release|ARM.ActiveCfg = Release|Win32
		{BACE82AF-F1A6-41D2-82FB-2F219588411D}.Release|ARM64.ActiveCfg = Release|Win32
		{BACE82AF-F1A6-41D2-82FB-2F219588411D}.Release|x64.ActiveCfg = Release|x64
		{BACE82AF-F1A6-41D2-82FB-2F219588411D}.Release|x64.Build.0 = Release|x64
		{BACE82AF-F1A6-41D2-82FB-2F219588411D}.Release|x86.ActiveCfg = Release|Win32
		{BACE82AF-F1A6-41D2-82FB-2F219588411D}.Release|x86.Build.0 = Release|Win32
		{01FD11BD-0C9E-4460-BC17-2F37AE9BC8F9}.Debug|ARM.ActiveCfg = Debug|Win32
		{01FD11BD-0C9E-4460-BC17-2F37AE9BC8F9}.Debug|ARM64.ActiveCfg = Debug|Win32
		{01FD11BD-0C9E-4460-BC17-2F37AE9BC8F9}.Debug|x64.ActiveCfg = Debug|x64
		{01FD11BD-0C9E-4460-BC17-2F37AE9BC8F9}.Debug|x64.Build.0 = Debug|x64
		{01FD11BD-0C9E-4460-BC17-2F37AE9BC8F9}.Debug|x86.ActiveCfg = Debug|Win32
		{01FD11BD-0C9E-4460-BC17-2F37AE9BC8F9}.Debug|x86.Build.0 = Debug|Win32
		{01FD11BD-0C9E-4460-BC17-2F37AE9BC8F9}.Release|ARM.ActiveCfg = Release|Win32
		{01FD11BD-0C9E-4460-BC17-2F37AE9BC8F9}.Release|ARM64.ActiveCfg = Release|Win32
		{01FD11BD-0C9E-4460-BC17-2F37AE9BC8F9}.Release|x64.ActiveCfg = Release|x64
		{01FD11BD-0C9E-4460-BC17-2F37AE9BC8F9}.Release|x64.Build.0 = Release|x64
		{01FD11BD-0C9E-4460-BC17-2F37AE9BC8F9}.Release|x86.ActiveCfg = Release|Win32
		{01FD11BD-0C9E-4460-BC17-2F37AE9BC8F9}.Release|x86.Build.0 = Release|Win32
		{EBE922AB-F77F-43FB-906A-18DA8B14EDCC}.Debug|ARM.ActiveCfg = Debug|Win32
		{EBE922AB-F77F-43FB-906A-18DA8B14EDCC}.Debug|ARM64.ActiveCfg = Debug|Win32
		{EBE922AB-F77F-43FB-906A-18DA8B14EDCC}.Debug|x64.ActiveCfg = Debug|x64
		{EBE922AB-F77F-43FB-906A-18DA8B14EDCC}.Debug|x64.Build.0 = Debug|x64
		{EBE922AB-F77F-43FB-906A-18DA8B14EDCC}.Debug|x86.ActiveCfg = Debug|Win32
		{EBE922AB-F77F-43FB-906A-18DA8B14EDCC}.Debug|x86.Build.0 = Debug|Win32
		{EBE922AB-F77F-43FB-906A-18DA8B14EDCC}.Release|ARM.ActiveCfg = Release|Win32
		{EBE922AB-F77F-43FB-906A-18DA8B14EDCC}.Release|ARM64.ActiveCfg = Release|Win32
		{EBE922AB-F77F-43FB-906A-18DA8B14EDCC}.Release|x64.ActiveCfg = Release|x64
		{EBE922AB-F77F-43FB-906A-18DA8B14EDCC}.Release|x64.Build.0 = Release|x64
		{EBE922AB-F77F-43FB-906A-18DA8B14EDCC}.Release|x86.ActiveCfg = Release|Win32
		{EBE922AB-F77F-43FB-906A-18DA8B14EDCC}.Release|x86.Build.0 = Release|Win32
		{ED6EBDEB-F4C3-4AD9-B386-DAEBC00C9810}.Debug|ARM.ActiveCfg = Debug|Win32
		{ED6EBDEB-F4C3-4AD9-B386-DAEBC00C9810}.Debug|ARM64.ActiveCfg = Debug|Win32
		{ED6EBDEB-F4C3-4AD9-B386-DAEBC00C9810}.Debug|x64.ActiveCfg = Debug|x64
		{ED6EBDEB-F4C3-4AD9-B386-DAEBC00C9810}.Debug|x64.Build.0 = Debug|x64
		{ED6EBDEB-F4C3-4AD9-B386-DAEBC00C9810}.Debug|x86.ActiveCfg = Debug|Win32
		{ED6EBDEB-F4C3-4AD9-B386-DAEBC00C9810}.Debug|x86.Build.0 = Debug|Win32
		{ED6EBDEB-F4C3-4AD9-B386-DAEBC00C9810}.Release|ARM.ActiveCfg = Release|Win32
		{ED6EBDEB-F4C3-4AD9-B386-DAEBC00C9810}.Release|ARM64.ActiveCfg = Release|Win32
		{ED6EBDEB-F4C3-4AD9-B386-DAEBC00C9810}.Release|x64.ActiveCfg = Release|x64
		{ED6EBDEB-F4C3-4AD9-B386-DAEBC00C9810}.Release|x64.Build.0 = Release|x64
		{ED6EBDEB-F4C3-4AD9-B386-DAEBC00C9810}.Release|x86.ActiveCfg = Release|Win32
		{ED6EBDEB-F4C3-4AD9-B386-DAEBC00C9810}.Release|x86.Build.0 = Release|Win32
		{950C1F25-D719-4BA2-9BC3-B9C1570E9F09}.Debug|ARM.ActiveCfg = Debug|Win32
		{950C1F25-D719-4BA2-9BC3-B9C1570E9F09}.Debug|ARM64.ActiveCfg = Debug|Win32
		{950C1F25-D719-4BA2-9BC3-B9C1570E9F09}.Debug|x64.ActiveCfg = Debug|x64
		{950C1F25-D719-4BA2-9BC3-B9C1570E9F09}.Debug|x64.Build.0 = Debug|x64
		{950C1F25-D719-4BA2-9BC3-B9C1570E9F09}.Debug|x86.ActiveCfg = Debug|Win32
		{950C1F25-D719-4BA2-9BC3-B9C1570E9F09}.Debug|x86.Build.0 = Debug|Win32
		{950C1F25-D719-4BA2-9BC3-B9C1570E9F09}.Release|ARM.ActiveCfg = Release|Win32
		{950C1F25-D719-4BA2-9BC3-B9C1570E9F09}.Release|ARM64.ActiveCfg = Release|Win32
		{950C1F25-D719-4BA2-9BC3-B9C1570E9F09}.Release|x64.ActiveCfg = Release|x64
		{950C1F25-D719-4BA2-9BC3-B9C1570E9F09}.Release|x64.Build.0 = Release|x64
		{950C1F25-D719-4BA2-9BC3-B9C1570E9F09}.Release|x86.ActiveCfg = Release|Win32
		{950C1F25-D719-4BA2-9BC3-B9C1570E9F09}.Release|x86.Build.0 = Release|Win32
		{DA444EF7-9782-438C-AE6B-6B6AD7A733FD}.Debug|ARM.ActiveCfg = Debug|Win32
		{DA444EF7-9782-438C-AE6B-6B6AD7A733FD}.Debug|ARM64.ActiveCfg = Debug|Win32
		{DA444EF7-9782-438C-AE6B-6B6AD7A733FD}.Debug|x64.ActiveCfg = Debug|x64
		{DA444EF7-9782-438C-AE6B-6B6AD7A733FD}.Debug|x64.Build.0 = Debug|x64
		{DA444EF7-9782-438C-AE6B-6B6AD7A733FD}.Debug|x86.ActiveCfg = Debug|Win32
		{DA444EF7-9782-438C-AE6B-6B6AD7A733FD}.Debug|x86.Build.0 = Debug|Win32
		{DA444EF7-9782-438C-AE6B-6B6AD7A733FD}.Release|ARM.ActiveCfg = Release|Win32
		{DA444EF7-9782-438C-AE6B-6B6AD7A733FD}.Release|ARM64.ActiveCfg = Release|Win32
		{DA444EF7-9782-438C-AE6B-6B6AD7A733FD}.Release|x64.ActiveCfg = Release|x64
		{DA444EF7-9782-438C-AE6B-6B6AD7A733FD}.Release|x64.Build.0 = Release|x64
		{DA444EF7-9782-438C-AE6B-6B6AD7A733FD}.Release|x86.ActiveCfg = Release|Win32
		{DA444EF7-9782-438C-AE6B-6B6AD7A733FD}.Release|x86.Build.0 = Release|Win32
		{6AFF9787-01F5-4F37-ABB1-14EBF40CF608}.Debug|ARM.ActiveCfg = Debug|Win32
		{6AFF9787-01F5-4F37-ABB1-14EBF40CF608}.Debug|ARM64.ActiveCfg = Debug|Win32
		{6AFF9787-01F5-4F37-ABB1-14EBF40CF608}.Debug|x64.ActiveCfg = Debug|x64
		{6AFF9787-01F5-4F37-ABB1-14EBF40CF608}.Debug|x64.Build.0 = Debug|x64
		{6AFF9787-01F5-4F37-ABB1-14EBF40CF608}.Debug|x86.ActiveCfg = Debug|Win32
		{6AFF9787-01F5-4F37-ABB1-14EBF40CF608}.Debug|x86.Build.0 = Debug|Win32
		{6AFF9787-01F5-4F37-ABB1-14EBF40CF608}.Release|ARM.ActiveCfg = Release|Win32
		{6AFF9787-01F5-4F37-ABB1-14EBF40CF608}.Release|ARM64.ActiveCfg = Release|Win32
		{6AFF9787-01F5-4F37-ABB1-14EBF40CF608}.Release|x64.ActiveCfg = Release|x64
		{6AFF9787-01F5-4F37-ABB1-14EBF40CF608}.Release|x64.Build.0 = Release|x64
		{6AFF9787-01F5-4F37-ABB1-14EBF40CF608}.Release|x86.ActiveCfg = Release|Win32
		{6AFF9787-01F5-4F37-ABB1-14EBF40CF608}.Release|x86.Build.0 = Release|Win32
		{E303E535-497A-4BF4-9E4A-B307A132B6F6}.Debug|ARM.ActiveCfg = Debug|Win32
		{E303E535-497A-4BF4-9E4A-B307A132B6F6}.Debug|ARM64.ActiveCfg = Debug|Win32
		{E303E535-497A-4BF4-9E4A-B307A132B6F6}.Debug|x64.ActiveCfg = Debug|x64
		{E303E535-497A-4BF4-9E4A-B307A132B6F6}.Debug|x64.Build.0 = Debug|x64
		{E303E535-497A-4BF4-9E4A-B307A132B6F6}.Debug|x86.ActiveCfg = Debug|Win32
		{E303E535-497A-4BF4-9E4A-B307A132B6F6}.Debug|x86.Build.0 = Debug|Win32
		{E303E535-497A-4BF4-9E4A-B307A132B6F6}.Release|ARM.ActiveCfg = Release|Win32
		{E303E535-497A-4BF4-9E4A-B307A132B6F6}.Release|ARM64.ActiveCfg = Release|Win32
		{E303E535-497A-4BF4-9E4A-B307A132B6F6}.Release|x64.ActiveCfg = Release|x64
		{E303E535-497A-4BF4-9E4A-B307A132B6F6}.Release|x64.Build.0 = Release|x64
		{E303E535-497A-4BF4-9E4A-B307A132B6F6}.Release|x86.ActiveCfg = Release|Win32
		{E303E535-497A-4BF4-9E4A-B307A132B6F6}.Release|x86.Build.0 = Release|Win32
		{1C178E3B-8865-40D2-B400-84B17C79CF91}.Debug|ARM.ActiveCfg = Debug|Win32
		{1C178E3B-8865-40D2-B400-84B17C79CF91}.Debug|ARM64.ActiveCfg = Debug|Win32
		{1C178E3B-8865-40D2-B400-84B17C79CF91}.Debug|x64.ActiveCfg = Debug|x64
		{1C178E3B-8865-40D2-B400-84B17C79CF91}.Debug|x64.Build.0 = Debug|x64
		{1C178E3B-8865-40D2-B400-84B17C79CF91}.Debug|x86.ActiveCfg = Debug|Win32
		{1C178E3B-8865-40D2-B400-84B17C79CF91}.Debug|x86.Build.0 = Debug|Win32
		{1C178E3B-8865-40D2-B400-84B17C79CF91}.Release|ARM.ActiveCfg = Release|Win32
		{1C178E3B-8865-40D2-B400-84B17C79CF91}.Release|ARM64.ActiveCfg = Release|Win32
		{1C178E3B-8865-40D2-B400-84B17C79CF91}.Release|x64.ActiveCfg = Release|x64
		{1C178E3B-8865-40D2-B400-84B17C79CF91}.Release|x64.Build.0 = Release|x64
		{1C178E3B-8865-40D2-B400-84B17C79CF91}.Release|x86.ActiveCfg = Release|Win32
		{1C178E3B-8865-40D2-B400-84B17C79CF91}.Release|x86.Build.0 = Release|Win32
		{EEE51D3F-0524-4D36-9457-B6B9E285044C}.Debug|ARM.ActiveCfg = Debug|Win32
		{EEE51D3F-0524-4D36-9457-B6B9E285044C}.Debug|ARM64.ActiveCfg = Debug|Win32
		{EEE51D3F-0524-4D36-9457-B6B9E285044C}.Debug|x64.ActiveCfg = Debug|x64
		{EEE51D3F-0524-4D36-9457-B6B9E285044C}.Debug|x64.Build.0 = Debug|x64
		{EEE51D3F-0524-4D36-9457-B6B9E285044C}.Debug|x86.ActiveCfg = Debug|Win32
		{EEE51D3F-0524-4D36-9457-B6B9E285044C}.Debug|x86.Build.0 = Debug|Win32
		{EEE51D3F-0524-4D36-9457-B6B9E285044C}.Release|ARM.ActiveCfg = Release|Win32
		{EEE51D3F-0524-4D36-9457-B6B9E285044C}.Release|ARM64.ActiveCfg = Release|Win32
		{EEE51D3F-0524-4D36-9457-B6B9E285044C}.Release|x64.ActiveCfg = Release|x64
		{EEE51D3F-0524-4D36-9457-B6B9E285044C}.Release|x64.Build.0 = Release|x64
		{EEE51D3F-0524-4D36-9457-B6B9E285044C}.Release|x86.ActiveCfg = Release|Win32
		{EEE51D3F-0524-4D36-9457-B6B9E285044C}.Release|x86.Build.0 = Release|Win32
		{2FF30C97-3C17-4873-95B8-2FD5C20B6191}.Debug|ARM.ActiveCfg = Debug|Win32
		{2FF30C97-3C17-4873-95B8-2FD5C20B6191}.Debug|ARM64.ActiveCfg = Debug|Win32
		{2FF30C97-3C17-4873-95B8-2FD5C20B6191}.Debug|x64.ActiveCfg = Debug|x64
		{2FF30C97-3C17-4873-95B8-2FD5C20B6191}.Debug|x64.Build.0 = Debug|x64
		{2FF30C97-3C17-4873-95B8-2FD5C20B6191}.Debug|x86.ActiveCfg = Debug|Win32
		{2FF30C97-3C17-4873-95B8-2FD5C20B6191}.Debug|x86.Build.0 = Debug|Win32
		{2FF30C97-3C17-4873-95B8-2FD5C20B6191}.Release|ARM.ActiveCfg = Release|Win32
		{2FF30C97-3C17-4873-95B8-2FD5C20B6191}.Release|ARM64.ActiveCfg = Release|Win32
		{2FF30C97-3C17-4873-95B8-2FD5C20B6191}.Release|x64.ActiveCfg = Release|x64
		{2FF30C97-3C17-4873-95B8-2FD5C20B6191}.Release|x64.Build.0 = Release|x64
		{2FF30C97-3C17-4873-95B8-2FD5C20B6191}.Release|x86.ActiveCfg = Release|Win32
		{2FF30C97-3C17-4873-95B8-2FD5C20B6191}.Release|x86.Build.0 = Release|Win32
		{F93235FA-9F67-4F6E-AC3D-9F0E244CA0E2}.Debug|ARM.ActiveCfg = Debug|Win32
		{F93235FA-9F67-4F6E-AC3D-9F0E244CA0E2}.Debug|ARM64.ActiveCfg = Debug|Win32
		{F93235FA-9F67-4F6E-AC3D-9F0E244CA0E2}.Debug|x64.ActiveCfg = Debug|x64
		{F93235FA-9F67-4F6E-AC3D-9F0E244CA0E2}.Debug|x64.Build.0 = Debug|x64
		{F93235FA-9F67-4F6E-AC3D-9F0E244CA0E2}.Debug|x86.ActiveCfg = Debug|Win32
		{F93235FA-9F67-4F6E-AC3D-9F0E244CA0E2}.Debug|x86.Build.0 = Debug|Win32
		{F93235FA-9F67-4F6E-AC3D-9F0E244CA0E2}.Release|ARM.ActiveCfg = Release|Win32
		{F93235FA-9F67-4F6E-AC3D-9F0E244CA0E2}.Release|ARM64.ActiveCfg = Release|Win32
		{F93235FA-9F67-4F6E-AC3D-9F0E244CA0E2}.Release|x64.ActiveCfg = Release|x64
		{F93235FA-9F67-4F6E-AC3D-9F0E244CA0E2}.Release|x64.Build.0 = Release|x64
		{F93235FA-9F67-4F6E-AC3D-9F0E244CA0E2}.Release|x86.ActiveCfg = Release|Win32
		{F93235FA-9F67-4F6E-AC3D-9F0E244CA0E2}.Release|x86.Build.0 = Release|Win32
		{C262CBEC-B41A-4F4D-B4BC-08B7CBD42B1D}.Debug|ARM.ActiveCfg = Debug|Win32
		{C262CBEC-B41A-4F4D-B4BC-08B7CBD42B1D}.Debug|ARM64.ActiveCfg = Debug|Win32
		{C262CBEC-B41A-4F4D-B4BC-08B7CBD42B1D}.Debug|x64.ActiveCfg = Debug|x64
		{C262CBEC-B41A-4F4D-B4BC-08B7CBD42B1D}.Debug|x64.Build.0 = Debug|x64
		{C262CBEC-B41A-4F4D-B4BC-08B7CBD42B1D}.Debug|x86.ActiveCfg = Debug|Win32
		{C262CBEC-B41A-4F4D-B4BC-08B7CBD42B1D}.Debug|x86.Build.0 = Debug|Win32
		{C262CBEC-B41A-4F4D-B4BC-08B7CBD42B1D}.Release|ARM.ActiveCfg = Release|Win32
		{C262CBEC-B41A-4F4D-B4BC-08B7CBD42B1D}.Release|ARM64.ActiveCfg = Release|Win32
		{C262CBEC-B41A-4F4D-B4BC-08B7CBD42B1D}.Release|x64.ActiveCfg = Release|x64
		{C262CBEC-B41A-4F4D-B4BC-08B7CBD42B1D}.Release|x64.Build.0 = Release|x64
		{C262CBEC-B41A-4F4D-B4BC-08B7CBD42B1D}.Release|x86.ActiveCfg = Release|Win32
		{C262CBEC-B41A-4F4D-B4BC-08B7CBD42B1D}.Release|x86.Build.0 = Release|Win32
		{E1547396-729E-484D-9997-E34042CFF5BC}.Debug|ARM.ActiveCfg = Debug|Win32
		{E1547396-729E-484D-9997-E34042CFF5BC}.Debug|ARM64.ActiveCfg = Debug|Win32
		{E1547396-729E-484D-9997-E34042CFF5BC}.Debug|x64.ActiveCfg = Debug|x64
		{E1547396-729E-484D-9997-E34042CFF5BC}.Debug|x64.Build.0 = Debug|x64
		{E1547396-729E-484D-9997-E34042CFF5BC}.Debug|x86.ActiveCfg = Debug|Win32
		{E1547396-729E-484D-9997-E34042CFF5BC}.Debug|x86.Build.0 = Debug|Win32
		{E1547396-729E-484D-9997-E34042CFF5BC}.Release|ARM.ActiveCfg = Release|Win32
		{E1547396-729E-484D-9997-E34042CFF5BC}.Release|ARM64.ActiveCfg = Release|Win32
		{E1547396-729E-484D-9997-E34042CFF5BC}.Release|x64.ActiveCfg = Release|x64
		{E1547396-729E-484D-9997-E34042CFF5BC}.Release|x64.Build.0 = Release|x64
		{E1547396-729E-484D-9997-E34042CFF5BC}.Release|x86.ActiveCfg = Release|Win32
		{E1547396-729E-484D-9997-E34042CFF5BC}.Release|x86.Build.0 = Release|Win32
		{E390F692-A2D5-42B5-A2C8-CA60447331A2}.Debug|ARM.ActiveCfg = Debug|Win32
		{E390F692-A2D5-42B5-A2C8-CA60447331A2}.Debug|ARM64.ActiveCfg = Debug|Win32
		{E390F692-A2D5-42B5-A2C8-CA60447331A2}.Debug|x64.ActiveCfg = Debug|x64
		{E390F692-A2D5-42B5-A2C8-CA60447331A2}.Debug|x64.Build.0 = Debug|x64
		{E390F692-A2D5-42B5-A2C8-CA60447331A2}.Debug|x86.ActiveCfg = Debug|Win32
		{E390F692-A2D5-42B5-A2C8-CA60447331A2}.Debug|x86.Build.0 = Debug|Win32
		{E390F692-A2D5-42B5-A2C8-CA60447331A2}.Release|ARM.ActiveCfg = Release|Win32
		{E390F692-A2D5-42B5-A2C8-CA60447331A2}.Release|ARM64.ActiveCfg = Release|Win32
		{E390F692-A2D5-42B5-A2C8-CA60447331A2}.Release|x64.ActiveCfg = Release|x64
		{E390F692-A2D5-42B5-A2C8-CA60447331A2}.Release|x64.Build.0 = Release|x64
		{E390F692-A2D5-42B5-A2C8-CA60447331A2}.Release|x86.ActiveCfg = Release|Win32
		{E390F692-A2D5-42B5-A2C8-CA60447331A2}.Release|x86.Build.0 = Release|Win32
		{D6B6A998-DA1A-4D8E-BC84-221FE8578182}.Debug|ARM.ActiveCfg = Debug|Win32
		{D6B6A998-DA1A-4D8E-BC84-221FE8578182}.Debug|ARM64.ActiveCfg = Debug|Win32
		{D6B6A998-DA1A-4D8E-BC84-221FE8578182}.Debug|x64.ActiveCfg = Debug|x64
		{D6B6A998-DA1A-4D8E-BC84-221FE8578182}.Debug|x64.Build.0 = Debug|x64
		{D6B6A998-DA1A-4D8E-BC84-221FE8578182}.Debug|x86.ActiveCfg = Debug|Win32
		{D6B6A998-DA1A-4D8E-BC84-221FE8578182}.Debug|x86.Build.0 = Debug|Win32
		{D6B6A998-DA1A-4D8E-BC84-221FE8578182}.Release|ARM.ActiveCfg = Release|Win32
		{D6B6A998-DA1A-4D8E-BC84-221FE8578182}.Release|ARM64.ActiveCfg = Release|Win32
		{D6B6A998-DA1A-4D8E-BC84-221FE8578182}.Release|x64.ActiveCfg = Release|x64
		{D6B6A998-DA1A-4D8E-BC84-221FE8578182}.Release|x64.Build.0 = Release|x64
		{D6B6A998-DA1A-4D8E-BC84-221FE8578182}.Release|x86.ActiveCfg = Release|Win32
		{D6B6A998-DA1A-4D8E-BC84-221FE8578182}.Release|x86.Build.0 = Release|Win32
		{E0B52AE7-E160-4D32-BF3F-910B785E5A8E}.Debug|ARM.ActiveCfg = Debug|Win32
		{E0B52AE7-E160-4D32-BF3F-910B785E5A8E}.Debug|ARM64.ActiveCfg = Debug|Win32
		{E0B52AE7-E160-4D32-BF3F-910B785E5A8E}.Debug|x64.ActiveCfg = Debug|x64
		{E0B52AE7-E160-4D32-BF3F-910B785E5A8E}.Debug|x64.Build.0 = Debug|x64
		{E0B52AE7-E160-4D32-BF3F-910B785E5A8E}.Debug|x86.ActiveCfg = Debug|Win32
		{E0B52AE7-E160-4D32-BF3F-910B785E5A8E}.Debug|x86.Build.0 = Debug|Win32
		{E0B52AE7-E160-4D32-BF3F-910B785E5A8E}.Release|ARM.ActiveCfg = Release|Win32
		{E0B52AE7-E160-4D32-BF3F-910B785E5A8E}.Release|ARM64.ActiveCfg = Release|Win32
		{E0B52AE7-E160-4D32-BF3F-910B785E5A8E}.Release|x64.ActiveCfg = Release|x64
		{E0B52AE7-E160-4D32-BF3F-910B785E5A8E}.Release|x64.Build.0 = Release|x64
		{E0B52AE7-E160-4D32-BF3F-910B785E5A8E}.Release|x86.ActiveCfg = Release|Win32
		{E0B52AE7-E160-4D32-BF3F-910B785E5A8E}.Release|x86.Build.0 = Release|Win32
		{B049C4C4-9B09-4E93-9594-B9C4B82694DE}.Debug|ARM.ActiveCfg = Debug|Win32
		{B049C4C4-9B09-4E93-9594-B9C4B82694DE}.Debug|ARM64.ActiveCfg = Debug|Win32
		{B049C4C4-9B09-4E93-9594-B9C4B82694DE}.Debug|x64.ActiveCfg = Debug|x64
		{B049C4C4-9B09-4E93-9594-B9C4B82694DE}.Debug|x64.Build.0 = Debug|x64
		{B049C4C4-9B09-4E93-9594-B9C4B82694DE}.Debug|x86.ActiveCfg = Debug|Win32
		{B049C4C4-9B09-4E93-9594-B9C4B82694DE}.Debug|x86.Build.0 = Debug|Win32
		{B049C4C4-9B09-4E93-9594-B9C4B82694DE}.Release|ARM.ActiveCfg = Release|Win32
		{B049C4C4-9B09-4E93-9594-B9C4B82694DE}.Release|ARM64.ActiveCfg = Release|Win32
		{B049C4C4-9B09-4E93-9594-B9C4B82694DE}.Release|x64.ActiveCfg = Release|x64
		{B049C4C4-9B09-4E93-9594-B9C4B82694DE}.Release|x64.Build.0 = Release|x64
		{B049C4C4-9B09-4E93-9594-B9C4B82694DE}.Release|x86.ActiveCfg = Release|Win32
		{B049C4C4-9B09-4E93-9594-B9C4B82694DE}.Release|x86.Build.0 = Release|Win32
		{065AC6D0-9FC4-4249-A730-AF2B5390998B}.Debug|ARM.ActiveCfg = Debug|Win32
		{065AC6D0-9FC4-4249-A730-AF2B5390998B}.Debug|ARM64.ActiveCfg = Debug|Win32
		{065AC6D0-9FC4-4249-A730-AF2B5390998B}.Debug|x64.ActiveCfg = Debug|x64
		{065AC6D0-9FC4-4249-A730-AF2B5390998B}.Debug|x64.Build.0 = Debug|x64
		{065AC6D0-9FC4-4249-A730-AF2B5390998B}.Debug|x86.ActiveCfg = Debug|Win32
		{065AC6D0-9FC4-4249-A730-AF2B5390998B}.Debug|x86.Build.0 = Debug|Win32
		{065AC6D0-9FC4-4249-A730-AF2B5390998B}.Release|ARM.ActiveCfg = Release|Win32
		{065AC6D0-9FC4-4249-A730-AF2B5390998B}.Release|ARM64.ActiveCfg = Release|Win32
		{065AC6D0-9FC4-4249-A730-AF2B5390998B}.Release|x64.ActiveCfg = Release|x64
		{065AC6D0-9FC4-4249-A730-AF2B5390998B}.Release|x64.Build.0 = Release|x64
		{065AC6D0-9FC4-4249-A730-AF2B5390998B}.Release|x86.ActiveCfg = Release|Win32
		{065AC6D0-9FC4-4249-A730-AF2B5390998B}.Release|x86.Build.0 = Release|Win32
		{DEE0CC36-5718-4940-B4C3-F1A88B4C5CDD}.Debug|ARM.ActiveCfg = Debug|x64
		{DEE0CC36-5718-4940-B4C3-F1A88B4C5CDD}.Debug|ARM.Build.0 = Debug|x64
		{DEE0CC36-5718-4940-B4C3-F1A88B4C5CDD}.Debug|ARM64.ActiveCfg = Debug|x64
		{DEE0CC36-5718-4940-B4C3-F1A88B4C5CDD}.Debug|ARM64.Build.0 = Debug|x64
		{DEE0CC36-5718-4940-B4C3-F1A88B4C5CDD}.Debug|x64.ActiveCfg = Debug|x64
		{DEE0CC36-5718-4940-B4C3-F1A88B4C5CDD}.Debug|x64.Build.0 = Debug|x64
		{DEE0CC36-5718-4940-B4C3-F1A88B4C5CDD}.Debug|x86.ActiveCfg = Debug|Win32
		{DEE0CC36-5718-4940-B4C3-F1A88B4C5CDD}.Debug|x86.Build.0 = Debug|Win32
		{DEE0CC36-5718-4940-B4C3-F1A88B4C5CDD}.Release|ARM.ActiveCfg = Release|x64
		{DEE0CC36-5718-4940-B4C3-F1A88B4C5CDD}.Release|ARM.Build.0 = Release|x64
		{DEE0CC36-5718-4940-B4C3-F1A88B4C5CDD}.Release|ARM64.ActiveCfg = Release|x64
		{DEE0CC36-5718-4940-B4C3-F1A88B4C5CDD}.Release|ARM64.Build.0 = Release|x64
		{DEE0CC36-5718-4940-B4C3-F1A88B4C5CDD}.Release|x64.ActiveCfg = Release|x64
		{DEE0CC36-5718-4940-B4C3-F1A88B4C5CDD}.Release|x64.Build.0 = Release|x64
		{DEE0CC36-5718-4940-B4C3-F1A88B4C5CDD}.Release|x86.ActiveCfg = Release|Win32
		{DEE0CC36-5718-4940-B4C3-F1A88B4C5CDD}.Release|x86.Build.0 = Release|Win32
		{13EA1FF5-9480-457A-A6D8-48726C8362CE}.Debug|ARM.ActiveCfg = Debug|Win32
		{13EA1FF5-9480-457A-A6D8-48726C8362CE}.Debug|ARM64.ActiveCfg = Debug|Win32
		{13EA1FF5-9480-457A-A6D8-48726C8362CE}.Debug|x64.ActiveCfg = Debug|x64
		{13EA1FF5-9480-457A-A6D8-48726C8362CE}.Debug|x64.Build.0 = Debug|x64
		{13EA1FF5-9480-457A-A6D8-48726C8362CE}.Debug|x86.ActiveCfg = Debug|Win32
		{13EA1FF5-9480-457A-A6D8-48726C8362CE}.Debug|x86.Build.0 = Debug|Win32
		{13EA1FF5-9480-457A-A6D8-48726C8362CE}.Release|ARM.ActiveCfg = Release|Win32
		{13EA1FF5-9480-457A-A6D8-48726C8362CE}.Release|ARM64.ActiveCfg = Release|Win32
		{13EA1FF5-9480-457A-A6D8-48726C8362CE}.Release|x64.ActiveCfg = Release|x64
		{13EA1FF5-9480-457A-A6D8-48726C8362CE}.Release|x64.Build.0 = Release|x64
		{13EA1FF5-9480-457A-A6D8-48726C8362CE}.Release|x86.ActiveCfg = Release|Win32
		{13EA1FF5-9480-457A-A6D8-48726C8362CE}.Release|x86.Build.0 = Release|Win32
		{8B645685-3C57-4D05-8DDE-2E0E1F766399}.Debug|ARM.ActiveCfg = Debug|Win32
		{8B645685-3C57-4D05-8DDE-2E0E1F766399}.Debug|ARM64.ActiveCfg = Debug|Win32
		{8B645685-3C57-4D05-8DDE-2E0E1F766399}.Debug|x64.ActiveCfg = Debug|x64
		{8B645685-3C57-4D05-8DDE-2E0E1F766399}.Debug|x64.Build.0 = Debug|x64
		{8B645685-3C57-4D05-8DDE-2E0E1F766399}.Debug|x86.ActiveCfg = Debug|Win32
		{8B645685-3C57-4D05-8DDE-2E0E1F766399}.Debug|x86.Build.0 = Debug|Win32
		{8B645685-3C57-4D05-8DDE-2E0E1F766399}.Release|ARM.ActiveCfg = Release|Win32
		{8B645685-3C57-4D05-8DDE-2E0E1F766399}.Release|ARM64.ActiveCfg = Release|Win32
		{8B645685-3C57-4D05-8DDE-2E0E1F766399}.Release|x64.ActiveCfg = Release|x64
		{8B645685-3C57-4D05-8DDE-2E0E1F766399}.Release|x64.Build.0 = Release|x64
		{8B645685-3C57-4D05-8DDE-2E0E1F766399}.Release|x86.ActiveCfg = Release|Win32
		{8B645685-3C57-4D05-8DDE-2E0E1F766399}.Release|x86.Build.0 = Release|Win32
		{C08B133C-7A03-4DEF-B85E-F150F436F2A4}.Debug|ARM.ActiveCfg = Debug|Win32
		{C08B133C-7A03-4DEF-B85E-F150F436F2A4}.Debug|ARM64.ActiveCfg = Debug|Win32
		{C08B133C-7A03-4DEF-B85E-F150F436F2A4}.Debug|x64.ActiveCfg = Debug|x64
		{C08B133C-7A03-4DEF-B85E-F150F436F2A4}.Debug|x64.Build.0 = Debug|x64
		{C08B133C-7A03-4DEF-B85E-F150F436F2A4}.Debug|x86.ActiveCfg = Debug|Win32
		{C08B133C-7A03-4DEF-B85E-F150F436F2A4}.Debug|x86.Build.0 = Debug|Win32
		{C08B133C-7A03-4DEF-B85E-F150F436F2A4}.Release|ARM.ActiveCfg = Release|Win32
		{C08B133C-7A03-4DEF-B85E-F150F436F2A4}.Release|ARM64.ActiveCfg = Release|Win32
		{C08B133C-7A03-4DEF-B85E-F150F436F2A4}.Release|x64.ActiveCfg = Release|x64
		{C08B133C-7A03-4DEF-B85E-F150F436F2A4}.Release|x64.Build.0 = Release|x64
		{C08B133C-7A03-4DEF-B85E-F150F436F2A4}.Release|x86.ActiveCfg = Release|Win32
		{C08B133C-7A03-4DEF-B85E-F150F436F2A4}.Release|x86.Build.0 = Release|Win32
		{DCBBFF00-FB32-44C8-93E3-5B71B5F68A18}.Debug|ARM.ActiveCfg = Debug|Win32
		{DCBBFF00-FB32-44C8-93E3-5B71B5F68A18}.Debug|ARM64.ActiveCfg = Debug|Win32
		{DCBBFF00-FB32-44C8-93E3-5B71B5F68A18}.Debug|x64.ActiveCfg = Debug|x64
		{DCBBFF00-FB32-44C8-93E3-5B71B5F68A18}.Debug|x64.Build.0 = Debug|x64
		{DCBBFF00-FB32-44C8-93E3-5B71B5F68A18}.Debug|x86.ActiveCfg = Debug|Win32
		{DCBBFF00-FB32-44C8-93E3-5B71B5F68A18}.Debug|x86.Build.0 = Debug|Win32
		{DCBBFF00-FB32-44C8-93E3-5B71B5F68A18}.Release|ARM.ActiveCfg = Release|Win32
		{DCBBFF00-FB32-44C8-93E3-5B71B5F68A18}.Release|ARM64.ActiveCfg = Release|Win32
		{DCBBFF00-FB32-44C8-93E3-5B71B5F68A18}.Release|x64.ActiveCfg = Release|x64
		{DCBBFF00-FB32-44C8-93E3-5B71B5F68A18}.Release|x64.Build.0 = Release|x64
		{DCBBFF00-FB32-44C8-93E3-5B71B5F68A18}.Release|x86.ActiveCfg = Release|Win32
		{DCBBFF00-FB32-44C8-93E3-5B71B5F68A18}.Release|x86.Build.0 = Release|Win32
		{3FF18C87-C8AC-4A6B-982A-F2ED5CC0EBB6}.Debug|ARM.ActiveCfg = Debug|Win32
		{3FF18C87-C8AC-4A6B-982A-F2ED5CC0EBB6}.Debug|ARM64.ActiveCfg = Debug|Win32
		{3FF18C87-C8AC-4A6B-982A-F2ED5CC0EBB6}.Debug|x64.ActiveCfg = Debug|x64
		{3FF18C87-C8AC-4A6B-982A-F2ED5CC0EBB6}.Debug|x64.Build.0 = Debug|x64
		{3FF18C87-C8AC-4A6B-982A-F2ED5CC0EBB6}.Debug|x86.ActiveCfg = Debug|Win32
		{3FF18C87-C8AC-4A6B-982A-F2ED5CC0EBB6}.Debug|x86.Build.0 = Debug|Win32
		{3FF18C87-C8AC-4A6B-982A-F2ED5CC0EBB6}.Release|ARM.ActiveCfg = Release|Win32
		{3FF18C87-C8AC-4A6B-982A-F2ED5CC0EBB6}.Release|ARM64.ActiveCfg = Release|Win32
		{3FF18C87-C8AC-4A6B-982A-F2ED5CC0EBB6}.Release|x64.ActiveCfg = Release|x64
		{3FF18C87-C8AC-4A6B-982A-F2ED5CC0EBB6}.Release|x64.Build.0 = Release|x64
		{3FF18C87-C8AC-4A6B-982A-F2ED5CC0EBB6}.Release|x86.ActiveCfg = Release|Win32
		{3FF18C87-C8AC-4A6B-982A-F2ED5CC0EBB6}.Release|x86.Build.0 = Release|Win32
		{AFC0D990-251D-4B37-B463-F75914ACDFBA}.Debug|ARM.ActiveCfg = Debug|Win32
		{AFC0D990-251D-4B37-B463-F75914ACDFBA}.Debug|ARM64.ActiveCfg = Debug|Win32
		{AFC0D990-251D-4B37-B463-F75914ACDFBA}.Debug|x64.ActiveCfg = Debug|x64
		{AFC0D990-251D-4B37-B463-F75914ACDFBA}.Debug|x64.Build.0 = Debug|x64
		{AFC0D990-251D-4B37-B463-F75914ACDFBA}.Debug|x86.ActiveCfg = Debug|Win32
		{AFC0D990-251D-4B37-B463-F75914ACDFBA}.Debug|x86.Build.0 = Debug|Win32
		{AFC0D990-251D-4B37-B463-F75914ACDFBA}.Release|ARM.ActiveCfg = Release|Win32
		{AFC0D990-251D-4B37-B463-F75914ACDFBA}.Release|ARM64.ActiveCfg = Release|Win32
		{AFC0D990-251D-4B37-B463-F75914ACDFBA}.Release|x64.ActiveCfg = Release|x64
		{AFC0D990-251D-4B37-B463-F75914ACDFBA}.Release|x64.Build.0 = Release|x64
		{AFC0D990-251D-4B37-B463-F75914ACDFBA}.Release|x86.ActiveCfg = Release|Win32
		{AFC0D990-251D-4B37-B463-F75914ACDFBA}.Release|x86.Build.0 = Release|Win32
		{0A8A26A1-16B0-4327-A122-36E2DA146421}.Debug|ARM.ActiveCfg = Debug|Win32
		{0A8A26A1-16B0-4327-A122-36E2DA146421}.Debug|ARM64.ActiveCfg = Debug|Win32
		{0A8A26A1-16B0-4327-A122-36E2DA146421}.Debug|x64.ActiveCfg = Debug|x64
		{0A8A26A1-16B0-4327-A122-36E2DA146421}.Debug|x64.Build.0 = Debug|x64
		{0A8A26A1-16B0-4327-A122-36E2DA146421}.Debug|x86.ActiveCfg = Debug|Win32
		{0A8A26A1-16B0-4327-A122-36E2DA146421}.Debug|x86.Build.0 = Debug|Win32
		{0A8A26A1-16B0-4327-A122-36E2DA146421}.Release|ARM.ActiveCfg = Release|Win32
		{0A8A26A1-16B0-4327-A122-36E2DA146421}.Release|ARM64.ActiveCfg = Release|Win32
		{0A8A26A1-16B0-4327-A122-36E2DA146421}.Release|x64.ActiveCfg = Release|x64
		{0A8A26A1-16B0-4327-A122-36E2DA146421}.Release|x64.Build.0 = Release|x64
		{0A8A26A1-16B0-4327-A122-36E2DA146421}.Release|x86.ActiveCfg = Release|Win32
		{0A8A26A1-16B0-4327-A122-36E2DA146421}.Release|x86.Build.0 = Release|Win32
		{9EEC6CC0-46EF-4345-8228-D577409D01B4}.Debug|ARM.ActiveCfg = Debug|Win32
		{9EEC6CC0-46EF-4345-8228-D577409D01B4}.Debug|ARM64.ActiveCfg = Debug|Win32
		{9EEC6CC0-46EF-4345-8228-D577409D01B4}.Debug|x64.ActiveCfg = Debug|x64
		{9EEC6CC0-46EF-4345-8228-D577409D01B4}.Debug|x64.Build.0 = Debug|x64
		{9EEC6CC0-46EF-4345-8228-D577409D01B4}.Debug|x86.ActiveCfg = Debug|Win32
		{9EEC6CC0-46EF-4345-8228-D577409D01B4}.Debug|x86.Build.0 = Debug|Win32
		{9EEC6CC0-46EF-4345-8228-D577409D01B4}.Release|ARM.ActiveCfg = Release|Win32
		{9EEC6CC0-46EF-4345-8228-D577409D01B4}.Release|ARM64.ActiveCfg = Release|Win32
		{9EEC6CC0-46EF-4345-8228-D577409D01B4}.Release|x64.ActiveCfg = Release|x64
		{9EEC6CC0-46EF-4345-8228-D577409D01B4}.Release|x64.Build.0 = Release|x64
		{9EEC6CC0-46EF-4345-8228-D577409D01B4}.Release|x86.ActiveCfg = Release|Win32
		{9EEC6CC0-46EF-4345-8228-D577409D01B4}.Release|x86.Build.0 = Release|Win32
		{FC91D3B0-122F-459C-92AB-83045900FCA7}.Debug|ARM.ActiveCfg = Debug|Win32
		{FC91D3B0-122F-459C-92AB-83045900FCA7}.Debug|ARM64.ActiveCfg = Debug|Win32
		{FC91D3B0-122F-459C-92AB-83045900FCA7}.Debug|x64.ActiveCfg = Debug|x64
		{FC91D3B0-122F-459C-92AB-83045900FCA7}.Debug|x64.Build.0 = Debug|x64
		{FC91D3B0-122F-459C-92AB-83045900FCA7}.Debug|x86.ActiveCfg = Debug|Win32
		{FC91D3B0-122F-459C-92AB-83045900FCA7}.Debug|x86.Build.0 = Debug|Win32
		{FC91D3B0-122F-459C-92AB-83045900FCA7}.Release|ARM.ActiveCfg = Release|Win32
		{FC91D3B0-122F-459C-92AB-83045900FCA7}.Release|ARM64.ActiveCfg = Release|Win32
		{FC91D3B0-122F-459C-92AB-83045900FCA7}.Release|x64.ActiveCfg = Release|x64
		{FC91D3B0-122F-459C-92AB-83045900FCA7}.Release|x64.Build.0 = Release|x64
		{FC91D3B0-122F-459C-92AB-83045900FCA7}.Release|x86.ActiveCfg = Release|Win32
		{FC91D3B0-122F-459C-92AB-83045900FCA7}.Release|x86.Build.0 = Release|Win32
		{8271BB85-C470-4708-ABFF-3C46E34281FD}.Debug|ARM.ActiveCfg = Debug|Win32
		{8271BB85-C470-4708-ABFF-3C46E34281FD}.Debug|ARM64.ActiveCfg = Debug|Win32
		{8271BB85-C470-4708-ABFF-3C46E34281FD}.Debug|x64.ActiveCfg = Debug|x64
		{8271BB85-C470-4708-ABFF-3C46E34281FD}.Debug|x64.Build.0 = Debug|x64
		{8271BB85-C470-4708-ABFF-3C46E34281FD}.Debug|x86.ActiveCfg = Debug|Win32
		{8271BB85-C470-4708-ABFF-3C46E34281FD}.Debug|x86.Build.0 = Debug|Win32
		{8271BB85-C470-4708-ABFF-3C46E34281FD}.Release|ARM.ActiveCfg = Release|Win32
		{8271BB85-C470-4708-ABFF-3C46E34281FD}.Release|ARM64.ActiveCfg = Release|Win32
		{8271BB85-C470-4708-ABFF-3C46E34281FD}.Release|x64.ActiveCfg = Release|x64
		{8271BB85-C470-4708-ABFF-3C46E34281FD}.Release|x64.Build.0 = Release|x64
		{8271BB85-C470-4708-ABFF-3C46E34281FD}.Release|x86.ActiveCfg = Release|Win32
		{8271BB85-C470-4708-ABFF-3C46E34281FD}.Release|x86.Build.0 = Release|Win32
		{B4638F32-FFDE-401F-9B1D-F39C68B82185}.Debug|ARM.ActiveCfg = Debug|Win32
		{B4638F32-FFDE-401F-9B1D-F39C68B82185}.Debug|ARM64.ActiveCfg = Debug|Win32
		{B4638F32-FFDE-401F-9B1D-F39C68B82185}.Debug|x64.ActiveCfg = Debug|x64
		{B4638F32-FFDE-401F-9B1D-F39C68B82185}.Debug|x64.Build.0 = Debug|x64
		{B4638F32-FFDE-401F-9B1D-F39C68B82185}.Debug|x86.ActiveCfg = Debug|Win32
		{B4638F32-FFDE-401F-9B1D-F39C68B82185}.Debug|x86.Build.0 = Debug|Win32
		{B4638F32-FFDE-401F-9B1D-F39C68B82185}.Release|ARM.ActiveCfg = Release|Win32
		{B4638F32-FFDE-401F-9B1D-F39C68B82185}.Release|ARM64.ActiveCfg = Release|Win32
		{B4638F32-FFDE-401F-9B1D-F39C68B82185}.Release|x64.ActiveCfg = Release|x64
		{B4638F32-FFDE-401F-9B1D-F39C68B82185}.Release|x64.Build.0 = Release|x64
		{B4638F32-FFDE-401F-9B1D-F39C68B82185}.Release|x86.ActiveCfg = Release|Win32
		{B4638F32-FFDE-401F-9B1D-F39C68B82185}.Release|x86.Build.0 = Release|Win32
		{6F76FDD8-AA53-4AAC-A7AF-9A49C856CAED}.Debug|ARM.ActiveCfg = Debug|Win32
		{6F76FDD8-AA53-4AAC-A7AF-9A49C856CAED}.Debug|ARM64.ActiveCfg = Debug|Win32
		{6F76FDD8-AA53-4AAC-A7AF-9A49C856CAED}.Debug|x64.ActiveCfg = Debug|x64
		{6F76FDD8-AA53-4AAC-A7AF-9A49C856CAED}.Debug|x64.Build.0 = Debug|x64
		{6F76FDD8-AA53-4AAC-A7AF-9A49C856CAED}.Debug|x86.ActiveCfg = Debug|Win32
		{6F76FDD8-AA53-4AAC-A7AF-9A49C856CAED}.Debug|x86.Build.0 = Debug|Win32
		{6F76FDD8-AA53-4AAC-A7AF-9A49C856CAED}.Release|ARM.ActiveCfg = Release|Win32
		{6F76FDD8-AA53-4AAC-A7AF-9A49C856CAED}.Release|ARM64.ActiveCfg = Release|Win32
		{6F76FDD8-AA53-4AAC-A7AF-9A49C856CAED}.Release|x64.ActiveCfg = Release|x64
		{6F76FDD8-AA53-4AAC-A7AF-9A49C856CAED}.Release|x64.Build.0 = Release|x64
		{6F76FDD8-AA53-4AAC-A7AF-9A49C856CAED}.Release|x86.ActiveCfg = Release|Win32
		{6F76FDD8-AA53-4AAC-A7AF-9A49C856CAED}.Release|x86.Build.0 = Release|Win32
		{B8793FAF-79A1-4371-8C1A-ED8CA79F6336}.Debug|ARM.ActiveCfg = Debug|Win32
		{B8793FAF-79A1-4371-8C1A-ED8CA79F6336}.Debug|ARM64.ActiveCfg = Debug|Win32
		{B8793FAF-79A1-4371-8C1A-ED8CA79F6336}.Debug|x64.ActiveCfg = Debug|x64
		{B8793FAF-79A1-4371-8C1A-ED8CA79F6336}.Debug|x64.Build.0 = Debug|x64
		{B8793FAF-79A1-4371-8C1A-ED8CA79F6336}.Debug|x86.ActiveCfg = Debug|Win32
		{B8793FAF-79A1-4371-8C1A-ED8CA79F6336}.Debug|x86.Build.0 = Debug|Win32
		{B8793FAF-79A1-4371-8C1A-ED8CA79F6336}.Release|ARM.ActiveCfg = Release|Win32
		{B8793FAF-79A1-4371-8C1A-ED8CA79F6336}.Release|ARM64.ActiveCfg = Release|Win32
		{B8793FAF-79A1-4371-8C1A-ED8CA79F6336}.Release|x64.ActiveCfg = Release|x64
		{B8793FAF-79A1-4371-8C1A-ED8CA79F6336}.Release|x64.Build.0 = Release|x64
		{B8793FAF-79A1-4371-8C1A-ED8CA79F6336}.Release|x86.ActiveCfg = Release|Win32
		{B8793FAF-79A1-4371-8C1A-ED8CA79F6336}.Release|x86.Build.0 = Release|Win32
		{9EBB4631-3B6C-4070-847D-F986A9D2BC1C}.Debug|ARM.ActiveCfg = Debug|Win32
		{9EBB4631-3B6C-4070-847D-F986A9D2BC1C}.Debug|ARM64.ActiveCfg = Debug|Win32
		{9EBB4631-3B6C-4070-847D-F986A9D2BC1C}.Debug|x64.ActiveCfg = Debug|x64
		{9EBB4631-3B6C-4070-847D-F986A9D2BC1C}.Debug|x64.Build.0 = Debug|x64
		{9EBB4631-3B6C-4070-847D-F986A9D2BC1C}.Debug|x86.ActiveCfg = Debug|Win32
		{9EBB4631-3B6C-4070-847D-F986A9D2BC1C}.Debug|x86.Build.0 = Debug|Win32
		{9EBB4631-3B6C-4070-847D-F986A9D2BC1C}.Release|ARM.ActiveCfg = Release|Win32
		{9EBB4631-3B6C-4070-847D-F986A9D2BC1C}.Release|ARM64.ActiveCfg = Release|Win32
		{9EBB4631-3B6C-4070-847D-F986A9D2BC1C}.Release|x64.ActiveCfg = Release|x64
		{9EBB4631-3B6C-4070-847D-F986A9D2BC1C}.Release|x64.Build.0 = Release|x64
		{9EBB4631-3B6C-4070-847D-F986A9D2BC1C}.Release|x86.ActiveCfg = Release|Win32
		{9EBB4631-3B6C-4070-847D-F986A9D2BC1C}.Release|x86.Build.0 = Release|Win32
		{67619018-6044-404C-88DA-7E2570016F4E}.Debug|ARM.ActiveCfg = Debug|Win32
		{67619018-6044-404C-88DA-7E2570016F4E}.Debug|ARM64.ActiveCfg = Debug|Win32
		{67619018-6044-404C-88DA-7E2570016F4E}.Debug|x64.ActiveCfg = Debug|x64
		{67619018-6044-404C-88DA-7E2570016F4E}.Debug|x64.Build.0 = Debug|x64
		{67619018-6044-404C-88DA-7E2570016F4E}.Debug|x86.ActiveCfg = Debug|Win32
		{67619018-6044-404C-88DA-7E2570016F4E}.Debug|x86.Build.0 = Debug|Win32
		{67619018-6044-404C-88DA-7E2570016F4E}.Release|ARM.ActiveCfg = Release|Win32
		{67619018-6044-404C-88DA-7E2570016F4E}.Release|ARM64.ActiveCfg = Release|Win32
		{67619018-6044-404C-88DA-7E2570016F4E}.Release|x64.ActiveCfg = Release|x64
		{67619018-6044-404C-88DA-7E2570016F4E}.Release|x64.Build.0 = Release|x64
		{67619018-6044-404C-88DA-7E2570016F4E}.Release|x86.ActiveCfg = Release|Win32
		{67619018-6044-404C-88DA-7E2570016F4E}.Release|x86.Build.0 = Release|Win32
		{365FAFE0-43AB-4BE7-8EBE-CA2E45B7C04A}.Debug|ARM.ActiveCfg = Debug|Win32
		{365FAFE0-43AB-4BE7-8EBE-CA2E45B7C04A}.Debug|ARM64.ActiveCfg = Debug|Win32
		{365FAFE0-43AB-4BE7-8EBE-CA2E45B7C04A}.Debug|x64.ActiveCfg = Debug|x64
		{365FAFE0-43AB-4BE7-8EBE-CA2E45B7C04A}.Debug|x64.Build.0 = Debug|x64
		{365FAFE0-43AB-4BE7-8EBE-CA2E45B7C04A}.Debug|x86.ActiveCfg = Debug|Win32
		{365FAFE0-43AB-4BE7-8EBE-CA2E45B7C04A}.Debug|x86.Build.0 = Debug|Win32
		{365FAFE0-43AB-4BE7-8EBE-CA2E45B7C04A}.Release|ARM.ActiveCfg = Release|Win32
		{365FAFE0-43AB-4BE7-8EBE-CA2E45B7C04A}.Release|ARM64.ActiveCfg = Release|Win32
		{365FAFE0-43AB-4BE7-8EBE-CA2E45B7C04A}.Release|x64.ActiveCfg = Release|x64
		{365FAFE0-43AB-4BE7-8EBE-CA2E45B7C04A}.Release|x64.Build.0 = Release|x64
		{365FAFE0-43AB-4BE7-8EBE-CA2E45B7C04A}.Release|x86.ActiveCfg = Release|Win32
		{365FAFE0-43AB-4BE7-8EBE-CA2E45B7C04A}.Release|x86.Build.0 = Release|Win32
		{D94C9517-169B-4DC4-B9AC-8EF917C46D1A}.Debug|ARM.ActiveCfg = Debug|Win32
		{D94C9517-169B-4DC4-B9AC-8EF917C46D1A}.Debug|ARM64.ActiveCfg = Debug|Win32
		{D94C9517-169B-4DC4-B9AC-8EF917C46D1A}.Debug|x64.ActiveCfg = Debug|x64
		{D94C9517-169B-4DC4-B9AC-8EF917C46D1A}.Debug|x64.Build.0 = Debug|x64
		{D94C9517-169B-4DC4-B9AC-8EF917C46D1A}.Debug|x86.ActiveCfg = Debug|Win32
		{D94C9517-169B-4DC4-B9AC-8EF917C46D1A}.Debug|x86.Build.0 = Debug|Win32
		{D94C9517-169B-4DC4-B9AC-8EF917C46D1A}.Release|ARM.ActiveCfg = Release|Win32
		{D94C9517-169B-4DC4-B9AC-8EF917C46D1A}.Release|ARM64.ActiveCfg = Release|Win32
		{D94C9517-169B-4DC4-B9AC-8EF917C46D1A}.Release|x64.ActiveCfg = Release|x64
		{D94C9517-169B-4DC4-B9AC-8EF917C46D1A}.Release|x64.Build.0 = Release|x64
		{D94C9517-169B-4DC4-B9AC-8EF917C46D1A}.Release|x86.ActiveCfg = Release|Win32
		{D94C9517-169B-4DC4-B9AC-8EF917C46D1A}.Release|x86.Build.0 = Release|Win32
		{AEA86FA1-44EB-41C5-AC85-A2F8393F97D2}.Debug|ARM.ActiveCfg = Debug|Win32
		{AEA86FA1-44EB-41C5-AC85-A2F8393F97D2}.Debug|ARM64.ActiveCfg = Debug|Win32
		{AEA86FA1-44EB-41C5-AC85-A2F8393F97D2}.Debug|x64.ActiveCfg = Debug|x64
		{AEA86FA1-44EB-41C5-AC85-A2F8393F97D2}.Debug|x64.Build.0 = Debug|x64
		{AEA86FA1-44EB-41C5-AC85-A2F8393F97D2}.Debug|x86.ActiveCfg = Debug|Win32
		{AEA86FA1-44EB-41C5-AC85-A2F8393F97D2}.Debug|x86.Build.0 = Debug|Win32
		{AEA86FA1-44EB-41C5-AC85-A2F8393F97D2}.Release|ARM.ActiveCfg = Release|Win32
		{AEA86FA1-44EB-41C5-AC85-A2F8393F97D2}.Release|ARM64.ActiveCfg = Release|Win32
		{AEA86FA1-44EB-41C5-AC85-A2F8393F97D2}.Release|x64.ActiveCfg = Release|x64
		{AEA86FA1-44EB-41C5-AC85-A2F8393F97D2}.Release|x64.Build.0 = Release|x64
		{AEA86FA1-44EB-41C5-AC85-A2F8393F97D2}.Release|x86.ActiveCfg = Release|Win32
		{AEA86FA1-44EB-41C5-AC85-A2F8393F97D2}.Release|x86.Build.0 = Release|Win32
		{8589434F-AADF-4DCE-815E-E6700CBA17BE}.Debug|ARM.ActiveCfg = Debug|Win32
		{8589434F-AADF-4DCE-815E-E6700CBA17BE}.Debug|ARM64.ActiveCfg = Debug|Win32
		{8589434F-AADF-4DCE-815E-E6700CBA17BE}.Debug|x64.ActiveCfg = Debug|x64
		{8589434F-AADF-4DCE-815E-E6700CBA17BE}.Debug|x64.Build.0 = Debug|x64
		{8589434F-AADF-4DCE-815E-E6700CBA17BE}.Debug|x86.ActiveCfg = Debug|Win32
		{8589434F-AADF-4DCE-815E-E6700CBA17BE}.Debug|x86.Build.0 = Debug|Win32
		{8589434F-AADF-4DCE-815E-E6700CBA17BE}.Release|ARM.ActiveCfg = Release|Win32
		{8589434F-AADF-4DCE-815E-E6700CBA17BE}.Release|ARM64.ActiveCfg = Release|Win32
		{8589434F-AADF-4DCE-815E-E6700CBA17BE}.Release|x64.ActiveCfg = Release|x64
		{8589434F-AADF-4DCE-815E-E6700CBA17BE}.Release|x64.Build.0 = Release|x64
		{8589434F-AADF-4DCE-815E-E6700CBA17BE}.Release|x86.ActiveCfg = Release|Win32
		{8589434F-AADF-4DCE-815E-E6700CBA17BE}.Release|x86.Build.0 = Release|Win32
		{A894C9F2-2452-4412-935F-CBDAD63E7090}.Debug|ARM.ActiveCfg = Debug|x64
		{A894C9F2-2452-4412-935F-CBDAD63E7090}.Debug|ARM.Build.0 = Debug|x64
		{A894C9F2-2452-4412-935F-CBDAD63E7090}.Debug|ARM64.ActiveCfg = Debug|x64
		{A894C9F2-2452-4412-935F-CBDAD63E7090}.Debug|ARM64.Build.0 = Debug|x64
		{A894C9F2-2452-4412-935F-CBDAD63E7090}.Debug|x64.ActiveCfg = Debug|x64
		{A894C9F2-2452-4412-935F-CBDAD63E7090}.Debug|x64.Build.0 = Debug|x64
		{A894C9F2-2452-4412-935F-CBDAD63E7090}.Debug|x86.ActiveCfg = Debug|Win32
		{A894C9F2-2452-4412-935F-CBDAD63E7090}.Debug|x86.Build.0 = Debug|Win32
		{A894C9F2-2452-4412-935F-CBDAD63E7090}.Release|ARM.ActiveCfg = Release|x64
		{A894C9F2-2452-4412-935F-CBDAD63E7090}.Release|ARM.Build.0 = Release|x64
		{A894C9F2-2452-4412-935F-CBDAD63E7090}.Release|ARM64.ActiveCfg = Release|x64
		{A894C9F2-2452-4412-935F-CBDAD63E7090}.Release|ARM64.Build.0 = Release|x64
		{A894C9F2-2452-4412-935F-CBDAD63E7090}.Release|x64.ActiveCfg = Release|x64
		{A894C9F2-2452-4412-935F-CBDAD63E7090}.Release|x64.Build.0 = Release|x64
		{A894C9F2-2452-4412-935F-CBDAD63E7090}.Release|x86.ActiveCfg = Release|Win32
		{A894C9F2-2452-4412-935F-CBDAD63E7090}.Release|x86.Build.0 = Release|Win32
		{23CB8C91-1A4A-468C-A610-5E1B29C2F5F8}.Debug|ARM.ActiveCfg = Debug|x64
		{23CB8C91-1A4A-468C-A610-5E1B29C2F5F8}.Debug|ARM.Build.0 = Debug|x64
		{23CB8C91-1A4A-468C-A610-5E1B29C2F5F8}.Debug|ARM64.ActiveCfg = Debug|x64
		{23CB8C91-1A4A-468C-A610-5E1B29C2F5F8}.Debug|ARM64.Build.0 = Debug|x64
		{23CB8C91-1A4A-468C-A610-5E1B29C2F5F8}.Debug|x64.ActiveCfg = Debug|x64
		{23CB8C91-1A4A-468C-A610-5E1B29C2F5F8}.Debug|x64.Build.0 = Debug|x64
		{23CB8C91-1A4A-468C-A610-5E1B29C2F5F8}.Debug|x86.ActiveCfg = Debug|Win32
		{23CB8C91-1A4A-468C-A610-5E1B29C2F5F8}.Debug|x86.Build.0 = Debug|Win32
		{23CB8C91-1A4A-468C-A610-5E1B29C2F5F8}.Release|ARM.ActiveCfg = Release|x64
		{23CB8C91-1A4A-468C-A610-5E1B29C2F5F8}.Release|ARM.Build.0 = Release|x64
		{23CB8C91-1A4A-468C-A610-5E1B29C2F5F8}.Release|ARM64.ActiveCfg = Release|x64
		{23CB8C91-1A4A-468C-A610-5E1B29C2F5F8}.Release|ARM64.Build.0 = Release|x64
		{23CB8C91-1A4A-468C-A610-5E1B29C2F5F8}.Release|x64.ActiveCfg = Release|x64
		{23CB8C91-1A4A-468C-A610-5E1B29C2F5F8}.Release|x64.Build.0 = Release|x64
		{23CB8C91-1A4A-468C-A610-5E1B29C2F5F8}.Release|x86.ActiveCfg = Release|Win32
		{23CB8C91-1A4A-468C-A610-5E1B29C2F5F8}.Release|x86.Build.0 = Release|Win32
		{0DEA1B9B-F14D-41C0-9620-DA61D305EA38}.Debug|ARM.ActiveCfg = Debug|Win32
		{0DEA1B9B-F14D-41C0-9620-DA61D305EA38}.Debug|ARM64.ActiveCfg = Debug|Win32
		{0DEA1B9B-F14D-41C0-9620-DA61D305EA38}.Debug|x64.ActiveCfg = Debug|x64
		{0DEA1B9B-F14D-41C0-9620-DA61D305EA38}.Debug|x64.Build.0 = Debug|x64
		{0DEA1B9B-F14D-41C0-9620-DA61D305EA38}.Debug|x86.ActiveCfg = Debug|Win32
		{0DEA1B9B-F14D-41C0-9620-DA61D305EA38}.Debug|x86.Build.0 = Debug|Win32
		{0DEA1B9B-F14D-41C0-9620-DA61D305EA38}.Release|ARM.ActiveCfg = Release|Win32
		{0DEA1B9B-F14D-41C0-9620-DA61D305EA38}.Release|ARM64.ActiveCfg = Release|Win32
		{0DEA1B9B-F14D-41C0-9620-DA61D305EA38}.Release|x64.ActiveCfg = Release|x64
		{0DEA1B9B-F14D-41C0-9620-DA61D305EA38}.Release|x64.Build.0 = Release|x64
		{0DEA1B9B-F14D-41C0-9620-DA61D305EA38}.Release|x86.ActiveCfg = Release|Win32
		{0DEA1B9B-F14D-41C0-9620-DA61D305EA38}.Release|x86.Build.0 = Release|Win32
		{608288CA-A600-4E83-AC1B-22BCAAE606E5}.Debug|ARM.ActiveCfg = Debug|Win32
		{608288CA-A600-4E83-AC1B-22BCAAE606E5}.Debug|ARM64.ActiveCfg = Debug|Win32
		{608288CA-A600-4E83-AC1B-22BCAAE606E5}.Debug|x64.ActiveCfg = Debug|x64
		{608288CA-A600-4E83-AC1B-22BCAAE606E5}.Debug|x64.Build.0 = Debug|x64
		{608288CA-A600-4E83-AC1B-22BCAAE606E5}.Debug|x86.ActiveCfg = Debug|Win32
		{608288CA-A600-4E83-AC1B-22BCAAE606E5}.Debug|x86.Build.0 = Debug|Win32
		{608288CA-A600-4E83-AC1B-22BCAAE606E5}.Release|ARM.ActiveCfg = Release|Win32
		{608288CA-A600-4E83-AC1B-22BCAAE606E5}.Release|ARM64.ActiveCfg = Release|Win32
		{608288CA-A600-4E83-AC1B-22BCAAE606E5}.Release|x64.ActiveCfg = Release|x64
		{608288CA-A600-4E83-AC1B-22BCAAE606E5}.Release|x64.Build.0 = Release|x64
		{608288CA-A600-4E83-AC1B-22BCAAE606E5}.Release|x86.ActiveCfg = Release|Win32
		{608288CA-A600-4E83-AC1B-22BCAAE606E5}.Release|x86.Build.0 = Release|Win32
		{03F2764E-DB75-41BB-87E8-8B9B5312AC3C}.Debug|ARM.ActiveCfg = Debug|Win32
		{03F2764E-DB75-41BB-87E8-8B9B5312AC3C}.Debug|ARM64.ActiveCfg = Debug|Win32
		{03F2764E-DB75-41BB-87E8-8B9B5312AC3C}.Debug|x64.ActiveCfg = Debug|x64
		{03F2764E-DB75-41BB-87E8-8B9B5312AC3C}.Debug|x64.Build.0 = Debug|x64
		{03F2764E-DB75-41BB-87E8-8B9B5312AC3C}.Debug|x86.ActiveCfg = Debug|Win32
		{03F2764E-DB75-41BB-87E8-8B9B5312AC3C}.Debug|x86.Build.0 = Debug|Win32
		{03F2764E-DB75-41BB-87E8-8B9B5312AC3C}.Release|ARM.ActiveCfg = Release|Win32
		{03F2764E-DB75-41BB-87E8-8B9B5312AC3C}.Release|ARM64.ActiveCfg = Release|Win32
		{03F2764E-DB75-41BB-87E8-8B9B5312AC3C}.Release|x64.ActiveCfg = Release|x64
		{03F2764E-DB75-41BB-87E8-8B9B5312AC3C}.Release|x64.Build.0 = Release|x64
		{03F2764E-DB75-41BB-87E8-8B9B5312AC3C}.Release|x86.ActiveCfg = Release|Win32
		{03F2764E-DB75-41BB-87E8-8B9B5312AC3C}.Release|x86.Build.0 = Release|Win32
		{056E1512-C191-46DD-BA2C-AE38B7943354}.Debug|ARM.ActiveCfg = Debug|Win32
		{056E1512-C191-46DD-BA2C-AE38B7943354}.Debug|ARM64.ActiveCfg = Debug|Win32
		{056E1512-C191-46DD-BA2C-AE38B7943354}.Debug|x64.ActiveCfg = Debug|x64
		{056E1512-C191-46DD-BA2C-AE38B7943354}.Debug|x64.Build.0 = Debug|x64
		{056E1512-C191-46DD-BA2C-AE38B7943354}.Debug|x86.ActiveCfg = Debug|Win32
		{056E1512-C191-46DD-BA2C-AE38B7943354}.Debug|x86.Build.0 = Debug|Win32
		{056E1512-C191-46DD-BA2C-AE38B7943354}.Release|ARM.ActiveCfg = Release|Win32
		{056E1512-C191-46DD-BA2C-AE38B7943354}.Release|ARM64.ActiveCfg = Release|Win32
		{056E1512-C191-46DD-BA2C-AE38B7943354}.Release|x64.ActiveCfg = Release|x64
		{056E1512-C191-46DD-BA2C-AE38B7943354}.Release|x64.Build.0 = Release|x64
		{056E1512-C191-46DD-BA2C-AE38B7943354}.Release|x86.ActiveCfg = Release|Win32
		{056E1512-C191-46DD-BA2C-AE38B7943354}.Release|x86.Build.0 = Release|Win32
		{A266EF96-84EE-41A6-8EF3-B4D359863BD3}.Debug|ARM.ActiveCfg = Debug|Win32
		{A266EF96-84EE-41A6-8EF3-B4D359863BD3}.Debug|ARM64.ActiveCfg = Debug|Win32
		{A266EF96-84EE-41A6-8EF3-B4D359863BD3}.Debug|x64.ActiveCfg = Debug|x64
		{A266EF96-84EE-41A6-8EF3-B4D359863BD3}.Debug|x64.Build.0 = Debug|x64
		{A266EF96-84EE-41A6-8EF3-B4D359863BD3}.Debug|x86.ActiveCfg = Debug|Win32
		{A266EF96-84EE-41A6-8EF3-B4D359863BD3}.Debug|x86.Build.0 = Debug|Win32
		{A266EF96-84EE-41A6-8EF3-B4D359863BD3}.Release|ARM.ActiveCfg = Release|Win32
		{A266EF96-84EE-41A6-8EF3-B4D359863BD3}.Release|ARM64.ActiveCfg = Release|Win32
		{A266EF96-84EE-41A6-8EF3-B4D359863BD3}.Release|x64.ActiveCfg = Release|x64
		{A266EF96-84EE-41A6-8EF3-B4D359863BD3}.Release|x64.Build.0 = Release|x64
		{A266EF96-84EE-41A6-8EF3-B4D359863BD3}.Release|x86.ActiveCfg = Release|Win32
		{A266EF96-84EE-41A6-8EF3-B4D359863BD3}.Release|x86.Build.0 = Release|Win32
		{D1AB43B6-4EFB-4C67-A192-3BB6706A01FA}.Debug|ARM.ActiveCfg = Debug|Win32
		{D1AB43B6-4EFB-4C67-A192-3BB6706A01FA}.Debug|ARM64.ActiveCfg = Debug|Win32
		{D1AB43B6-4EFB-4C67-A192-3BB6706A01FA}.Debug|x64.ActiveCfg = Debug|x64
		{D1AB43B6-4EFB-4C67-A192-3BB6706A01FA}.Debug|x64.Build.0 = Debug|x64
		{D1AB43B6-4EFB-4C67-A192-3BB6706A01FA}.Debug|x86.ActiveCfg = Debug|Win32
		{D1AB43B6-4EFB-4C67-A192-3BB6706A01FA}.Debug|x86.Build.0 = Debug|Win32
		{D1AB43B6-4EFB-4C67-A192-3BB6706A01FA}.Release|ARM.ActiveCfg = Release|Win32
		{D1AB43B6-4EFB-4C67-A192-3BB6706A01FA}.Release|ARM64.ActiveCfg = Release|Win32
		{D1AB43B6-4EFB-4C67-A192-3BB6706A01FA}.Release|x64.ActiveCfg = Release|x64
		{D1AB43B6-4EFB-4C67-A192-3BB6706A01FA}.Release|x64.Build.0 = Release|x64
		{D1AB43B6-4EFB-4C67-A192-3BB6706A01FA}.Release|x86.ActiveCfg = Release|Win32
		{D1AB43B6-4EFB-4C67-A192-3BB6706A01FA}.Release|x86.Build.0 = Release|Win32
		{DFC8019A-B4F4-41FC-A903-8696B4F7CEE0}.Debug|ARM.ActiveCfg = Debug|Win32
		{DFC8019A-B4F4-41FC-A903-8696B4F7CEE0}.Debug|ARM64.ActiveCfg = Debug|Win32
		{DFC8019A-B4F4-41FC-A903-8696B4F7CEE0}.Debug|x64.ActiveCfg = Debug|x64
		{DFC8019A-B4F4-41FC-A903-8696B4F7CEE0}.Debug|x64.Build.0 = Debug|x64
		{DFC8019A-B4F4-41FC-A903-8696B4F7CEE0}.Debug|x86.ActiveCfg = Debug|Win32
		{DFC8019A-B4F4-41FC-A903-8696B4F7CEE0}.Debug|x86.Build.0 = Debug|Win32
		{DFC8019A-B4F4-41FC-A903-8696B4F7CEE0}.Release|ARM.ActiveCfg = Release|Win32
		{DFC8019A-B4F4-41FC-A903-8696B4F7CEE0}.Release|ARM64.ActiveCfg = Release|Win32
		{DFC8019A-B4F4-41FC-A903-8696B4F7CEE0}.Release|x64.ActiveCfg = Release|x64
		{DFC8019A-B4F4-41FC-A903-8696B4F7CEE0}.Release|x64.Build.0 = Release|x64
		{DFC8019A-B4F4-41FC-A903-8696B4F7CEE0}.Release|x86.ActiveCfg = Release|Win32
		{DFC8019A-B4F4-41FC-A903-8696B4F7CEE0}.Release|x86.Build.0 = Release|Win32
		{1E12EF7D-1277-4F0D-9531-5C9D9B6C7762}.Debug|ARM.ActiveCfg = Debug|Win32
		{1E12EF7D-1277-4F0D-9531-5C9D9B6C7762}.Debug|ARM64.ActiveCfg = Debug|Win32
		{1E12EF7D-1277-4F0D-9531-5C9D9B6C7762}.Debug|x64.ActiveCfg = Debug|x64
		{1E12EF7D-1277-4F0D-9531-5C9D9B6C7762}.Debug|x64.Build.0 = Debug|x64
		{1E12EF7D-1277-4F0D-9531-5C9D9B6C7762}.Debug|x86.ActiveCfg = Debug|Win32
		{1E12EF7D-1277-4F0D-9531-5C9D9B6C7762}.Debug|x86.Build.0 = Debug|Win32
		{1E12EF7D-1277-4F0D-9531-5C9D9B6C7762}.Release|ARM.ActiveCfg = Release|Win32
		{1E12EF7D-1277-4F0D-9531-5C9D9B6C7762}.Release|ARM64.ActiveCfg = Release|Win32
		{1E12EF7D-1277-4F0D-9531-5C9D9B6C7762}.Release|x64.ActiveCfg = Release|x64
		{1E12EF7D-1277-4F0D-9531-5C9D9B6C7762}.Release|x64.Build.0 = Release|x64
		{1E12EF7D-1277-4F0D-9531-5C9D9B6C7762}.Release|x86.ActiveCfg = Release|Win32
		{1E12EF7D-1277-4F0D-9531-5C9D9B6C7762}.Release|x86.Build.0 = Release|Win32
		{6EB36660-8F5A-4F14-8BA9-76FEE55434E3}.Debug|ARM.ActiveCfg = Debug|Win32
		{6EB36660-8F5A-4F14-8BA9-76FEE55434E3}.Debug|ARM64.ActiveCfg = Debug|Win32
		{6EB36660-8F5A-4F14-8BA9-76FEE55434E3}.Debug|x64.ActiveCfg = Debug|x64
		{6EB36660-8F5A-4F14-8BA9-76FEE55434E3}.Debug|x64.Build.0 = Debug|x64
		{6EB36660-8F5A-4F14-8BA9-76FEE55434E3}.Debug|x86.ActiveCfg = Debug|Win32
		{6EB36660-8F5A-4F14-8BA9-76FEE55434E3}.Debug|x86.Build.0 = Debug|Win32
		{6EB36660-8F5A-4F14-8BA9-76FEE55434E3}.Release|ARM.ActiveCfg = Release|Win32
		{6EB36660-8F5A-4F14-8BA9-76FEE55434E3}.Release|ARM64.ActiveCfg = Release|Win32
		{6EB36660-8F5A-4F14-8BA9-76FEE55434E3}.Release|x64.ActiveCfg = Release|x64
		{6EB36660-8F5A-4F14-8BA9-76FEE55434E3}.Release|x64.Build.0 = Release|x64
		{6EB36660-8F5A-4F14-8BA9-76FEE55434E3}.Release|x86.ActiveCfg = Release|Win32
		{6EB36660-8F5A-4F14-8BA9-76FEE55434E3}.Release|x86.Build.0 = Release|Win32
		{8008F19A-1279-44B0-9E41-0C8016E54361}.Debug|ARM.ActiveCfg = Debug|Win32
		{8008F19A-1279-44B0-9E41-0C8016E54361}.Debug|ARM64.ActiveCfg = Debug|Win32
		{8008F19A-1279-44B0-9E41-0C8016E54361}.Debug|x64.ActiveCfg = Debug|x64
		{8008F19A-1279-44B0-9E41-0C8016E54361}.Debug|x64.Build.0 = Debug|x64
		{8008F19A-1279-44B0-9E41-0C8016E54361}.Debug|x86.ActiveCfg = Debug|Win32
		{8008F19A-1279-44B0-9E41-0C8016E54361}.Debug|x86.Build.0 = Debug|Win32
		{8008F19A-1279-44B0-9E41-0C8016E54361}.Release|ARM.ActiveCfg = Release|Win32
		{8008F19A-1279-44B0-9E41-0C8016E54361}.Release|ARM64.ActiveCfg = Release|Win32
		{8008F19A-1279-44B0-9E41-0C8016E54361}.Release|x64.ActiveCfg = Release|x64
		{8008F19A-1279-44B0-9E41-0C8016E54361}.Release|x64.Build.0 = Release|x64
		{8008F19A-1279-44B0-9E41-0C8016E54361}.Release|x86.ActiveCfg = Release|Win32
		{8008F19A-1279-44B0-9E41-0C8016E54361}.Release|x86.Build.0 = Release|Win32
		{BA282765-6208-44F4-ADAC-A78991AD45B1}.Debug|ARM.ActiveCfg = Debug|Win32
		{BA282765-6208-44F4-ADAC-A78991AD45B1}.Debug|ARM64.ActiveCfg = Debug|Win32
		{BA282765-6208-44F4-ADAC-A78991AD45B1}.Debug|x64.ActiveCfg = Debug|x64
		{BA282765-6208-44F4-ADAC-A78991AD45B1}.Debug|x64.Build.0 = Debug|x64
		{BA282765-6208-44F4-ADAC-A78991AD45B1}.Debug|x86.ActiveCfg = Debug|Win32
		{BA282765-6208-44F4-ADAC-A78991AD45B1}.Debug|x86.Build.0 = Debug|Win32
		{BA282765-6208-44F4-ADAC-A78991AD45B1}.Release|ARM.ActiveCfg = Release|Win32
		{BA282765-6208-44F4-ADAC-A78991AD45B1}.Release|ARM64.ActiveCfg = Release|Win32
		{BA282765-6208-44F4-ADAC-A78991AD45B1}.Release|x64.ActiveCfg = Release|x64
		{BA282765-6208-44F4-ADAC-A78991AD45B1}.Release|x64.Build.0 = Release|x64
		{BA282765-6208-44F4-ADAC-A78991AD45B1}.Release|x86.ActiveCfg = Release|Win32
		{BA282765-6208-44F4-ADAC-A78991AD45B1}.Release|x86.Build.0 = Release|Win32
		{B5F78A20-FD2C-4095-B8F5-9FD583D3FE8F}.Debug|ARM.ActiveCfg = Debug|Win32
		{B5F78A20-FD2C-4095-B8F5-9FD583D3FE8F}.Debug|ARM64.ActiveCfg = Debug|Win32
		{B5F78A20-FD2C-4095-B8F5-9FD583D3FE8F}.Debug|x64.ActiveCfg = Debug|x64
		{B5F78A20-FD2C-4095-B8F5-9FD583D3FE8F}.Debug|x64.Build.0 = Debug|x64
		{B5F78A20-FD2C-4095-B8F5-9FD583D3FE8F}.Debug|x86.ActiveCfg = Debug|Win32
		{B5F78A20-FD2C-4095-B8F5-9FD583D3FE8F}.Debug|x86.Build.0 = Debug|Win32
		{B5F78A20-FD2C-4095-B8F5-9FD583D3FE8F}.Release|ARM.ActiveCfg = Release|Win32
		{B5F78A20-FD2C-4095-B8F5-9FD583D3FE8F}.Release|ARM64.ActiveCfg = Release|Win32
		{B5F78A20-FD2C-4095-B8F5-9FD583D3FE8F}.Release|x64.ActiveCfg = Release|x64
		{B5F78A20-FD2C-4095-B8F5-9FD583D3FE8F}.Release|x64.Build.0 = Release|x64
		{B5F78A20-FD2C-4095-B8F5-9FD583D3FE8F}.Release|x86.ActiveCfg = Release|Win32
		{B5F78A20-FD2C-4095-B8F5-9FD583D3FE8F}.Release|x86.Build.0 = Release|Win32
		{7B14EB59-EC26-4A8A-880D-F5431BBF59ED}.Debug|ARM.ActiveCfg = Debug|x64
		{7B14EB59-EC26-4A8A-880D-F5431BBF59ED}.Debug|ARM.Build.0 = Debug|x64
		{7B14EB59-EC26-4A8A-880D-F5431BBF59ED}.Debug|ARM64.ActiveCfg = Debug|x64
		{7B14EB59-EC26-4A8A-880D-F5431BBF59ED}.Debug|ARM64.Build.0 = Debug|x64
		{7B14EB59-EC26-4A8A-880D-F5431BBF59ED}.Debug|x64.ActiveCfg = Debug|x64
		{7B14EB59-EC26-4A8A-880D-F5431BBF59ED}.Debug|x64.Build.0 = Debug|x64
		{7B14EB59-EC26-4A8A-880D-F5431BBF59ED}.Debug|x86.ActiveCfg = Debug|Win32
		{7B14EB59-EC26-4A8A-880D-F5431BBF59ED}.Debug|x86.Build.0 = Debug|Win32
		{7B14EB59-EC26-4A8A-880D-F5431BBF59ED}.Release|ARM.ActiveCfg = Release|x64
		{7B14EB59-EC26-4A8A-880D-F5431BBF59ED}.Release|ARM.Build.0 = Release|x64
		{7B14EB59-EC26-4A8A-880D-F5431BBF59ED}.Release|ARM64.ActiveCfg = Release|x64
		{7B14EB59-EC26-4A8A-880D-F5431BBF59ED}.Release|ARM64.Build.0 = Release|x64
		{7B14EB59-EC26-4A8A-880D-F5431BBF59ED}.Release|x64.ActiveCfg = Release|x64
		{7B14EB59-EC26-4A8A-880D-F5431BBF59ED}.Release|x64.Build.0 = Release|x64
		{7B14EB59-EC26-4A8A-880D-F5431BBF59ED}.Release|x86.ActiveCfg = Release|Win32
		{7B14EB59-EC26-4A8A-880D-F5431BBF59ED}.Release|x86.Build.0 = Release|Win32
		{E5779247-DD16-4E88-9DE4-1E040B2C19EE}.Debug|ARM.ActiveCfg = Debug|x64
		{E5779247-DD16-4E88-9DE4-1E040B2C19EE}.Debug|ARM.Build.0 = Debug|x64
		{E5779247-DD16-4E88-9DE4-1E040B2C19EE}.Debug|ARM64.ActiveCfg = Debug|x64
		{E5779247-DD16-4E88-9DE4-1E040B2C19EE}.Debug|ARM64.Build.0 = Debug|x64
		{E5779247-DD16-4E88-9DE4-1E040B2C19EE}.Debug|x64.ActiveCfg = Debug|x64
		{E5779247-DD16-4E88-9DE4-1E040B2C19EE}.Debug|x64.Build.0 = Debug|x64
		{E5779247-DD16-4E88-9DE4-1E040B2C19EE}.Debug|x86.ActiveCfg = Debug|Win32
		{E5779247-DD16-4E88-9DE4-1E040B2C19EE}.Debug|x86.Build.0 = Debug|Win32
		{E5779247-DD16-4E88-9DE4-1E040B2C19EE}.Release|ARM.ActiveCfg = Release|x64
		{E5779247-DD16-4E88-9DE4-1E040B2C19EE}.Release|ARM.Build.0 = Release|x64
		{E5779247-DD16-4E88-9DE4-1E040B2C19EE}.Release|ARM64.ActiveCfg = Release|x64
		{E5779247-DD16-4E88-9DE4-1E040B2C19EE}.Release|ARM64.Build.0 = Release|x64
		{E5779247-DD16-4E88-9DE4-1E040B2C19EE}.Release|x64.ActiveCfg = Release|x64
		{E5779247-DD16-4E88-9DE4-1E040B2C19EE}.Release|x64.Build.0 = Release|x64
		{E5779247-DD16-4E88-9DE4-1E040B2C19EE}.Release|x86.ActiveCfg = Release|Win32
		{E5779247-DD16-4E88-9DE4-1E040B2C19EE}.Release|x86.Build.0 = Release|Win32
		{22D9A2E6-E3F3-4A70-8EA9-2EB68466BDE1}.Debug|ARM.ActiveCfg = Debug|Win32
		{22D9A2E6-E3F3-4A70-8EA9-2EB68466BDE1}.Debug|ARM64.ActiveCfg = Debug|Win32
		{22D9A2E6-E3F3-4A70-8EA9-2EB68466BDE1}.Debug|x64.ActiveCfg = Debug|x64
		{22D9A2E6-E3F3-4A70-8EA9-2EB68466BDE1}.Debug|x64.Build.0 = Debug|x64
		{22D9A2E6-E3F3-4A70-8EA9-2EB68466BDE1}.Debug|x86.ActiveCfg = Debug|Win32
		{22D9A2E6-E3F3-4A70-8EA9-2EB68466BDE1}.Debug|x86.Build.0 = Debug|Win32
		{22D9A2E6-E3F3-4A70-8EA9-2EB68466BDE1}.Release|ARM.ActiveCfg = Release|Win32
		{22D9A2E6-E3F3-4A70-8EA9-2EB68466BDE1}.Release|ARM64.ActiveCfg = Release|Win32
		{22D9A2E6-E3F3-4A70-8EA9-2EB68466BDE1}.Release|x64.ActiveCfg = Release|x64
		{22D9A2E6-E3F3-4A70-8EA9-2EB68466BDE1}.Release|x64.Build.0 = Release|x64
		{22D9A2E6-E3F3-4A70-8EA9-2EB68466BDE1}.Release|x86.ActiveCfg = Release|Win32
		{22D9A2E6-E3F3-4A70-8EA9-2EB68466BDE1}.Release|x86.Build.0 = Release|Win32
		{F42697D1-B861-41E2-8172-F935B010A31C}.Debug|ARM.ActiveCfg = Debug|x64
		{F42697D1-B861-41E2-8172-F935B010A31C}.Debug|ARM.Build.0 = Debug|x64
		{F42697D1-B861-41E2-8172-F935B010A31C}.Debug|ARM64.ActiveCfg = Debug|x64
		{F42697D1-B861-41E2-8172-F935B010A31C}.Debug|ARM64.Build.0 = Debug|x64
		{F42697D1-B861-41E2-8172-F935B010A31C}.Debug|x64.ActiveCfg = Debug|x64
		{F42697D1-B861-41E2-8172-F935B010A31C}.Debug|x64.Build.0 = Debug|x64
		{F42697D1-B861-41E2-8172-F935B010A31C}.Debug|x86.ActiveCfg = Debug|Win32
		{F42697D1-B861-41E2-8172-F935B010A31C}.Debug|x86.Build.0 = Debug|Win32
		{F42697D1-B861-41E2-8172-F935B010A31C}.Release|ARM.ActiveCfg = Release|x64
		{F42697D1-B861-41E2-8172-F935B010A31C}.Release|ARM.Build.0 = Release|x64
		{F42697D1-B861-41E2-8172-F935B010A31C}.Release|ARM64.ActiveCfg = Release|x64
		{F42697D1-B861-41E2-8172-F935B010A31C}.Release|ARM64.Build.0 = Release|x64
		{F42697D1-B861-41E2-8172-F935B010A31C}.Release|x64.ActiveCfg = Release|x64
		{F42697D1-B861-41E2-8172-F935B010A31C}.Release|x64.Build.0 = Release|x64
		{F42697D1-B861-41E2-8172-F935B010A31C}.Release|x86.ActiveCfg = Release|Win32
		{F42697D1-B861-41E2-8172-F935B010A31C}.Release|x86.Build.0 = Release|Win32
	EndGlobalSection
	GlobalSection(SolutionProperties) = preSolution
		HideSolutionNode = FALSE
	EndGlobalSection
	GlobalSection(NestedProjects) = preSolution
		{DC506AE5-1877-40D4-9002-F2BC497F1545} = {4FE54FDF-0BD4-4643-B305-515971355CA1}
		{BACE82AF-F1A6-41D2-82FB-2F219588411D} = {4FE54FDF-0BD4-4643-B305-515971355CA1}
		{01FD11BD-0C9E-4460-BC17-2F37AE9BC8F9} = {ACD92B18-64C8-4788-8E54-2703490A712C}
		{EBE922AB-F77F-43FB-906A-18DA8B14EDCC} = {D4C7B1B9-A5B7-43E3-9C48-800D7DD5FEC1}
		{ED6EBDEB-F4C3-4AD9-B386-DAEBC00C9810} = {D4C7B1B9-A5B7-43E3-9C48-800D7DD5FEC1}
		{950C1F25-D719-4BA2-9BC3-B9C1570E9F09} = {59078C31-9B73-4B78-B05A-6E28816FEF2B}
		{DA444EF7-9782-438C-AE6B-6B6AD7A733FD} = {59078C31-9B73-4B78-B05A-6E28816FEF2B}
		{59078C31-9B73-4B78-B05A-6E28816FEF2B} = {EEE5A0BB-331A-4501-8E17-2BB6958B553D}
		{6AFF9787-01F5-4F37-ABB1-14EBF40CF608} = {59078C31-9B73-4B78-B05A-6E28816FEF2B}
		{E303E535-497A-4BF4-9E4A-B307A132B6F6} = {59078C31-9B73-4B78-B05A-6E28816FEF2B}
		{1C178E3B-8865-40D2-B400-84B17C79CF91} = {59078C31-9B73-4B78-B05A-6E28816FEF2B}
		{EEE51D3F-0524-4D36-9457-B6B9E285044C} = {B1003FFF-E6BD-43BD-847C-09F45F98C21B}
		{2FF30C97-3C17-4873-95B8-2FD5C20B6191} = {B1003FFF-E6BD-43BD-847C-09F45F98C21B}
		{2AEBBBB1-ACFB-49EA-B126-72C6C9CEDB60} = {198E4D80-FAF3-410C-B2ED-140682355F50}
		{BFAC8DA4-32C8-42BB-AFE8-D2932AFA5A55} = {198E4D80-FAF3-410C-B2ED-140682355F50}
		{B1003FFF-E6BD-43BD-847C-09F45F98C21B} = {BFAC8DA4-32C8-42BB-AFE8-D2932AFA5A55}
		{F93235FA-9F67-4F6E-AC3D-9F0E244CA0E2} = {B1003FFF-E6BD-43BD-847C-09F45F98C21B}
		{71E43F69-BF20-486C-9DCC-F3DA5971A7A8} = {BFAC8DA4-32C8-42BB-AFE8-D2932AFA5A55}
		{C262CBEC-B41A-4F4D-B4BC-08B7CBD42B1D} = {20B4A19C-7BE7-486A-A742-5F0B806D5141}
		{E1547396-729E-484D-9997-E34042CFF5BC} = {20B4A19C-7BE7-486A-A742-5F0B806D5141}
		{E390F692-A2D5-42B5-A2C8-CA60447331A2} = {7C88A8F0-EE84-4051-ADA5-0127D77CD67E}
		{D6B6A998-DA1A-4D8E-BC84-221FE8578182} = {2CB1BE19-C298-4978-B0D7-0D0A2C5E97F0}
		{E0B52AE7-E160-4D32-BF3F-910B785E5A8E} = {333ADFFA-9884-425C-BFB4-7647A7F21651}
		{B049C4C4-9B09-4E93-9594-B9C4B82694DE} = {962E6492-7095-4380-89E2-04FB3D519E0A}
		{065AC6D0-9FC4-4249-A730-AF2B5390998B} = {962E6492-7095-4380-89E2-04FB3D519E0A}
		{7C88A8F0-EE84-4051-ADA5-0127D77CD67E} = {71E43F69-BF20-486C-9DCC-F3DA5971A7A8}
		{DEE0CC36-5718-4940-B4C3-F1A88B4C5CDD} = {962E6492-7095-4380-89E2-04FB3D519E0A}
		{13EA1FF5-9480-457A-A6D8-48726C8362CE} = {64DA19A4-8BBF-4AFB-8298-21B957FC8F7A}
		{8B645685-3C57-4D05-8DDE-2E0E1F766399} = {64DA19A4-8BBF-4AFB-8298-21B957FC8F7A}
		{C08B133C-7A03-4DEF-B85E-F150F436F2A4} = {64DA19A4-8BBF-4AFB-8298-21B957FC8F7A}
		{64DA19A4-8BBF-4AFB-8298-21B957FC8F7A} = {71E43F69-BF20-486C-9DCC-F3DA5971A7A8}
		{20B4A19C-7BE7-486A-A742-5F0B806D5141} = {71E43F69-BF20-486C-9DCC-F3DA5971A7A8}
		{962E6492-7095-4380-89E2-04FB3D519E0A} = {71E43F69-BF20-486C-9DCC-F3DA5971A7A8}
		{2CB1BE19-C298-4978-B0D7-0D0A2C5E97F0} = {71E43F69-BF20-486C-9DCC-F3DA5971A7A8}
		{DCBBFF00-FB32-44C8-93E3-5B71B5F68A18} = {348D271A-400C-45FF-A7D0-9B064FE7AE8D}
		{DDEE7D2A-000E-44AF-88FE-A1800F9040F1} = {198E4D80-FAF3-410C-B2ED-140682355F50}
		{3FF18C87-C8AC-4A6B-982A-F2ED5CC0EBB6} = {F7456E38-9938-4883-B982-7D264C2ADAF2}
		{9F47A49F-976D-48FC-B89F-5B06CD034EFB} = {DDEE7D2A-000E-44AF-88FE-A1800F9040F1}
		{348D271A-400C-45FF-A7D0-9B064FE7AE8D} = {DDEE7D2A-000E-44AF-88FE-A1800F9040F1}
		{AFC0D990-251D-4B37-B463-F75914ACDFBA} = {781105B6-45E8-4625-922D-D4E74DE07452}
		{781105B6-45E8-4625-922D-D4E74DE07452} = {9F47A49F-976D-48FC-B89F-5B06CD034EFB}
		{0A8A26A1-16B0-4327-A122-36E2DA146421} = {E68E2F65-7F84-43B9-9E39-B436D9AFECD3}
		{9EEC6CC0-46EF-4345-8228-D577409D01B4} = {E68E2F65-7F84-43B9-9E39-B436D9AFECD3}
		{E68E2F65-7F84-43B9-9E39-B436D9AFECD3} = {9F47A49F-976D-48FC-B89F-5B06CD034EFB}
		{AF43BEF3-4D3F-4C19-879E-79F2A9D0E104} = {9F47A49F-976D-48FC-B89F-5B06CD034EFB}
		{FC91D3B0-122F-459C-92AB-83045900FCA7} = {AF43BEF3-4D3F-4C19-879E-79F2A9D0E104}
		{8271BB85-C470-4708-ABFF-3C46E34281FD} = {AF43BEF3-4D3F-4C19-879E-79F2A9D0E104}
		{BFA41BE7-AC7B-40E1-B98A-8D92A05E9F9F} = {9F47A49F-976D-48FC-B89F-5B06CD034EFB}
		{B4638F32-FFDE-401F-9B1D-F39C68B82185} = {BFA41BE7-AC7B-40E1-B98A-8D92A05E9F9F}
		{6F76FDD8-AA53-4AAC-A7AF-9A49C856CAED} = {BFA41BE7-AC7B-40E1-B98A-8D92A05E9F9F}
		{F7456E38-9938-4883-B982-7D264C2ADAF2} = {9F47A49F-976D-48FC-B89F-5B06CD034EFB}
		{EEE5A0BB-331A-4501-8E17-2BB6958B553D} = {198E4D80-FAF3-410C-B2ED-140682355F50}
		{ACD92B18-64C8-4788-8E54-2703490A712C} = {2AEBBBB1-ACFB-49EA-B126-72C6C9CEDB60}
		{D4C7B1B9-A5B7-43E3-9C48-800D7DD5FEC1} = {2AEBBBB1-ACFB-49EA-B126-72C6C9CEDB60}
		{9D0E33D7-C59B-4D69-8889-10EDFCEF7E6E} = {9F47A49F-976D-48FC-B89F-5B06CD034EFB}
		{B8793FAF-79A1-4371-8C1A-ED8CA79F6336} = {9D0E33D7-C59B-4D69-8889-10EDFCEF7E6E}
		{9EBB4631-3B6C-4070-847D-F986A9D2BC1C} = {9D0E33D7-C59B-4D69-8889-10EDFCEF7E6E}
		{E6F7BEB9-6F52-4AEC-9295-3ED37F5BCF5C} = {9F47A49F-976D-48FC-B89F-5B06CD034EFB}
		{67619018-6044-404C-88DA-7E2570016F4E} = {E6F7BEB9-6F52-4AEC-9295-3ED37F5BCF5C}
		{365FAFE0-43AB-4BE7-8EBE-CA2E45B7C04A} = {E6F7BEB9-6F52-4AEC-9295-3ED37F5BCF5C}
		{57611DFE-7034-4C9D-A734-0B0F9E4600DB} = {9F47A49F-976D-48FC-B89F-5B06CD034EFB}
		{D94C9517-169B-4DC4-B9AC-8EF917C46D1A} = {57611DFE-7034-4C9D-A734-0B0F9E4600DB}
		{AEA86FA1-44EB-41C5-AC85-A2F8393F97D2} = {57611DFE-7034-4C9D-A734-0B0F9E4600DB}
		{15BBA776-8FB1-4E2E-9D1F-58C96D77F550} = {9F47A49F-976D-48FC-B89F-5B06CD034EFB}
		{8589434F-AADF-4DCE-815E-E6700CBA17BE} = {15BBA776-8FB1-4E2E-9D1F-58C96D77F550}
		{A894C9F2-2452-4412-935F-CBDAD63E7090} = {15BBA776-8FB1-4E2E-9D1F-58C96D77F550}
		{681929A4-BAF7-4828-8970-B1ED1E79719E} = {9F47A49F-976D-48FC-B89F-5B06CD034EFB}
		{23CB8C91-1A4A-468C-A610-5E1B29C2F5F8} = {681929A4-BAF7-4828-8970-B1ED1E79719E}
		{0DEA1B9B-F14D-41C0-9620-DA61D305EA38} = {8966021D-01B3-4ED8-8280-2FAA7700F3D8}
		{608288CA-A600-4E83-AC1B-22BCAAE606E5} = {8966021D-01B3-4ED8-8280-2FAA7700F3D8}
		{0EDC5770-BB13-451B-9DA9-E1344327E6C3} = {DDEE7D2A-000E-44AF-88FE-A1800F9040F1}
		{8966021D-01B3-4ED8-8280-2FAA7700F3D8} = {0EDC5770-BB13-451B-9DA9-E1344327E6C3}
		{03F2764E-DB75-41BB-87E8-8B9B5312AC3C} = {03AC8E61-34E2-493E-A43D-EC2FE6143609}
		{03AC8E61-34E2-493E-A43D-EC2FE6143609} = {0EDC5770-BB13-451B-9DA9-E1344327E6C3}
		{056E1512-C191-46DD-BA2C-AE38B7943354} = {03AC8E61-34E2-493E-A43D-EC2FE6143609}
		{31AF1EC4-00AD-4EC8-88E7-025EEF388F5F} = {0EDC5770-BB13-451B-9DA9-E1344327E6C3}
		{A266EF96-84EE-41A6-8EF3-B4D359863BD3} = {31AF1EC4-00AD-4EC8-88E7-025EEF388F5F}
		{D1AB43B6-4EFB-4C67-A192-3BB6706A01FA} = {31AF1EC4-00AD-4EC8-88E7-025EEF388F5F}
		{7EA86DEF-C5A7-4D19-8EEA-167232F77360} = {0EDC5770-BB13-451B-9DA9-E1344327E6C3}
		{DFC8019A-B4F4-41FC-A903-8696B4F7CEE0} = {7EA86DEF-C5A7-4D19-8EEA-167232F77360}
		{C08B28E5-16B2-4AB8-A84E-4059CD434B71} = {0EDC5770-BB13-451B-9DA9-E1344327E6C3}
		{1E12EF7D-1277-4F0D-9531-5C9D9B6C7762} = {C08B28E5-16B2-4AB8-A84E-4059CD434B71}
		{6EB36660-8F5A-4F14-8BA9-76FEE55434E3} = {7EA86DEF-C5A7-4D19-8EEA-167232F77360}
		{8008F19A-1279-44B0-9E41-0C8016E54361} = {7EA86DEF-C5A7-4D19-8EEA-167232F77360}
		{BA282765-6208-44F4-ADAC-A78991AD45B1} = {7EA86DEF-C5A7-4D19-8EEA-167232F77360}
		{B5F78A20-FD2C-4095-B8F5-9FD583D3FE8F} = {7EA86DEF-C5A7-4D19-8EEA-167232F77360}
		{7B14EB59-EC26-4A8A-880D-F5431BBF59ED} = {7EA86DEF-C5A7-4D19-8EEA-167232F77360}
		{E5779247-DD16-4E88-9DE4-1E040B2C19EE} = {7EA86DEF-C5A7-4D19-8EEA-167232F77360}
		{22D9A2E6-E3F3-4A70-8EA9-2EB68466BDE1} = {7EA86DEF-C5A7-4D19-8EEA-167232F77360}
		{F42697D1-B861-41E2-8172-F935B010A31C} = {7EA86DEF-C5A7-4D19-8EEA-167232F77360}
	EndGlobalSection
	GlobalSection(ExtensibilityGlobals) = postSolution
		SolutionGuid = {A3BBF0E1-2A93-4AE9-8140-46A77DAC79E2}
	EndGlobalSection
EndGlobal
