
Microsoft Visual Studio Solution File, Format Version 12.00
# Visual Studio Version 17
VisualStudioVersion = 17.2.32630.192
MinimumVisualStudioVersion = 10.0.40219.1
Project("{2150E333-8FDC-42A3-9474-1A3956D46DE8}") = "C_Lang", "C_Lang", "{4FE54FDF-0BD4-4643-B305-515971355CA1}"
EndProject
Project("{2150E333-8FDC-42A3-9474-1A3956D46DE8}") = "CPP", "CPP", "{198E4D80-FAF3-410C-B2ED-140682355F50}"
EndProject
Project("{8BC9CEB8-8B4A-11D0-8D11-00A0C91BC942}") = "HanoiTower", "HanoiTower\HanoiTower.vcxproj", "{DC506AE5-1877-40D4-9002-F2BC497F1545}"
EndProject
Project("{8BC9CEB8-8B4A-11D0-8D11-00A0C91BC942}") = "MagicSquare", "MagicSquare\MagicSquare.vcxproj", "{BACE82AF-F1A6-41D2-82FB-2F219588411D}"
EndProject
Project("{8BC9CEB8-8B4A-11D0-8D11-00A0C91BC942}") = "StudentMgr", "StudentMgr\StudentMgr.vcxproj", "{01FD11BD-0C9E-4460-BC17-2F37AE9BC8F9}"
EndProject
Project("{8BC9CEB8-8B4A-11D0-8D11-00A0C91BC942}") = "Tree", "Tree\Tree.vcxproj", "{EBE922AB-F77F-43FB-906A-18DA8B14EDCC}"
EndProject
Project("{8BC9CEB8-8B4A-11D0-8D11-00A0C91BC942}") = "Tree_1", "Tree_1\Tree_1.vcxproj", "{ED6EBDEB-F4C3-4AD9-B386-DAEBC00C9810}"
EndProject
Project("{8BC9CEB8-8B4A-11D0-8D11-00A0C91BC942}") = "QuadTree", "QuadTree\QuadTree.vcxproj", "{950C1F25-D719-4BA2-9BC3-B9C1570E9F09}"
EndProject
Project("{8BC9CEB8-8B4A-11D0-8D11-00A0C91BC942}") = "Octree", "Octree\Octree.vcxproj", "{DA444EF7-9782-438C-AE6B-6B6AD7A733FD}"
EndProject
Project("{2150E333-8FDC-42A3-9474-1A3956D46DE8}") = "0_SpaceDivision", "0_SpaceDivision", "{59078C31-9B73-4B78-B05A-6E28816FEF2B}"
EndProject
Project("{8BC9CEB8-8B4A-11D0-8D11-00A0C91BC942}") = "QuadTree_1", "QuadTree_1\QuadTree_1.vcxproj", "{6AFF9787-01F5-4F37-ABB1-14EBF40CF608}"
EndProject
Project("{8BC9CEB8-8B4A-11D0-8D11-00A0C91BC942}") = "Octree_1", "Octree_1\Octree_1.vcxproj", "{E303E535-497A-4BF4-9E4A-B307A132B6F6}"
EndProject
Project("{8BC9CEB8-8B4A-11D0-8D11-00A0C91BC942}") = "Octree_2", "Octree_2\Octree_2.vcxproj", "{1C178E3B-8865-40D2-B400-84B17C79CF91}"
EndProject
Project("{8BC9CEB8-8B4A-11D0-8D11-00A0C91BC942}") = "WindowStudy_0", "WindowStudy_0\WindowStudy_0.vcxproj", "{EEE51D3F-0524-4D36-9457-B6B9E285044C}"
EndProject
Project("{8BC9CEB8-8B4A-11D0-8D11-00A0C91BC942}") = "WindowStudy_1", "WindowStudy_1\WindowStudy_1.vcxproj", "{2FF30C97-3C17-4873-95B8-2FD5C20B6191}"
EndProject
Project("{2150E333-8FDC-42A3-9474-1A3956D46DE8}") = "0_DataStruct", "0_DataStruct", "{2AEBBBB1-ACFB-49EA-B126-72C6C9CEDB60}"
EndProject
Project("{2150E333-8FDC-42A3-9474-1A3956D46DE8}") = "2_GraphicsTraining", "2_GraphicsTraining", "{BFAC8DA4-32C8-42BB-AFE8-D2932AFA5A55}"
EndProject
Project("{2150E333-8FDC-42A3-9474-1A3956D46DE8}") = "0_WinAPI", "0_WinAPI", "{B1003FFF-E6BD-43BD-847C-09F45F98C21B}"
EndProject
Project("{8BC9CEB8-8B4A-11D0-8D11-00A0C91BC942}") = "WindowStudy_2", "WindowStudy_2\WindowStudy_2.vcxproj", "{F93235FA-9F67-4F6E-AC3D-9F0E244CA0E2}"
EndProject
Project("{2150E333-8FDC-42A3-9474-1A3956D46DE8}") = "1_DirectX", "1_DirectX", "{71E43F69-BF20-486C-9DCC-F3DA5971A7A8}"
EndProject
Project("{8BC9CEB8-8B4A-11D0-8D11-00A0C91BC942}") = "DirectX_0", "DirectX_0\DirectX_0.vcxproj", "{C262CBEC-B41A-4F4D-B4BC-08B7CBD42B1D}"
EndProject
Project("{8BC9CEB8-8B4A-11D0-8D11-00A0C91BC942}") = "DirectX_1", "DirectX_1\DirectX_1.vcxproj", "{E1547396-729E-484D-9997-E34042CFF5BC}"
EndProject
Project("{8BC9CEB8-8B4A-11D0-8D11-00A0C91BC942}") = "CreateTriangle_0", "CreateTriangle_0\CreateTriangle_0.vcxproj", "{E390F692-A2D5-42B5-A2C8-CA60447331A2}"
EndProject
Project("{8BC9CEB8-8B4A-11D0-8D11-00A0C91BC942}") = "DrawOctree", "DrawOctree\DrawOctree.vcxproj", "{D6B6A998-DA1A-4D8E-BC84-221FE8578182}"
EndProject
Project("{8BC9CEB8-8B4A-11D0-8D11-00A0C91BC942}") = "DirectXTK_Desktop_2019", "DirectXTK-main\DirectXTK_Desktop_2019.vcxproj", "{E0B52AE7-E160-4D32-BF3F-910B785E5A8E}"
EndProject
Project("{8BC9CEB8-8B4A-11D0-8D11-00A0C91BC942}") = "CreateTexture", "CreateTexture\CreateTexture.vcxproj", "{B049C4C4-9B09-4E93-9594-B9C4B82694DE}"
EndProject
Project("{2150E333-8FDC-42A3-9474-1A3956D46DE8}") = "Toolkit", "Toolkit", "{333ADFFA-9884-425C-BFB4-7647A7F21651}"
EndProject
Project("{8BC9CEB8-8B4A-11D0-8D11-00A0C91BC942}") = "CreateTexture_1", "CreateTexture_1\CreateTexture_1.vcxproj", "{065AC6D0-9FC4-4249-A730-AF2B5390998B}"
EndProject
Project("{2150E333-8FDC-42A3-9474-1A3956D46DE8}") = "2_Shader", "2_Shader", "{7C88A8F0-EE84-4051-ADA5-0127D77CD67E}"
EndProject
Project("{8BC9CEB8-8B4A-11D0-8D11-00A0C91BC942}") = "CreateTexture_2", "CreateTexture_2\CreateTexture_2.vcxproj", "{DEE0CC36-5718-4940-B4C3-F1A88B4C5CDD}"
EndProject
Project("{8BC9CEB8-8B4A-11D0-8D11-00A0C91BC942}") = "GameCoreSample_0", "GameCoreSample_0\GameCoreSample_0.vcxproj", "{13EA1FF5-9480-457A-A6D8-48726C8362CE}"
EndProject
Project("{8BC9CEB8-8B4A-11D0-8D11-00A0C91BC942}") = "GameCoreSample_1", "GameCoreSample_1\GameCoreSample_1.vcxproj", "{8B645685-3C57-4D05-8DDE-2E0E1F766399}"
EndProject
Project("{8BC9CEB8-8B4A-11D0-8D11-00A0C91BC942}") = "GameCoreSample_2", "GameCoreSample_2\GameCoreSample_2.vcxproj", "{C08B133C-7A03-4DEF-B85E-F150F436F2A4}"
EndProject
Project("{2150E333-8FDC-42A3-9474-1A3956D46DE8}") = "1_Core", "1_Core", "{64DA19A4-8BBF-4AFB-8298-21B957FC8F7A}"
EndProject
Project("{2150E333-8FDC-42A3-9474-1A3956D46DE8}") = "0_Basic", "0_Basic", "{20B4A19C-7BE7-486A-A742-5F0B806D5141}"
EndProject
Project("{2150E333-8FDC-42A3-9474-1A3956D46DE8}") = "3_Texture", "3_Texture", "{962E6492-7095-4380-89E2-04FB3D519E0A}"
EndProject
Project("{2150E333-8FDC-42A3-9474-1A3956D46DE8}") = "4_Tree", "4_Tree", "{2CB1BE19-C298-4978-B0D7-0D0A2C5E97F0}"
EndProject
Project("{8BC9CEB8-8B4A-11D0-8D11-00A0C91BC942}") = "WanyCore", "WanyCore\WanyCore.vcxproj", "{DCBBFF00-FB32-44C8-93E3-5B71B5F68A18}"
EndProject
Project("{2150E333-8FDC-42A3-9474-1A3956D46DE8}") = "3_Library", "3_Library", "{DDEE7D2A-000E-44AF-88FE-A1800F9040F1}"
EndProject
Project("{8BC9CEB8-8B4A-11D0-8D11-00A0C91BC942}") = "WanyCoreTest_0", "WanyCoreTest_0\WanyCoreTest_0.vcxproj", "{3FF18C87-C8AC-4A6B-982A-F2ED5CC0EBB6}"
EndProject
Project("{2150E333-8FDC-42A3-9474-1A3956D46DE8}") = "1_Test", "1_Test", "{9F47A49F-976D-48FC-B89F-5B06CD034EFB}"
EndProject
Project("{2150E333-8FDC-42A3-9474-1A3956D46DE8}") = "0_Core", "0_Core", "{348D271A-400C-45FF-A7D0-9B064FE7AE8D}"
EndProject
Project("{8BC9CEB8-8B4A-11D0-8D11-00A0C91BC942}") = "CoreTestTemplate_0", "CoreTestTemplate_0\CoreTestTemplate_0.vcxproj", "{AFC0D990-251D-4B37-B463-F75914ACDFBA}"
EndProject
Project("{2150E333-8FDC-42A3-9474-1A3956D46DE8}") = "0_ProjectTemplate", "0_ProjectTemplate", "{781105B6-45E8-4625-922D-D4E74DE07452}"
EndProject
Project("{8BC9CEB8-8B4A-11D0-8D11-00A0C91BC942}") = "CoreTimerTest_0", "CoreTimerTest_0\CoreTimerTest_0.vcxproj", "{0A8A26A1-16B0-4327-A122-36E2DA146421}"
EndProject
Project("{8BC9CEB8-8B4A-11D0-8D11-00A0C91BC942}") = "CoreTimerTest_1", "CoreTimerTest_1\CoreTimerTest_1.vcxproj", "{9EEC6CC0-46EF-4345-8228-D577409D01B4}"
EndProject
Project("{2150E333-8FDC-42A3-9474-1A3956D46DE8}") = "3_Timer", "3_Timer", "{E68E2F65-7F84-43B9-9E39-B436D9AFECD3}"
EndProject
Project("{2150E333-8FDC-42A3-9474-1A3956D46DE8}") = "2_Input", "2_Input", "{AF43BEF3-4D3F-4C19-879E-79F2A9D0E104}"
EndProject
Project("{8BC9CEB8-8B4A-11D0-8D11-00A0C91BC942}") = "CoreInputTest_0", "CoreInputTest_0\CoreInputTest_0.vcxproj", "{FC91D3B0-122F-459C-92AB-83045900FCA7}"
EndProject
Project("{8BC9CEB8-8B4A-11D0-8D11-00A0C91BC942}") = "CoreInputTest_1", "CoreInputTest_1\CoreInputTest_1.vcxproj", "{8271BB85-C470-4708-ABFF-3C46E34281FD}"
EndProject
Project("{2150E333-8FDC-42A3-9474-1A3956D46DE8}") = "4_DXWriter", "4_DXWriter", "{BFA41BE7-AC7B-40E1-B98A-8D92A05E9F9F}"
EndProject
Project("{8BC9CEB8-8B4A-11D0-8D11-00A0C91BC942}") = "CoreWriterTest_0", "CoreWriterTest_0\CoreWriterTest_0.vcxproj", "{B4638F32-FFDE-401F-9B1D-F39C68B82185}"
EndProject
Project("{8BC9CEB8-8B4A-11D0-8D11-00A0C91BC942}") = "CoreWriterTest_1", "CoreWriterTest_1\CoreWriterTest_1.vcxproj", "{6F76FDD8-AA53-4AAC-A7AF-9A49C856CAED}"
EndProject
Project("{2150E333-8FDC-42A3-9474-1A3956D46DE8}") = "1_Core", "1_Core", "{F7456E38-9938-4883-B982-7D264C2ADAF2}"
EndProject
Project("{2150E333-8FDC-42A3-9474-1A3956D46DE8}") = "1_Algorithm", "1_Algorithm", "{EEE5A0BB-331A-4501-8E17-2BB6958B553D}"
EndProject
Project("{2150E333-8FDC-42A3-9474-1A3956D46DE8}") = "0_LinkedList", "0_LinkedList", "{ACD92B18-64C8-4788-8E54-2703490A712C}"
EndProject
Project("{2150E333-8FDC-42A3-9474-1A3956D46DE8}") = "1_Tree", "1_Tree", "{D4C7B1B9-A5B7-43E3-9C48-800D7DD5FEC1}"
EndProject
Global
	GlobalSection(SolutionConfigurationPlatforms) = preSolution
		Debug|ARM = Debug|ARM
		Debug|ARM64 = Debug|ARM64
		Debug|x64 = Debug|x64
		Debug|x86 = Debug|x86
		Release|ARM = Release|ARM
		Release|ARM64 = Release|ARM64
		Release|x64 = Release|x64
		Release|x86 = Release|x86
	EndGlobalSection
	GlobalSection(ProjectConfigurationPlatforms) = postSolution
		{DC506AE5-1877-40D4-9002-F2BC497F1545}.Debug|ARM.ActiveCfg = Debug|Win32
		{DC506AE5-1877-40D4-9002-F2BC497F1545}.Debug|ARM64.ActiveCfg = Debug|Win32
		{DC506AE5-1877-40D4-9002-F2BC497F1545}.Debug|x64.ActiveCfg = Debug|x64
		{DC506AE5-1877-40D4-9002-F2BC497F1545}.Debug|x64.Build.0 = Debug|x64
		{DC506AE5-1877-40D4-9002-F2BC497F1545}.Debug|x86.ActiveCfg = Debug|Win32
		{DC506AE5-1877-40D4-9002-F2BC497F1545}.Debug|x86.Build.0 = Debug|Win32
		{DC506AE5-1877-40D4-9002-F2BC497F1545}.Release|ARM.ActiveCfg = Release|Win32
		{DC506AE5-1877-40D4-9002-F2BC497F1545}.Release|ARM64.ActiveCfg = Release|Win32
		{DC506AE5-1877-40D4-9002-F2BC497F1545}.Release|x64.ActiveCfg = Release|x64
		{DC506AE5-1877-40D4-9002-F2BC497F1545}.Release|x64.Build.0 = Release|x64
		{DC506AE5-1877-40D4-9002-F2BC497F1545}.Release|x86.ActiveCfg = Release|Win32
		{DC506AE5-1877-40D4-9002-F2BC497F1545}.Release|x86.Build.0 = Release|Win32
		{BACE82AF-F1A6-41D2-82FB-2F219588411D}.Debug|ARM.ActiveCfg = Debug|Win32
		{BACE82AF-F1A6-41D2-82FB-2F219588411D}.Debug|ARM64.ActiveCfg = Debug|Win32
		{BACE82AF-F1A6-41D2-82FB-2F219588411D}.Debug|x64.ActiveCfg = Debug|x64
		{BACE82AF-F1A6-41D2-82FB-2F219588411D}.Debug|x64.Build.0 = Debug|x64
		{BACE82AF-F1A6-41D2-82FB-2F219588411D}.Debug|x86.ActiveCfg = Debug|Win32
		{BACE82AF-F1A6-41D2-82FB-2F219588411D}.Debug|x86.Build.0 = Debug|Win32
		{BACE82AF-F1A6-41D2-82FB-2F219588411D}.Release|ARM.ActiveCfg = Release|Win32
		{BACE82AF-F1A6-41D2-82FB-2F219588411D}.Release|ARM64.ActiveCfg = Release|Win32
		{BACE82AF-F1A6-41D2-82FB-2F219588411D}.Release|x64.ActiveCfg = Release|x64
		{BACE82AF-F1A6-41D2-82FB-2F219588411D}.Release|x64.Build.0 = Release|x64
		{BACE82AF-F1A6-41D2-82FB-2F219588411D}.Release|x86.ActiveCfg = Release|Win32
		{BACE82AF-F1A6-41D2-82FB-2F219588411D}.Release|x86.Build.0 = Release|Win32
		{01FD11BD-0C9E-4460-BC17-2F37AE9BC8F9}.Debug|ARM.ActiveCfg = Debug|Win32
		{01FD11BD-0C9E-4460-BC17-2F37AE9BC8F9}.Debug|ARM64.ActiveCfg = Debug|Win32
		{01FD11BD-0C9E-4460-BC17-2F37AE9BC8F9}.Debug|x64.ActiveCfg = Debug|x64
		{01FD11BD-0C9E-4460-BC17-2F37AE9BC8F9}.Debug|x64.Build.0 = Debug|x64
		{01FD11BD-0C9E-4460-BC17-2F37AE9BC8F9}.Debug|x86.ActiveCfg = Debug|Win32
		{01FD11BD-0C9E-4460-BC17-2F37AE9BC8F9}.Debug|x86.Build.0 = Debug|Win32
		{01FD11BD-0C9E-4460-BC17-2F37AE9BC8F9}.Release|ARM.ActiveCfg = Release|Win32
		{01FD11BD-0C9E-4460-BC17-2F37AE9BC8F9}.Release|ARM64.ActiveCfg = Release|Win32
		{01FD11BD-0C9E-4460-BC17-2F37AE9BC8F9}.Release|x64.ActiveCfg = Release|x64
		{01FD11BD-0C9E-4460-BC17-2F37AE9BC8F9}.Release|x64.Build.0 = Release|x64
		{01FD11BD-0C9E-4460-BC17-2F37AE9BC8F9}.Release|x86.ActiveCfg = Release|Win32
		{01FD11BD-0C9E-4460-BC17-2F37AE9BC8F9}.Release|x86.Build.0 = Release|Win32
		{EBE922AB-F77F-43FB-906A-18DA8B14EDCC}.Debug|ARM.ActiveCfg = Debug|Win32
		{EBE922AB-F77F-43FB-906A-18DA8B14EDCC}.Debug|ARM64.ActiveCfg = Debug|Win32
		{EBE922AB-F77F-43FB-906A-18DA8B14EDCC}.Debug|x64.ActiveCfg = Debug|x64
		{EBE922AB-F77F-43FB-906A-18DA8B14EDCC}.Debug|x64.Build.0 = Debug|x64
		{EBE922AB-F77F-43FB-906A-18DA8B14EDCC}.Debug|x86.ActiveCfg = Debug|Win32
		{EBE922AB-F77F-43FB-906A-18DA8B14EDCC}.Debug|x86.Build.0 = Debug|Win32
		{EBE922AB-F77F-43FB-906A-18DA8B14EDCC}.Release|ARM.ActiveCfg = Release|Win32
		{EBE922AB-F77F-43FB-906A-18DA8B14EDCC}.Release|ARM64.ActiveCfg = Release|Win32
		{EBE922AB-F77F-43FB-906A-18DA8B14EDCC}.Release|x64.ActiveCfg = Release|x64
		{EBE922AB-F77F-43FB-906A-18DA8B14EDCC}.Release|x64.Build.0 = Release|x64
		{EBE922AB-F77F-43FB-906A-18DA8B14EDCC}.Release|x86.ActiveCfg = Release|Win32
		{EBE922AB-F77F-43FB-906A-18DA8B14EDCC}.Release|x86.Build.0 = Release|Win32
		{ED6EBDEB-F4C3-4AD9-B386-DAEBC00C9810}.Debug|ARM.ActiveCfg = Debug|Win32
		{ED6EBDEB-F4C3-4AD9-B386-DAEBC00C9810}.Debug|ARM64.ActiveCfg = Debug|Win32
		{ED6EBDEB-F4C3-4AD9-B386-DAEBC00C9810}.Debug|x64.ActiveCfg = Debug|x64
		{ED6EBDEB-F4C3-4AD9-B386-DAEBC00C9810}.Debug|x64.Build.0 = Debug|x64
		{ED6EBDEB-F4C3-4AD9-B386-DAEBC00C9810}.Debug|x86.ActiveCfg = Debug|Win32
		{ED6EBDEB-F4C3-4AD9-B386-DAEBC00C9810}.Debug|x86.Build.0 = Debug|Win32
		{ED6EBDEB-F4C3-4AD9-B386-DAEBC00C9810}.Release|ARM.ActiveCfg = Release|Win32
		{ED6EBDEB-F4C3-4AD9-B386-DAEBC00C9810}.Release|ARM64.ActiveCfg = Release|Win32
		{ED6EBDEB-F4C3-4AD9-B386-DAEBC00C9810}.Release|x64.ActiveCfg = Release|x64
		{ED6EBDEB-F4C3-4AD9-B386-DAEBC00C9810}.Release|x64.Build.0 = Release|x64
		{ED6EBDEB-F4C3-4AD9-B386-DAEBC00C9810}.Release|x86.ActiveCfg = Release|Win32
		{ED6EBDEB-F4C3-4AD9-B386-DAEBC00C9810}.Release|x86.Build.0 = Release|Win32
		{950C1F25-D719-4BA2-9BC3-B9C1570E9F09}.Debug|ARM.ActiveCfg = Debug|Win32
		{950C1F25-D719-4BA2-9BC3-B9C1570E9F09}.Debug|ARM64.ActiveCfg = Debug|Win32
		{950C1F25-D719-4BA2-9BC3-B9C1570E9F09}.Debug|x64.ActiveCfg = Debug|x64
		{950C1F25-D719-4BA2-9BC3-B9C1570E9F09}.Debug|x64.Build.0 = Debug|x64
		{950C1F25-D719-4BA2-9BC3-B9C1570E9F09}.Debug|x86.ActiveCfg = Debug|Win32
		{950C1F25-D719-4BA2-9BC3-B9C1570E9F09}.Debug|x86.Build.0 = Debug|Win32
		{950C1F25-D719-4BA2-9BC3-B9C1570E9F09}.Release|ARM.ActiveCfg = Release|Win32
		{950C1F25-D719-4BA2-9BC3-B9C1570E9F09}.Release|ARM64.ActiveCfg = Release|Win32
		{950C1F25-D719-4BA2-9BC3-B9C1570E9F09}.Release|x64.ActiveCfg = Release|x64
		{950C1F25-D719-4BA2-9BC3-B9C1570E9F09}.Release|x64.Build.0 = Release|x64
		{950C1F25-D719-4BA2-9BC3-B9C1570E9F09}.Release|x86.ActiveCfg = Release|Win32
		{950C1F25-D719-4BA2-9BC3-B9C1570E9F09}.Release|x86.Build.0 = Release|Win32
		{DA444EF7-9782-438C-AE6B-6B6AD7A733FD}.Debug|ARM.ActiveCfg = Debug|Win32
		{DA444EF7-9782-438C-AE6B-6B6AD7A733FD}.Debug|ARM64.ActiveCfg = Debug|Win32
		{DA444EF7-9782-438C-AE6B-6B6AD7A733FD}.Debug|x64.ActiveCfg = Debug|x64
		{DA444EF7-9782-438C-AE6B-6B6AD7A733FD}.Debug|x64.Build.0 = Debug|x64
		{DA444EF7-9782-438C-AE6B-6B6AD7A733FD}.Debug|x86.ActiveCfg = Debug|Win32
		{DA444EF7-9782-438C-AE6B-6B6AD7A733FD}.Debug|x86.Build.0 = Debug|Win32
		{DA444EF7-9782-438C-AE6B-6B6AD7A733FD}.Release|ARM.ActiveCfg = Release|Win32
		{DA444EF7-9782-438C-AE6B-6B6AD7A733FD}.Release|ARM64.ActiveCfg = Release|Win32
		{DA444EF7-9782-438C-AE6B-6B6AD7A733FD}.Release|x64.ActiveCfg = Release|x64
		{DA444EF7-9782-438C-AE6B-6B6AD7A733FD}.Release|x64.Build.0 = Release|x64
		{DA444EF7-9782-438C-AE6B-6B6AD7A733FD}.Release|x86.ActiveCfg = Release|Win32
		{DA444EF7-9782-438C-AE6B-6B6AD7A733FD}.Release|x86.Build.0 = Release|Win32
		{6AFF9787-01F5-4F37-ABB1-14EBF40CF608}.Debug|ARM.ActiveCfg = Debug|Win32
		{6AFF9787-01F5-4F37-ABB1-14EBF40CF608}.Debug|ARM64.ActiveCfg = Debug|Win32
		{6AFF9787-01F5-4F37-ABB1-14EBF40CF608}.Debug|x64.ActiveCfg = Debug|x64
		{6AFF9787-01F5-4F37-ABB1-14EBF40CF608}.Debug|x64.Build.0 = Debug|x64
		{6AFF9787-01F5-4F37-ABB1-14EBF40CF608}.Debug|x86.ActiveCfg = Debug|Win32
		{6AFF9787-01F5-4F37-ABB1-14EBF40CF608}.Debug|x86.Build.0 = Debug|Win32
		{6AFF9787-01F5-4F37-ABB1-14EBF40CF608}.Release|ARM.ActiveCfg = Release|Win32
		{6AFF9787-01F5-4F37-ABB1-14EBF40CF608}.Release|ARM64.ActiveCfg = Release|Win32
		{6AFF9787-01F5-4F37-ABB1-14EBF40CF608}.Release|x64.ActiveCfg = Release|x64
		{6AFF9787-01F5-4F37-ABB1-14EBF40CF608}.Release|x64.Build.0 = Release|x64
		{6AFF9787-01F5-4F37-ABB1-14EBF40CF608}.Release|x86.ActiveCfg = Release|Win32
		{6AFF9787-01F5-4F37-ABB1-14EBF40CF608}.Release|x86.Build.0 = Release|Win32
		{E303E535-497A-4BF4-9E4A-B307A132B6F6}.Debug|ARM.ActiveCfg = Debug|Win32
		{E303E535-497A-4BF4-9E4A-B307A132B6F6}.Debug|ARM64.ActiveCfg = Debug|Win32
		{E303E535-497A-4BF4-9E4A-B307A132B6F6}.Debug|x64.ActiveCfg = Debug|x64
		{E303E535-497A-4BF4-9E4A-B307A132B6F6}.Debug|x64.Build.0 = Debug|x64
		{E303E535-497A-4BF4-9E4A-B307A132B6F6}.Debug|x86.ActiveCfg = Debug|Win32
		{E303E535-497A-4BF4-9E4A-B307A132B6F6}.Debug|x86.Build.0 = Debug|Win32
		{E303E535-497A-4BF4-9E4A-B307A132B6F6}.Release|ARM.ActiveCfg = Release|Win32
		{E303E535-497A-4BF4-9E4A-B307A132B6F6}.Release|ARM64.ActiveCfg = Release|Win32
		{E303E535-497A-4BF4-9E4A-B307A132B6F6}.Release|x64.ActiveCfg = Release|x64
		{E303E535-497A-4BF4-9E4A-B307A132B6F6}.Release|x64.Build.0 = Release|x64
		{E303E535-497A-4BF4-9E4A-B307A132B6F6}.Release|x86.ActiveCfg = Release|Win32
		{E303E535-497A-4BF4-9E4A-B307A132B6F6}.Release|x86.Build.0 = Release|Win32
		{1C178E3B-8865-40D2-B400-84B17C79CF91}.Debug|ARM.ActiveCfg = Debug|Win32
		{1C178E3B-8865-40D2-B400-84B17C79CF91}.Debug|ARM64.ActiveCfg = Debug|Win32
		{1C178E3B-8865-40D2-B400-84B17C79CF91}.Debug|x64.ActiveCfg = Debug|x64
		{1C178E3B-8865-40D2-B400-84B17C79CF91}.Debug|x64.Build.0 = Debug|x64
		{1C178E3B-8865-40D2-B400-84B17C79CF91}.Debug|x86.ActiveCfg = Debug|Win32
		{1C178E3B-8865-40D2-B400-84B17C79CF91}.Debug|x86.Build.0 = Debug|Win32
		{1C178E3B-8865-40D2-B400-84B17C79CF91}.Release|ARM.ActiveCfg = Release|Win32
		{1C178E3B-8865-40D2-B400-84B17C79CF91}.Release|ARM64.ActiveCfg = Release|Win32
		{1C178E3B-8865-40D2-B400-84B17C79CF91}.Release|x64.ActiveCfg = Release|x64
		{1C178E3B-8865-40D2-B400-84B17C79CF91}.Release|x64.Build.0 = Release|x64
		{1C178E3B-8865-40D2-B400-84B17C79CF91}.Release|x86.ActiveCfg = Release|Win32
		{1C178E3B-8865-40D2-B400-84B17C79CF91}.Release|x86.Build.0 = Release|Win32
		{EEE51D3F-0524-4D36-9457-B6B9E285044C}.Debug|ARM.ActiveCfg = Debug|Win32
		{EEE51D3F-0524-4D36-9457-B6B9E285044C}.Debug|ARM64.ActiveCfg = Debug|Win32
		{EEE51D3F-0524-4D36-9457-B6B9E285044C}.Debug|x64.ActiveCfg = Debug|x64
		{EEE51D3F-0524-4D36-9457-B6B9E285044C}.Debug|x64.Build.0 = Debug|x64
		{EEE51D3F-0524-4D36-9457-B6B9E285044C}.Debug|x86.ActiveCfg = Debug|Win32
		{EEE51D3F-0524-4D36-9457-B6B9E285044C}.Debug|x86.Build.0 = Debug|Win32
		{EEE51D3F-0524-4D36-9457-B6B9E285044C}.Release|ARM.ActiveCfg = Release|Win32
		{EEE51D3F-0524-4D36-9457-B6B9E285044C}.Release|ARM64.ActiveCfg = Release|Win32
		{EEE51D3F-0524-4D36-9457-B6B9E285044C}.Release|x64.ActiveCfg = Release|x64
		{EEE51D3F-0524-4D36-9457-B6B9E285044C}.Release|x64.Build.0 = Release|x64
		{EEE51D3F-0524-4D36-9457-B6B9E285044C}.Release|x86.ActiveCfg = Release|Win32
		{EEE51D3F-0524-4D36-9457-B6B9E285044C}.Release|x86.Build.0 = Release|Win32
		{2FF30C97-3C17-4873-95B8-2FD5C20B6191}.Debug|ARM.ActiveCfg = Debug|Win32
		{2FF30C97-3C17-4873-95B8-2FD5C20B6191}.Debug|ARM64.ActiveCfg = Debug|Win32
		{2FF30C97-3C17-4873-95B8-2FD5C20B6191}.Debug|x64.ActiveCfg = Debug|x64
		{2FF30C97-3C17-4873-95B8-2FD5C20B6191}.Debug|x64.Build.0 = Debug|x64
		{2FF30C97-3C17-4873-95B8-2FD5C20B6191}.Debug|x86.ActiveCfg = Debug|Win32
		{2FF30C97-3C17-4873-95B8-2FD5C20B6191}.Debug|x86.Build.0 = Debug|Win32
		{2FF30C97-3C17-4873-95B8-2FD5C20B6191}.Release|ARM.ActiveCfg = Release|Win32
		{2FF30C97-3C17-4873-95B8-2FD5C20B6191}.Release|ARM64.ActiveCfg = Release|Win32
		{2FF30C97-3C17-4873-95B8-2FD5C20B6191}.Release|x64.ActiveCfg = Release|x64
		{2FF30C97-3C17-4873-95B8-2FD5C20B6191}.Release|x64.Build.0 = Release|x64
		{2FF30C97-3C17-4873-95B8-2FD5C20B6191}.Release|x86.ActiveCfg = Release|Win32
		{2FF30C97-3C17-4873-95B8-2FD5C20B6191}.Release|x86.Build.0 = Release|Win32
		{F93235FA-9F67-4F6E-AC3D-9F0E244CA0E2}.Debug|ARM.ActiveCfg = Debug|Win32
		{F93235FA-9F67-4F6E-AC3D-9F0E244CA0E2}.Debug|ARM64.ActiveCfg = Debug|Win32
		{F93235FA-9F67-4F6E-AC3D-9F0E244CA0E2}.Debug|x64.ActiveCfg = Debug|x64
		{F93235FA-9F67-4F6E-AC3D-9F0E244CA0E2}.Debug|x64.Build.0 = Debug|x64
		{F93235FA-9F67-4F6E-AC3D-9F0E244CA0E2}.Debug|x86.ActiveCfg = Debug|Win32
		{F93235FA-9F67-4F6E-AC3D-9F0E244CA0E2}.Debug|x86.Build.0 = Debug|Win32
		{F93235FA-9F67-4F6E-AC3D-9F0E244CA0E2}.Release|ARM.ActiveCfg = Release|Win32
		{F93235FA-9F67-4F6E-AC3D-9F0E244CA0E2}.Release|ARM64.ActiveCfg = Release|Win32
		{F93235FA-9F67-4F6E-AC3D-9F0E244CA0E2}.Release|x64.ActiveCfg = Release|x64
		{F93235FA-9F67-4F6E-AC3D-9F0E244CA0E2}.Release|x64.Build.0 = Release|x64
		{F93235FA-9F67-4F6E-AC3D-9F0E244CA0E2}.Release|x86.ActiveCfg = Release|Win32
		{F93235FA-9F67-4F6E-AC3D-9F0E244CA0E2}.Release|x86.Build.0 = Release|Win32
		{C262CBEC-B41A-4F4D-B4BC-08B7CBD42B1D}.Debug|ARM.ActiveCfg = Debug|Win32
		{C262CBEC-B41A-4F4D-B4BC-08B7CBD42B1D}.Debug|ARM64.ActiveCfg = Debug|Win32
		{C262CBEC-B41A-4F4D-B4BC-08B7CBD42B1D}.Debug|x64.ActiveCfg = Debug|x64
		{C262CBEC-B41A-4F4D-B4BC-08B7CBD42B1D}.Debug|x64.Build.0 = Debug|x64
		{C262CBEC-B41A-4F4D-B4BC-08B7CBD42B1D}.Debug|x86.ActiveCfg = Debug|Win32
		{C262CBEC-B41A-4F4D-B4BC-08B7CBD42B1D}.Debug|x86.Build.0 = Debug|Win32
		{C262CBEC-B41A-4F4D-B4BC-08B7CBD42B1D}.Release|ARM.ActiveCfg = Release|Win32
		{C262CBEC-B41A-4F4D-B4BC-08B7CBD42B1D}.Release|ARM64.ActiveCfg = Release|Win32
		{C262CBEC-B41A-4F4D-B4BC-08B7CBD42B1D}.Release|x64.ActiveCfg = Release|x64
		{C262CBEC-B41A-4F4D-B4BC-08B7CBD42B1D}.Release|x64.Build.0 = Release|x64
		{C262CBEC-B41A-4F4D-B4BC-08B7CBD42B1D}.Release|x86.ActiveCfg = Release|Win32
		{C262CBEC-B41A-4F4D-B4BC-08B7CBD42B1D}.Release|x86.Build.0 = Release|Win32
		{E1547396-729E-484D-9997-E34042CFF5BC}.Debug|ARM.ActiveCfg = Debug|Win32
		{E1547396-729E-484D-9997-E34042CFF5BC}.Debug|ARM64.ActiveCfg = Debug|Win32
		{E1547396-729E-484D-9997-E34042CFF5BC}.Debug|x64.ActiveCfg = Debug|x64
		{E1547396-729E-484D-9997-E34042CFF5BC}.Debug|x64.Build.0 = Debug|x64
		{E1547396-729E-484D-9997-E34042CFF5BC}.Debug|x86.ActiveCfg = Debug|Win32
		{E1547396-729E-484D-9997-E34042CFF5BC}.Debug|x86.Build.0 = Debug|Win32
		{E1547396-729E-484D-9997-E34042CFF5BC}.Release|ARM.ActiveCfg = Release|Win32
		{E1547396-729E-484D-9997-E34042CFF5BC}.Release|ARM64.ActiveCfg = Release|Win32
		{E1547396-729E-484D-9997-E34042CFF5BC}.Release|x64.ActiveCfg = Release|x64
		{E1547396-729E-484D-9997-E34042CFF5BC}.Release|x64.Build.0 = Release|x64
		{E1547396-729E-484D-9997-E34042CFF5BC}.Release|x86.ActiveCfg = Release|Win32
		{E1547396-729E-484D-9997-E34042CFF5BC}.Release|x86.Build.0 = Release|Win32
		{E390F692-A2D5-42B5-A2C8-CA60447331A2}.Debug|ARM.ActiveCfg = Debug|Win32
		{E390F692-A2D5-42B5-A2C8-CA60447331A2}.Debug|ARM64.ActiveCfg = Debug|Win32
		{E390F692-A2D5-42B5-A2C8-CA60447331A2}.Debug|x64.ActiveCfg = Debug|x64
		{E390F692-A2D5-42B5-A2C8-CA60447331A2}.Debug|x64.Build.0 = Debug|x64
		{E390F692-A2D5-42B5-A2C8-CA60447331A2}.Debug|x86.ActiveCfg = Debug|Win32
		{E390F692-A2D5-42B5-A2C8-CA60447331A2}.Debug|x86.Build.0 = Debug|Win32
		{E390F692-A2D5-42B5-A2C8-CA60447331A2}.Release|ARM.ActiveCfg = Release|Win32
		{E390F692-A2D5-42B5-A2C8-CA60447331A2}.Release|ARM64.ActiveCfg = Release|Win32
		{E390F692-A2D5-42B5-A2C8-CA60447331A2}.Release|x64.ActiveCfg = Release|x64
		{E390F692-A2D5-42B5-A2C8-CA60447331A2}.Release|x64.Build.0 = Release|x64
		{E390F692-A2D5-42B5-A2C8-CA60447331A2}.Release|x86.ActiveCfg = Release|Win32
		{E390F692-A2D5-42B5-A2C8-CA60447331A2}.Release|x86.Build.0 = Release|Win32
		{D6B6A998-DA1A-4D8E-BC84-221FE8578182}.Debug|ARM.ActiveCfg = Debug|Win32
		{D6B6A998-DA1A-4D8E-BC84-221FE8578182}.Debug|ARM64.ActiveCfg = Debug|Win32
		{D6B6A998-DA1A-4D8E-BC84-221FE8578182}.Debug|x64.ActiveCfg = Debug|x64
		{D6B6A998-DA1A-4D8E-BC84-221FE8578182}.Debug|x64.Build.0 = Debug|x64
		{D6B6A998-DA1A-4D8E-BC84-221FE8578182}.Debug|x86.ActiveCfg = Debug|Win32
		{D6B6A998-DA1A-4D8E-BC84-221FE8578182}.Debug|x86.Build.0 = Debug|Win32
		{D6B6A998-DA1A-4D8E-BC84-221FE8578182}.Release|ARM.ActiveCfg = Release|Win32
		{D6B6A998-DA1A-4D8E-BC84-221FE8578182}.Release|ARM64.ActiveCfg = Release|Win32
		{D6B6A998-DA1A-4D8E-BC84-221FE8578182}.Release|x64.ActiveCfg = Release|x64
		{D6B6A998-DA1A-4D8E-BC84-221FE8578182}.Release|x64.Build.0 = Release|x64
		{D6B6A998-DA1A-4D8E-BC84-221FE8578182}.Release|x86.ActiveCfg = Release|Win32
		{D6B6A998-DA1A-4D8E-BC84-221FE8578182}.Release|x86.Build.0 = Release|Win32
		{E0B52AE7-E160-4D32-BF3F-910B785E5A8E}.Debug|ARM.ActiveCfg = Debug|Win32
		{E0B52AE7-E160-4D32-BF3F-910B785E5A8E}.Debug|ARM64.ActiveCfg = Debug|Win32
		{E0B52AE7-E160-4D32-BF3F-910B785E5A8E}.Debug|x64.ActiveCfg = Debug|x64
		{E0B52AE7-E160-4D32-BF3F-910B785E5A8E}.Debug|x64.Build.0 = Debug|x64
		{E0B52AE7-E160-4D32-BF3F-910B785E5A8E}.Debug|x86.ActiveCfg = Debug|Win32
		{E0B52AE7-E160-4D32-BF3F-910B785E5A8E}.Debug|x86.Build.0 = Debug|Win32
		{E0B52AE7-E160-4D32-BF3F-910B785E5A8E}.Release|ARM.ActiveCfg = Release|Win32
		{E0B52AE7-E160-4D32-BF3F-910B785E5A8E}.Release|ARM64.ActiveCfg = Release|Win32
		{E0B52AE7-E160-4D32-BF3F-910B785E5A8E}.Release|x64.ActiveCfg = Release|x64
		{E0B52AE7-E160-4D32-BF3F-910B785E5A8E}.Release|x64.Build.0 = Release|x64
		{E0B52AE7-E160-4D32-BF3F-910B785E5A8E}.Release|x86.ActiveCfg = Release|Win32
		{E0B52AE7-E160-4D32-BF3F-910B785E5A8E}.Release|x86.Build.0 = Release|Win32
		{B049C4C4-9B09-4E93-9594-B9C4B82694DE}.Debug|ARM.ActiveCfg = Debug|Win32
		{B049C4C4-9B09-4E93-9594-B9C4B82694DE}.Debug|ARM64.ActiveCfg = Debug|Win32
		{B049C4C4-9B09-4E93-9594-B9C4B82694DE}.Debug|x64.ActiveCfg = Debug|x64
		{B049C4C4-9B09-4E93-9594-B9C4B82694DE}.Debug|x64.Build.0 = Debug|x64
		{B049C4C4-9B09-4E93-9594-B9C4B82694DE}.Debug|x86.ActiveCfg = Debug|Win32
		{B049C4C4-9B09-4E93-9594-B9C4B82694DE}.Debug|x86.Build.0 = Debug|Win32
		{B049C4C4-9B09-4E93-9594-B9C4B82694DE}.Release|ARM.ActiveCfg = Release|Win32
		{B049C4C4-9B09-4E93-9594-B9C4B82694DE}.Release|ARM64.ActiveCfg = Release|Win32
		{B049C4C4-9B09-4E93-9594-B9C4B82694DE}.Release|x64.ActiveCfg = Release|x64
		{B049C4C4-9B09-4E93-9594-B9C4B82694DE}.Release|x64.Build.0 = Release|x64
		{B049C4C4-9B09-4E93-9594-B9C4B82694DE}.Release|x86.ActiveCfg = Release|Win32
		{B049C4C4-9B09-4E93-9594-B9C4B82694DE}.Release|x86.Build.0 = Release|Win32
		{065AC6D0-9FC4-4249-A730-AF2B5390998B}.Debug|ARM.ActiveCfg = Debug|Win32
		{065AC6D0-9FC4-4249-A730-AF2B5390998B}.Debug|ARM64.ActiveCfg = Debug|Win32
		{065AC6D0-9FC4-4249-A730-AF2B5390998B}.Debug|x64.ActiveCfg = Debug|x64
		{065AC6D0-9FC4-4249-A730-AF2B5390998B}.Debug|x64.Build.0 = Debug|x64
		{065AC6D0-9FC4-4249-A730-AF2B5390998B}.Debug|x86.ActiveCfg = Debug|Win32
		{065AC6D0-9FC4-4249-A730-AF2B5390998B}.Debug|x86.Build.0 = Debug|Win32
		{065AC6D0-9FC4-4249-A730-AF2B5390998B}.Release|ARM.ActiveCfg = Release|Win32
		{065AC6D0-9FC4-4249-A730-AF2B5390998B}.Release|ARM64.ActiveCfg = Release|Win32
		{065AC6D0-9FC4-4249-A730-AF2B5390998B}.Release|x64.ActiveCfg = Release|x64
		{065AC6D0-9FC4-4249-A730-AF2B5390998B}.Release|x64.Build.0 = Release|x64
		{065AC6D0-9FC4-4249-A730-AF2B5390998B}.Release|x86.ActiveCfg = Release|Win32
		{065AC6D0-9FC4-4249-A730-AF2B5390998B}.Release|x86.Build.0 = Release|Win32
		{DEE0CC36-5718-4940-B4C3-F1A88B4C5CDD}.Debug|ARM.ActiveCfg = Debug|x64
		{DEE0CC36-5718-4940-B4C3-F1A88B4C5CDD}.Debug|ARM.Build.0 = Debug|x64
		{DEE0CC36-5718-4940-B4C3-F1A88B4C5CDD}.Debug|ARM64.ActiveCfg = Debug|x64
		{DEE0CC36-5718-4940-B4C3-F1A88B4C5CDD}.Debug|ARM64.Build.0 = Debug|x64
		{DEE0CC36-5718-4940-B4C3-F1A88B4C5CDD}.Debug|x64.ActiveCfg = Debug|x64
		{DEE0CC36-5718-4940-B4C3-F1A88B4C5CDD}.Debug|x64.Build.0 = Debug|x64
		{DEE0CC36-5718-4940-B4C3-F1A88B4C5CDD}.Debug|x86.ActiveCfg = Debug|Win32
		{DEE0CC36-5718-4940-B4C3-F1A88B4C5CDD}.Debug|x86.Build.0 = Debug|Win32
		{DEE0CC36-5718-4940-B4C3-F1A88B4C5CDD}.Release|ARM.ActiveCfg = Release|x64
		{DEE0CC36-5718-4940-B4C3-F1A88B4C5CDD}.Release|ARM.Build.0 = Release|x64
		{DEE0CC36-5718-4940-B4C3-F1A88B4C5CDD}.Release|ARM64.ActiveCfg = Release|x64
		{DEE0CC36-5718-4940-B4C3-F1A88B4C5CDD}.Release|ARM64.Build.0 = Release|x64
		{DEE0CC36-5718-4940-B4C3-F1A88B4C5CDD}.Release|x64.ActiveCfg = Release|x64
		{DEE0CC36-5718-4940-B4C3-F1A88B4C5CDD}.Release|x64.Build.0 = Release|x64
		{DEE0CC36-5718-4940-B4C3-F1A88B4C5CDD}.Release|x86.ActiveCfg = Release|Win32
		{DEE0CC36-5718-4940-B4C3-F1A88B4C5CDD}.Release|x86.Build.0 = Release|Win32
		{13EA1FF5-9480-457A-A6D8-48726C8362CE}.Debug|ARM.ActiveCfg = Debug|Win32
		{13EA1FF5-9480-457A-A6D8-48726C8362CE}.Debug|ARM64.ActiveCfg = Debug|Win32
		{13EA1FF5-9480-457A-A6D8-48726C8362CE}.Debug|x64.ActiveCfg = Debug|x64
		{13EA1FF5-9480-457A-A6D8-48726C8362CE}.Debug|x64.Build.0 = Debug|x64
		{13EA1FF5-9480-457A-A6D8-48726C8362CE}.Debug|x86.ActiveCfg = Debug|Win32
		{13EA1FF5-9480-457A-A6D8-48726C8362CE}.Debug|x86.Build.0 = Debug|Win32
		{13EA1FF5-9480-457A-A6D8-48726C8362CE}.Release|ARM.ActiveCfg = Release|Win32
		{13EA1FF5-9480-457A-A6D8-48726C8362CE}.Release|ARM64.ActiveCfg = Release|Win32
		{13EA1FF5-9480-457A-A6D8-48726C8362CE}.Release|x64.ActiveCfg = Release|x64
		{13EA1FF5-9480-457A-A6D8-48726C8362CE}.Release|x64.Build.0 = Release|x64
		{13EA1FF5-9480-457A-A6D8-48726C8362CE}.Release|x86.ActiveCfg = Release|Win32
		{13EA1FF5-9480-457A-A6D8-48726C8362CE}.Release|x86.Build.0 = Release|Win32
		{8B645685-3C57-4D05-8DDE-2E0E1F766399}.Debug|ARM.ActiveCfg = Debug|Win32
		{8B645685-3C57-4D05-8DDE-2E0E1F766399}.Debug|ARM64.ActiveCfg = Debug|Win32
		{8B645685-3C57-4D05-8DDE-2E0E1F766399}.Debug|x64.ActiveCfg = Debug|x64
		{8B645685-3C57-4D05-8DDE-2E0E1F766399}.Debug|x64.Build.0 = Debug|x64
		{8B645685-3C57-4D05-8DDE-2E0E1F766399}.Debug|x86.ActiveCfg = Debug|Win32
		{8B645685-3C57-4D05-8DDE-2E0E1F766399}.Debug|x86.Build.0 = Debug|Win32
		{8B645685-3C57-4D05-8DDE-2E0E1F766399}.Release|ARM.ActiveCfg = Release|Win32
		{8B645685-3C57-4D05-8DDE-2E0E1F766399}.Release|ARM64.ActiveCfg = Release|Win32
		{8B645685-3C57-4D05-8DDE-2E0E1F766399}.Release|x64.ActiveCfg = Release|x64
		{8B645685-3C57-4D05-8DDE-2E0E1F766399}.Release|x64.Build.0 = Release|x64
		{8B645685-3C57-4D05-8DDE-2E0E1F766399}.Release|x86.ActiveCfg = Release|Win32
		{8B645685-3C57-4D05-8DDE-2E0E1F766399}.Release|x86.Build.0 = Release|Win32
		{C08B133C-7A03-4DEF-B85E-F150F436F2A4}.Debug|ARM.ActiveCfg = Debug|Win32
		{C08B133C-7A03-4DEF-B85E-F150F436F2A4}.Debug|ARM64.ActiveCfg = Debug|Win32
		{C08B133C-7A03-4DEF-B85E-F150F436F2A4}.Debug|x64.ActiveCfg = Debug|x64
		{C08B133C-7A03-4DEF-B85E-F150F436F2A4}.Debug|x64.Build.0 = Debug|x64
		{C08B133C-7A03-4DEF-B85E-F150F436F2A4}.Debug|x86.ActiveCfg = Debug|Win32
		{C08B133C-7A03-4DEF-B85E-F150F436F2A4}.Debug|x86.Build.0 = Debug|Win32
		{C08B133C-7A03-4DEF-B85E-F150F436F2A4}.Release|ARM.ActiveCfg = Release|Win32
		{C08B133C-7A03-4DEF-B85E-F150F436F2A4}.Release|ARM64.ActiveCfg = Release|Win32
		{C08B133C-7A03-4DEF-B85E-F150F436F2A4}.Release|x64.ActiveCfg = Release|x64
		{C08B133C-7A03-4DEF-B85E-F150F436F2A4}.Release|x64.Build.0 = Release|x64
		{C08B133C-7A03-4DEF-B85E-F150F436F2A4}.Release|x86.ActiveCfg = Release|Win32
		{C08B133C-7A03-4DEF-B85E-F150F436F2A4}.Release|x86.Build.0 = Release|Win32
		{DCBBFF00-FB32-44C8-93E3-5B71B5F68A18}.Debug|ARM.ActiveCfg = Debug|Win32
		{DCBBFF00-FB32-44C8-93E3-5B71B5F68A18}.Debug|ARM64.ActiveCfg = Debug|Win32
		{DCBBFF00-FB32-44C8-93E3-5B71B5F68A18}.Debug|x64.ActiveCfg = Debug|x64
		{DCBBFF00-FB32-44C8-93E3-5B71B5F68A18}.Debug|x64.Build.0 = Debug|x64
		{DCBBFF00-FB32-44C8-93E3-5B71B5F68A18}.Debug|x86.ActiveCfg = Debug|Win32
		{DCBBFF00-FB32-44C8-93E3-5B71B5F68A18}.Debug|x86.Build.0 = Debug|Win32
		{DCBBFF00-FB32-44C8-93E3-5B71B5F68A18}.Release|ARM.ActiveCfg = Release|Win32
		{DCBBFF00-FB32-44C8-93E3-5B71B5F68A18}.Release|ARM64.ActiveCfg = Release|Win32
		{DCBBFF00-FB32-44C8-93E3-5B71B5F68A18}.Release|x64.ActiveCfg = Release|x64
		{DCBBFF00-FB32-44C8-93E3-5B71B5F68A18}.Release|x64.Build.0 = Release|x64
		{DCBBFF00-FB32-44C8-93E3-5B71B5F68A18}.Release|x86.ActiveCfg = Release|Win32
		{DCBBFF00-FB32-44C8-93E3-5B71B5F68A18}.Release|x86.Build.0 = Release|Win32
		{3FF18C87-C8AC-4A6B-982A-F2ED5CC0EBB6}.Debug|ARM.ActiveCfg = Debug|Win32
		{3FF18C87-C8AC-4A6B-982A-F2ED5CC0EBB6}.Debug|ARM64.ActiveCfg = Debug|Win32
		{3FF18C87-C8AC-4A6B-982A-F2ED5CC0EBB6}.Debug|x64.ActiveCfg = Debug|x64
		{3FF18C87-C8AC-4A6B-982A-F2ED5CC0EBB6}.Debug|x64.Build.0 = Debug|x64
		{3FF18C87-C8AC-4A6B-982A-F2ED5CC0EBB6}.Debug|x86.ActiveCfg = Debug|Win32
		{3FF18C87-C8AC-4A6B-982A-F2ED5CC0EBB6}.Debug|x86.Build.0 = Debug|Win32
		{3FF18C87-C8AC-4A6B-982A-F2ED5CC0EBB6}.Release|ARM.ActiveCfg = Release|Win32
		{3FF18C87-C8AC-4A6B-982A-F2ED5CC0EBB6}.Release|ARM64.ActiveCfg = Release|Win32
		{3FF18C87-C8AC-4A6B-982A-F2ED5CC0EBB6}.Release|x64.ActiveCfg = Release|x64
		{3FF18C87-C8AC-4A6B-982A-F2ED5CC0EBB6}.Release|x64.Build.0 = Release|x64
		{3FF18C87-C8AC-4A6B-982A-F2ED5CC0EBB6}.Release|x86.ActiveCfg = Release|Win32
		{3FF18C87-C8AC-4A6B-982A-F2ED5CC0EBB6}.Release|x86.Build.0 = Release|Win32
		{AFC0D990-251D-4B37-B463-F75914ACDFBA}.Debug|ARM.ActiveCfg = Debug|Win32
		{AFC0D990-251D-4B37-B463-F75914ACDFBA}.Debug|ARM64.ActiveCfg = Debug|Win32
		{AFC0D990-251D-4B37-B463-F75914ACDFBA}.Debug|x64.ActiveCfg = Debug|x64
		{AFC0D990-251D-4B37-B463-F75914ACDFBA}.Debug|x64.Build.0 = Debug|x64
		{AFC0D990-251D-4B37-B463-F75914ACDFBA}.Debug|x86.ActiveCfg = Debug|Win32
		{AFC0D990-251D-4B37-B463-F75914ACDFBA}.Debug|x86.Build.0 = Debug|Win32
		{AFC0D990-251D-4B37-B463-F75914ACDFBA}.Release|ARM.ActiveCfg = Release|Win32
		{AFC0D990-251D-4B37-B463-F75914ACDFBA}.Release|ARM64.ActiveCfg = Release|Win32
		{AFC0D990-251D-4B37-B463-F75914ACDFBA}.Release|x64.ActiveCfg = Release|x64
		{AFC0D990-251D-4B37-B463-F75914ACDFBA}.Release|x64.Build.0 = Release|x64
		{AFC0D990-251D-4B37-B463-F75914ACDFBA}.Release|x86.ActiveCfg = Release|Win32
		{AFC0D990-251D-4B37-B463-F75914ACDFBA}.Release|x86.Build.0 = Release|Win32
		{0A8A26A1-16B0-4327-A122-36E2DA146421}.Debug|ARM.ActiveCfg = Debug|Win32
		{0A8A26A1-16B0-4327-A122-36E2DA146421}.Debug|ARM64.ActiveCfg = Debug|Win32
		{0A8A26A1-16B0-4327-A122-36E2DA146421}.Debug|x64.ActiveCfg = Debug|x64
		{0A8A26A1-16B0-4327-A122-36E2DA146421}.Debug|x64.Build.0 = Debug|x64
		{0A8A26A1-16B0-4327-A122-36E2DA146421}.Debug|x86.ActiveCfg = Debug|Win32
		{0A8A26A1-16B0-4327-A122-36E2DA146421}.Debug|x86.Build.0 = Debug|Win32
		{0A8A26A1-16B0-4327-A122-36E2DA146421}.Release|ARM.ActiveCfg = Release|Win32
		{0A8A26A1-16B0-4327-A122-36E2DA146421}.Release|ARM64.ActiveCfg = Release|Win32
		{0A8A26A1-16B0-4327-A122-36E2DA146421}.Release|x64.ActiveCfg = Release|x64
		{0A8A26A1-16B0-4327-A122-36E2DA146421}.Release|x64.Build.0 = Release|x64
		{0A8A26A1-16B0-4327-A122-36E2DA146421}.Release|x86.ActiveCfg = Release|Win32
		{0A8A26A1-16B0-4327-A122-36E2DA146421}.Release|x86.Build.0 = Release|Win32
		{9EEC6CC0-46EF-4345-8228-D577409D01B4}.Debug|ARM.ActiveCfg = Debug|Win32
		{9EEC6CC0-46EF-4345-8228-D577409D01B4}.Debug|ARM64.ActiveCfg = Debug|Win32
		{9EEC6CC0-46EF-4345-8228-D577409D01B4}.Debug|x64.ActiveCfg = Debug|x64
		{9EEC6CC0-46EF-4345-8228-D577409D01B4}.Debug|x64.Build.0 = Debug|x64
		{9EEC6CC0-46EF-4345-8228-D577409D01B4}.Debug|x86.ActiveCfg = Debug|Win32
		{9EEC6CC0-46EF-4345-8228-D577409D01B4}.Debug|x86.Build.0 = Debug|Win32
		{9EEC6CC0-46EF-4345-8228-D577409D01B4}.Release|ARM.ActiveCfg = Release|Win32
		{9EEC6CC0-46EF-4345-8228-D577409D01B4}.Release|ARM64.ActiveCfg = Release|Win32
		{9EEC6CC0-46EF-4345-8228-D577409D01B4}.Release|x64.ActiveCfg = Release|x64
		{9EEC6CC0-46EF-4345-8228-D577409D01B4}.Release|x64.Build.0 = Release|x64
		{9EEC6CC0-46EF-4345-8228-D577409D01B4}.Release|x86.ActiveCfg = Release|Win32
		{9EEC6CC0-46EF-4345-8228-D577409D01B4}.Release|x86.Build.0 = Release|Win32
		{FC91D3B0-122F-459C-92AB-83045900FCA7}.Debug|ARM.ActiveCfg = Debug|Win32
		{FC91D3B0-122F-459C-92AB-83045900FCA7}.Debug|ARM64.ActiveCfg = Debug|Win32
		{FC91D3B0-122F-459C-92AB-83045900FCA7}.Debug|x64.ActiveCfg = Debug|x64
		{FC91D3B0-122F-459C-92AB-83045900FCA7}.Debug|x64.Build.0 = Debug|x64
		{FC91D3B0-122F-459C-92AB-83045900FCA7}.Debug|x86.ActiveCfg = Debug|Win32
		{FC91D3B0-122F-459C-92AB-83045900FCA7}.Debug|x86.Build.0 = Debug|Win32
		{FC91D3B0-122F-459C-92AB-83045900FCA7}.Release|ARM.ActiveCfg = Release|Win32
		{FC91D3B0-122F-459C-92AB-83045900FCA7}.Release|ARM64.ActiveCfg = Release|Win32
		{FC91D3B0-122F-459C-92AB-83045900FCA7}.Release|x64.ActiveCfg = Release|x64
		{FC91D3B0-122F-459C-92AB-83045900FCA7}.Release|x64.Build.0 = Release|x64
		{FC91D3B0-122F-459C-92AB-83045900FCA7}.Release|x86.ActiveCfg = Release|Win32
		{FC91D3B0-122F-459C-92AB-83045900FCA7}.Release|x86.Build.0 = Release|Win32
		{8271BB85-C470-4708-ABFF-3C46E34281FD}.Debug|ARM.ActiveCfg = Debug|Win32
		{8271BB85-C470-4708-ABFF-3C46E34281FD}.Debug|ARM64.ActiveCfg = Debug|Win32
		{8271BB85-C470-4708-ABFF-3C46E34281FD}.Debug|x64.ActiveCfg = Debug|x64
		{8271BB85-C470-4708-ABFF-3C46E34281FD}.Debug|x64.Build.0 = Debug|x64
		{8271BB85-C470-4708-ABFF-3C46E34281FD}.Debug|x86.ActiveCfg = Debug|Win32
		{8271BB85-C470-4708-ABFF-3C46E34281FD}.Debug|x86.Build.0 = Debug|Win32
		{8271BB85-C470-4708-ABFF-3C46E34281FD}.Release|ARM.ActiveCfg = Release|Win32
		{8271BB85-C470-4708-ABFF-3C46E34281FD}.Release|ARM64.ActiveCfg = Release|Win32
		{8271BB85-C470-4708-ABFF-3C46E34281FD}.Release|x64.ActiveCfg = Release|x64
		{8271BB85-C470-4708-ABFF-3C46E34281FD}.Release|x64.Build.0 = Release|x64
		{8271BB85-C470-4708-ABFF-3C46E34281FD}.Release|x86.ActiveCfg = Release|Win32
		{8271BB85-C470-4708-ABFF-3C46E34281FD}.Release|x86.Build.0 = Release|Win32
		{B4638F32-FFDE-401F-9B1D-F39C68B82185}.Debug|ARM.ActiveCfg = Debug|Win32
		{B4638F32-FFDE-401F-9B1D-F39C68B82185}.Debug|ARM64.ActiveCfg = Debug|Win32
		{B4638F32-FFDE-401F-9B1D-F39C68B82185}.Debug|x64.ActiveCfg = Debug|x64
		{B4638F32-FFDE-401F-9B1D-F39C68B82185}.Debug|x64.Build.0 = Debug|x64
		{B4638F32-FFDE-401F-9B1D-F39C68B82185}.Debug|x86.ActiveCfg = Debug|Win32
		{B4638F32-FFDE-401F-9B1D-F39C68B82185}.Debug|x86.Build.0 = Debug|Win32
		{B4638F32-FFDE-401F-9B1D-F39C68B82185}.Release|ARM.ActiveCfg = Release|Win32
		{B4638F32-FFDE-401F-9B1D-F39C68B82185}.Release|ARM64.ActiveCfg = Release|Win32
		{B4638F32-FFDE-401F-9B1D-F39C68B82185}.Release|x64.ActiveCfg = Release|x64
		{B4638F32-FFDE-401F-9B1D-F39C68B82185}.Release|x64.Build.0 = Release|x64
		{B4638F32-FFDE-401F-9B1D-F39C68B82185}.Release|x86.ActiveCfg = Release|Win32
		{B4638F32-FFDE-401F-9B1D-F39C68B82185}.Release|x86.Build.0 = Release|Win32
		{6F76FDD8-AA53-4AAC-A7AF-9A49C856CAED}.Debug|ARM.ActiveCfg = Debug|Win32
		{6F76FDD8-AA53-4AAC-A7AF-9A49C856CAED}.Debug|ARM64.ActiveCfg = Debug|Win32
		{6F76FDD8-AA53-4AAC-A7AF-9A49C856CAED}.Debug|x64.ActiveCfg = Debug|x64
		{6F76FDD8-AA53-4AAC-A7AF-9A49C856CAED}.Debug|x64.Build.0 = Debug|x64
		{6F76FDD8-AA53-4AAC-A7AF-9A49C856CAED}.Debug|x86.ActiveCfg = Debug|Win32
		{6F76FDD8-AA53-4AAC-A7AF-9A49C856CAED}.Debug|x86.Build.0 = Debug|Win32
		{6F76FDD8-AA53-4AAC-A7AF-9A49C856CAED}.Release|ARM.ActiveCfg = Release|Win32
		{6F76FDD8-AA53-4AAC-A7AF-9A49C856CAED}.Release|ARM64.ActiveCfg = Release|Win32
		{6F76FDD8-AA53-4AAC-A7AF-9A49C856CAED}.Release|x64.ActiveCfg = Release|x64
		{6F76FDD8-AA53-4AAC-A7AF-9A49C856CAED}.Release|x64.Build.0 = Release|x64
		{6F76FDD8-AA53-4AAC-A7AF-9A49C856CAED}.Release|x86.ActiveCfg = Release|Win32
		{6F76FDD8-AA53-4AAC-A7AF-9A49C856CAED}.Release|x86.Build.0 = Release|Win32
	EndGlobalSection
	GlobalSection(SolutionProperties) = preSolution
		HideSolutionNode = FALSE
	EndGlobalSection
	GlobalSection(NestedProjects) = preSolution
		{DC506AE5-1877-40D4-9002-F2BC497F1545} = {4FE54FDF-0BD4-4643-B305-515971355CA1}
		{BACE82AF-F1A6-41D2-82FB-2F219588411D} = {4FE54FDF-0BD4-4643-B305-515971355CA1}
		{01FD11BD-0C9E-4460-BC17-2F37AE9BC8F9} = {ACD92B18-64C8-4788-8E54-2703490A712C}
		{EBE922AB-F77F-43FB-906A-18DA8B14EDCC} = {D4C7B1B9-A5B7-43E3-9C48-800D7DD5FEC1}
		{ED6EBDEB-F4C3-4AD9-B386-DAEBC00C9810} = {D4C7B1B9-A5B7-43E3-9C48-800D7DD5FEC1}
		{950C1F25-D719-4BA2-9BC3-B9C1570E9F09} = {59078C31-9B73-4B78-B05A-6E28816FEF2B}
		{DA444EF7-9782-438C-AE6B-6B6AD7A733FD} = {59078C31-9B73-4B78-B05A-6E28816FEF2B}
		{59078C31-9B73-4B78-B05A-6E28816FEF2B} = {EEE5A0BB-331A-4501-8E17-2BB6958B553D}
		{6AFF9787-01F5-4F37-ABB1-14EBF40CF608} = {59078C31-9B73-4B78-B05A-6E28816FEF2B}
		{E303E535-497A-4BF4-9E4A-B307A132B6F6} = {59078C31-9B73-4B78-B05A-6E28816FEF2B}
		{1C178E3B-8865-40D2-B400-84B17C79CF91} = {59078C31-9B73-4B78-B05A-6E28816FEF2B}
		{EEE51D3F-0524-4D36-9457-B6B9E285044C} = {B1003FFF-E6BD-43BD-847C-09F45F98C21B}
		{2FF30C97-3C17-4873-95B8-2FD5C20B6191} = {B1003FFF-E6BD-43BD-847C-09F45F98C21B}
		{2AEBBBB1-ACFB-49EA-B126-72C6C9CEDB60} = {198E4D80-FAF3-410C-B2ED-140682355F50}
		{BFAC8DA4-32C8-42BB-AFE8-D2932AFA5A55} = {198E4D80-FAF3-410C-B2ED-140682355F50}
		{B1003FFF-E6BD-43BD-847C-09F45F98C21B} = {BFAC8DA4-32C8-42BB-AFE8-D2932AFA5A55}
		{F93235FA-9F67-4F6E-AC3D-9F0E244CA0E2} = {B1003FFF-E6BD-43BD-847C-09F45F98C21B}
		{71E43F69-BF20-486C-9DCC-F3DA5971A7A8} = {BFAC8DA4-32C8-42BB-AFE8-D2932AFA5A55}
		{C262CBEC-B41A-4F4D-B4BC-08B7CBD42B1D} = {20B4A19C-7BE7-486A-A742-5F0B806D5141}
		{E1547396-729E-484D-9997-E34042CFF5BC} = {20B4A19C-7BE7-486A-A742-5F0B806D5141}
		{E390F692-A2D5-42B5-A2C8-CA60447331A2} = {7C88A8F0-EE84-4051-ADA5-0127D77CD67E}
		{D6B6A998-DA1A-4D8E-BC84-221FE8578182} = {2CB1BE19-C298-4978-B0D7-0D0A2C5E97F0}
		{E0B52AE7-E160-4D32-BF3F-910B785E5A8E} = {333ADFFA-9884-425C-BFB4-7647A7F21651}
		{B049C4C4-9B09-4E93-9594-B9C4B82694DE} = {962E6492-7095-4380-89E2-04FB3D519E0A}
		{065AC6D0-9FC4-4249-A730-AF2B5390998B} = {962E6492-7095-4380-89E2-04FB3D519E0A}
		{7C88A8F0-EE84-4051-ADA5-0127D77CD67E} = {71E43F69-BF20-486C-9DCC-F3DA5971A7A8}
		{DEE0CC36-5718-4940-B4C3-F1A88B4C5CDD} = {962E6492-7095-4380-89E2-04FB3D519E0A}
		{13EA1FF5-9480-457A-A6D8-48726C8362CE} = {64DA19A4-8BBF-4AFB-8298-21B957FC8F7A}
		{8B645685-3C57-4D05-8DDE-2E0E1F766399} = {64DA19A4-8BBF-4AFB-8298-21B957FC8F7A}
		{C08B133C-7A03-4DEF-B85E-F150F436F2A4} = {64DA19A4-8BBF-4AFB-8298-21B957FC8F7A}
		{64DA19A4-8BBF-4AFB-8298-21B957FC8F7A} = {71E43F69-BF20-486C-9DCC-F3DA5971A7A8}
		{20B4A19C-7BE7-486A-A742-5F0B806D5141} = {71E43F69-BF20-486C-9DCC-F3DA5971A7A8}
		{962E6492-7095-4380-89E2-04FB3D519E0A} = {71E43F69-BF20-486C-9DCC-F3DA5971A7A8}
		{2CB1BE19-C298-4978-B0D7-0D0A2C5E97F0} = {71E43F69-BF20-486C-9DCC-F3DA5971A7A8}
		{DCBBFF00-FB32-44C8-93E3-5B71B5F68A18} = {348D271A-400C-45FF-A7D0-9B064FE7AE8D}
		{DDEE7D2A-000E-44AF-88FE-A1800F9040F1} = {198E4D80-FAF3-410C-B2ED-140682355F50}
		{3FF18C87-C8AC-4A6B-982A-F2ED5CC0EBB6} = {F7456E38-9938-4883-B982-7D264C2ADAF2}
		{9F47A49F-976D-48FC-B89F-5B06CD034EFB} = {DDEE7D2A-000E-44AF-88FE-A1800F9040F1}
		{348D271A-400C-45FF-A7D0-9B064FE7AE8D} = {DDEE7D2A-000E-44AF-88FE-A1800F9040F1}
		{AFC0D990-251D-4B37-B463-F75914ACDFBA} = {781105B6-45E8-4625-922D-D4E74DE07452}
		{781105B6-45E8-4625-922D-D4E74DE07452} = {9F47A49F-976D-48FC-B89F-5B06CD034EFB}
		{0A8A26A1-16B0-4327-A122-36E2DA146421} = {E68E2F65-7F84-43B9-9E39-B436D9AFECD3}
		{9EEC6CC0-46EF-4345-8228-D577409D01B4} = {E68E2F65-7F84-43B9-9E39-B436D9AFECD3}
		{E68E2F65-7F84-43B9-9E39-B436D9AFECD3} = {9F47A49F-976D-48FC-B89F-5B06CD034EFB}
		{AF43BEF3-4D3F-4C19-879E-79F2A9D0E104} = {9F47A49F-976D-48FC-B89F-5B06CD034EFB}
		{FC91D3B0-122F-459C-92AB-83045900FCA7} = {AF43BEF3-4D3F-4C19-879E-79F2A9D0E104}
		{8271BB85-C470-4708-ABFF-3C46E34281FD} = {AF43BEF3-4D3F-4C19-879E-79F2A9D0E104}
		{BFA41BE7-AC7B-40E1-B98A-8D92A05E9F9F} = {9F47A49F-976D-48FC-B89F-5B06CD034EFB}
		{B4638F32-FFDE-401F-9B1D-F39C68B82185} = {BFA41BE7-AC7B-40E1-B98A-8D92A05E9F9F}
		{6F76FDD8-AA53-4AAC-A7AF-9A49C856CAED} = {BFA41BE7-AC7B-40E1-B98A-8D92A05E9F9F}
		{F7456E38-9938-4883-B982-7D264C2ADAF2} = {9F47A49F-976D-48FC-B89F-5B06CD034EFB}
		{EEE5A0BB-331A-4501-8E17-2BB6958B553D} = {198E4D80-FAF3-410C-B2ED-140682355F50}
		{ACD92B18-64C8-4788-8E54-2703490A712C} = {2AEBBBB1-ACFB-49EA-B126-72C6C9CEDB60}
		{D4C7B1B9-A5B7-43E3-9C48-800D7DD5FEC1} = {2AEBBBB1-ACFB-49EA-B126-72C6C9CEDB60}
	EndGlobalSection
	GlobalSection(ExtensibilityGlobals) = postSolution
		SolutionGuid = {A3BBF0E1-2A93-4AE9-8140-46A77DAC79E2}
	EndGlobalSection
EndGlobal
