<?xml version="1.0" encoding="utf-8"?>
<Project ToolsVersion="4.0" xmlns="http://schemas.microsoft.com/developer/msbuild/2003">
  <ItemGroup>
    <Filter Include="소스 파일">
      <UniqueIdentifier>{4FC737F1-C7A5-4376-A066-2A32D752A2FF}</UniqueIdentifier>
      <Extensions>cpp;c;cc;cxx;c++;cppm;ixx;def;odl;idl;hpj;bat;asm;asmx</Extensions>
    </Filter>
    <Filter Include="헤더 파일">
      <UniqueIdentifier>{93995380-89BD-4b04-88EB-625FBE52EBFB}</UniqueIdentifier>
      <Extensions>h;hh;hpp;hxx;h++;hm;inl;inc;ipp;xsd</Extensions>
    </Filter>
    <Filter Include="리소스 파일">
      <UniqueIdentifier>{67DA6AB6-F800-4c08-8B7A-83BB121AAD01}</UniqueIdentifier>
      <Extensions>rc;ico;cur;bmp;dlg;rc2;rct;bin;rgs;gif;jpg;jpeg;jpe;resx;tiff;tif;png;wav;mfcribbon-ms</Extensions>
    </Filter>
    <Filter Include="헤더 파일\Core">
      <UniqueIdentifier>{44252cec-6c92-42c3-81ee-68d6d6de0efe}</UniqueIdentifier>
    </Filter>
    <Filter Include="헤더 파일\Engine">
      <UniqueIdentifier>{7edc5c51-3994-444e-8e29-c794eff7b80e}</UniqueIdentifier>
    </Filter>
    <Filter Include="헤더 파일\Map">
      <UniqueIdentifier>{3d711256-785c-465e-a202-02080cc2f6a5}</UniqueIdentifier>
    </Filter>
    <Filter Include="헤더 파일\Object">
      <UniqueIdentifier>{75787955-ea7d-4827-ac06-7b84cf1b7e8e}</UniqueIdentifier>
    </Filter>
    <Filter Include="헤더 파일\UI">
      <UniqueIdentifier>{c234ce22-c37c-48a5-a9de-cdbf5ecc844b}</UniqueIdentifier>
    </Filter>
    <Filter Include="헤더 파일\Common">
      <UniqueIdentifier>{388c65f6-ba0e-4f2a-a371-741add083616}</UniqueIdentifier>
    </Filter>
  </ItemGroup>
  <ItemGroup>
    <ClCompile Include="Sample.cpp">
      <Filter>소스 파일</Filter>
    </ClCompile>
  </ItemGroup>
  <ItemGroup>
    <ClInclude Include="Core.hpp">
      <Filter>헤더 파일\Core</Filter>
    </ClInclude>
    <ClInclude Include="Engine.hpp">
      <Filter>헤더 파일\Engine</Filter>
    </ClInclude>
    <ClInclude Include="Node.hpp">
      <Filter>헤더 파일\Map</Filter>
    </ClInclude>
    <ClInclude Include="Octree.hpp">
      <Filter>헤더 파일\Map</Filter>
    </ClInclude>
    <ClInclude Include="QuadTree.hpp">
      <Filter>헤더 파일\Map</Filter>
    </ClInclude>
    <ClInclude Include="SpaceDivision.hpp">
      <Filter>헤더 파일\Map</Filter>
    </ClInclude>
    <ClInclude Include="NPC.hpp">
      <Filter>헤더 파일\Object</Filter>
    </ClInclude>
    <ClInclude Include="Object.hpp">
      <Filter>헤더 파일\Object</Filter>
    </ClInclude>
    <ClInclude Include="Obstacle.hpp">
      <Filter>헤더 파일\Object</Filter>
    </ClInclude>
    <ClInclude Include="Player.hpp">
      <Filter>헤더 파일\Object</Filter>
    </ClInclude>
    <ClInclude Include="WindowUI.hpp">
      <Filter>헤더 파일\UI</Filter>
    </ClInclude>
    <ClInclude Include="GameUI.hpp">
      <Filter>헤더 파일\UI</Filter>
    </ClInclude>
  </ItemGroup>
</Project>