<?xml version="1.0" encoding="utf-8"?>
<Project ToolsVersion="4.0" xmlns="http://schemas.microsoft.com/developer/msbuild/2003">
  <ItemGroup>
    <Filter Include="소스 파일">
      <UniqueIdentifier>{4FC737F1-C7A5-4376-A066-2A32D752A2FF}</UniqueIdentifier>
      <Extensions>cpp;c;cc;cxx;c++;cppm;ixx;def;odl;idl;hpj;bat;asm;asmx</Extensions>
    </Filter>
    <Filter Include="헤더 파일">
      <UniqueIdentifier>{93995380-89BD-4b04-88EB-625FBE52EBFB}</UniqueIdentifier>
      <Extensions>h;hh;hpp;hxx;h++;hm;inl;inc;ipp;xsd</Extensions>
    </Filter>
    <Filter Include="리소스 파일">
      <UniqueIdentifier>{67DA6AB6-F800-4c08-8B7A-83BB121AAD01}</UniqueIdentifier>
      <Extensions>rc;ico;cur;bmp;dlg;rc2;rct;bin;rgs;gif;jpg;jpeg;jpe;resx;tiff;tif;png;wav;mfcribbon-ms</Extensions>
    </Filter>
    <Filter Include="Landscape">
      <UniqueIdentifier>{b8744842-71f8-4c80-b6ce-06a53d9b8686}</UniqueIdentifier>
    </Filter>
    <Filter Include="Landscape\Pane">
      <UniqueIdentifier>{9198f02f-78cc-4d82-acfd-2a5c53d8a089}</UniqueIdentifier>
    </Filter>
    <Filter Include="Landscape\Pane\소스 파일">
      <UniqueIdentifier>{611343d7-06c7-439b-9b29-403d1c4e1a90}</UniqueIdentifier>
    </Filter>
    <Filter Include="Landscape\Pane\헤더 파일">
      <UniqueIdentifier>{be03c372-ed5b-4207-8484-c81bddaf8070}</UniqueIdentifier>
    </Filter>
    <Filter Include="Landscape\Management">
      <UniqueIdentifier>{7a1a890b-fbe4-486c-85e4-327e77d6d876}</UniqueIdentifier>
    </Filter>
    <Filter Include="Landscape\Sculpting">
      <UniqueIdentifier>{20e5ec29-3878-4a9a-aeb1-48d79176b2e7}</UniqueIdentifier>
    </Filter>
    <Filter Include="Landscape\Painting">
      <UniqueIdentifier>{e1ff67f6-7c8b-4053-b379-cfc4310c754b}</UniqueIdentifier>
    </Filter>
    <Filter Include="Landscape\Management\소스 파일">
      <UniqueIdentifier>{cf5203e1-f7f5-42cb-a3bf-16bae6b2a512}</UniqueIdentifier>
    </Filter>
    <Filter Include="Landscape\Management\헤더 파일">
      <UniqueIdentifier>{d6df17ee-2093-4fac-acac-ab9327334f9c}</UniqueIdentifier>
    </Filter>
    <Filter Include="Landscape\Painting\소스 파일">
      <UniqueIdentifier>{405f417a-3bc3-43a0-92b0-c327a47dde4d}</UniqueIdentifier>
    </Filter>
    <Filter Include="Landscape\Painting\헤더 파일">
      <UniqueIdentifier>{3a0cc7df-9f4d-43d2-bbb8-ccf138b40e43}</UniqueIdentifier>
    </Filter>
    <Filter Include="Landscape\Sculpting\헤더 파일">
      <UniqueIdentifier>{17c28217-bfcf-4aaf-a9fd-bb826202d73d}</UniqueIdentifier>
    </Filter>
    <Filter Include="Landscape\Sculpting\소스 파일">
      <UniqueIdentifier>{266a81d9-eafa-47f4-80eb-1311a4e639ac}</UniqueIdentifier>
    </Filter>
    <Filter Include="CustomUI">
      <UniqueIdentifier>{5d071454-17be-4508-968b-b18df37051e5}</UniqueIdentifier>
    </Filter>
    <Filter Include="CustomUI\소스 파일">
      <UniqueIdentifier>{50f0334f-6182-49ec-a565-1c6baf9c6518}</UniqueIdentifier>
    </Filter>
    <Filter Include="CustomUI\헤더 파일">
      <UniqueIdentifier>{47b6152d-5864-4277-9726-fcb3e6766a98}</UniqueIdentifier>
    </Filter>
  </ItemGroup>
  <ItemGroup>
    <ClInclude Include="WanrealEditor.h">
      <Filter>헤더 파일</Filter>
    </ClInclude>
    <ClInclude Include="framework.h">
      <Filter>헤더 파일</Filter>
    </ClInclude>
    <ClInclude Include="targetver.h">
      <Filter>헤더 파일</Filter>
    </ClInclude>
    <ClInclude Include="MainFrm.h">
      <Filter>헤더 파일</Filter>
    </ClInclude>
    <ClInclude Include="WanrealEditorDoc.h">
      <Filter>헤더 파일</Filter>
    </ClInclude>
    <ClInclude Include="WanrealEditorView.h">
      <Filter>헤더 파일</Filter>
    </ClInclude>
    <ClInclude Include="Resource.h">
      <Filter>헤더 파일</Filter>
    </ClInclude>
    <ClInclude Include="pch.h">
      <Filter>헤더 파일</Filter>
    </ClInclude>
    <ClInclude Include="LandscapeDockPane.h">
      <Filter>Landscape\Pane\헤더 파일</Filter>
    </ClInclude>
    <ClInclude Include="LandscapeManagementDlg.h">
      <Filter>Landscape\Management\헤더 파일</Filter>
    </ClInclude>
    <ClInclude Include="LandscapePaintingDlg.h">
      <Filter>Landscape\Painting\헤더 파일</Filter>
    </ClInclude>
    <ClInclude Include="LandscapeSculptingDlg.h">
      <Filter>Landscape\Sculpting\헤더 파일</Filter>
    </ClInclude>
    <ClInclude Include="LandscapeManagementAddDlg.h">
      <Filter>Landscape\Management</Filter>
    </ClInclude>
    <ClInclude Include="LandscapeDockPaneView.h">
      <Filter>헤더 파일</Filter>
    </ClInclude>
    <ClInclude Include="LandscapeDockPaneFrame.h">
      <Filter>헤더 파일</Filter>
    </ClInclude>
  </ItemGroup>
  <ItemGroup>
    <ClCompile Include="WanrealEditor.cpp">
      <Filter>소스 파일</Filter>
    </ClCompile>
    <ClCompile Include="MainFrm.cpp">
      <Filter>소스 파일</Filter>
    </ClCompile>
    <ClCompile Include="WanrealEditorDoc.cpp">
      <Filter>소스 파일</Filter>
    </ClCompile>
    <ClCompile Include="WanrealEditorView.cpp">
      <Filter>소스 파일</Filter>
    </ClCompile>
    <ClCompile Include="pch.cpp">
      <Filter>소스 파일</Filter>
    </ClCompile>
    <ClCompile Include="LandscapeDockPane.cpp">
      <Filter>Landscape\Pane\소스 파일</Filter>
    </ClCompile>
    <ClCompile Include="LandscapeManagementDlg.cpp">
      <Filter>Landscape\Management\소스 파일</Filter>
    </ClCompile>
    <ClCompile Include="LandscapePaintingDlg.cpp">
      <Filter>Landscape\Painting\소스 파일</Filter>
    </ClCompile>
    <ClCompile Include="LandscapeSculptingDlg.cpp">
      <Filter>Landscape\Sculpting\소스 파일</Filter>
    </ClCompile>
    <ClCompile Include="LandscapeManagementAddDlg.cpp">
      <Filter>Landscape\Management</Filter>
    </ClCompile>
    <ClCompile Include="LandscapeDockPaneView.cpp">
      <Filter>소스 파일</Filter>
    </ClCompile>
    <ClCompile Include="LandscapeDockPaneFrame.cpp">
      <Filter>소스 파일</Filter>
    </ClCompile>
  </ItemGroup>
  <ItemGroup>
    <ResourceCompile Include="WanrealEditor.rc">
      <Filter>리소스 파일</Filter>
    </ResourceCompile>
  </ItemGroup>
  <ItemGroup>
    <Image Include="res\buttons.bmp">
      <Filter>리소스 파일</Filter>
    </Image>
    <Image Include="res\filelarge.bmp">
      <Filter>리소스 파일</Filter>
    </Image>
    <Image Include="res\filesmall.bmp">
      <Filter>리소스 파일</Filter>
    </Image>
    <Image Include="res\main.bmp">
      <Filter>리소스 파일</Filter>
    </Image>
    <Image Include="res\writelarge.bmp">
      <Filter>리소스 파일</Filter>
    </Image>
    <Image Include="res\writesmall.bmp">
      <Filter>리소스 파일</Filter>
    </Image>
    <Image Include="res\WanrealEditorDoc.ico">
      <Filter>리소스 파일</Filter>
    </Image>
    <Image Include="res\WanrealEditor.ico">
      <Filter>리소스 파일</Filter>
    </Image>
    <Image Include="res\Toolbar.bmp">
      <Filter>리소스 파일</Filter>
    </Image>
    <Image Include="res\Toolbar256.bmp">
      <Filter>리소스 파일</Filter>
    </Image>
  </ItemGroup>
  <ItemGroup>
    <None Include="res\ribbon.mfcribbon-ms">
      <Filter>리소스 파일</Filter>
    </None>
    <None Include="res\WanrealEditor.rc2">
      <Filter>리소스 파일</Filter>
    </None>
  </ItemGroup>
</Project>