<?xml version="1.0" encoding="utf-8"?>
<Project ToolsVersion="4.0" xmlns="http://schemas.microsoft.com/developer/msbuild/2003">
  <ItemGroup>
    <Filter Include="리소스 파일">
      <UniqueIdentifier>{67DA6AB6-F800-4c08-8B7A-83BB121AAD01}</UniqueIdentifier>
      <Extensions>rc;ico;cur;bmp;dlg;rc2;rct;bin;rgs;gif;jpg;jpeg;jpe;resx;tiff;tif;png;wav;mfcribbon-ms</Extensions>
    </Filter>
    <Filter Include="EntityComponentSystem">
      <UniqueIdentifier>{dfb79d19-17ed-4526-b551-7b8f28e1bc1d}</UniqueIdentifier>
    </Filter>
    <Filter Include="EntityComponentSystem\System">
      <UniqueIdentifier>{6021c2b0-4477-4146-a5d9-b0fc67f8ab82}</UniqueIdentifier>
    </Filter>
    <Filter Include="EntityComponentSystem\Component">
      <UniqueIdentifier>{a7a1fa50-1665-4ff5-a913-121e296a2ff2}</UniqueIdentifier>
    </Filter>
    <Filter Include="EntityComponentSystem\Entity">
      <UniqueIdentifier>{203187b0-f67c-4f9f-a0fe-86426529de5b}</UniqueIdentifier>
    </Filter>
    <Filter Include="Common">
      <UniqueIdentifier>{71a1ff36-d411-4943-8467-dd03b9324865}</UniqueIdentifier>
    </Filter>
    <Filter Include="WinAPI">
      <UniqueIdentifier>{9dc37d4d-6630-47ee-8744-26e400d7c712}</UniqueIdentifier>
    </Filter>
    <Filter Include="DirectX">
      <UniqueIdentifier>{1504c56d-0144-473f-bbe1-a3aca33472cc}</UniqueIdentifier>
    </Filter>
    <Filter Include="DirectX\Device">
      <UniqueIdentifier>{3dc41f00-dd3d-4fc8-ad3b-8661dc5699d6}</UniqueIdentifier>
    </Filter>
    <Filter Include="DirectX\Device\소스 파일">
      <UniqueIdentifier>{4FC737F1-C7A5-4376-A066-2A32D752A2FF}</UniqueIdentifier>
      <Extensions>cpp;c;cc;cxx;c++;cppm;ixx;def;odl;idl;hpj;bat;asm;asmx</Extensions>
    </Filter>
    <Filter Include="DirectX\Device\헤더 파일">
      <UniqueIdentifier>{93995380-89BD-4b04-88EB-625FBE52EBFB}</UniqueIdentifier>
      <Extensions>h;hh;hpp;hxx;h++;hm;inl;inc;ipp;xsd</Extensions>
    </Filter>
    <Filter Include="EntityComponentSystem\World">
      <UniqueIdentifier>{8bea6b79-ca4c-4273-b5d8-ca2fa02adb7c}</UniqueIdentifier>
    </Filter>
  </ItemGroup>
  <ItemGroup>
    <ClInclude Include="DXDevice.hpp">
      <Filter>DirectX\Device\헤더 파일</Filter>
    </ClInclude>
    <ClInclude Include="Entity.hpp">
      <Filter>EntityComponentSystem\Entity</Filter>
    </ClInclude>
    <ClInclude Include="System.hpp">
      <Filter>EntityComponentSystem\System</Filter>
    </ClInclude>
    <ClInclude Include="Matrix.hpp">
      <Filter>Common</Filter>
    </ClInclude>
    <ClInclude Include="Vector.hpp">
      <Filter>Common</Filter>
    </ClInclude>
    <ClInclude Include="Define.hpp">
      <Filter>Common</Filter>
    </ClInclude>
    <ClInclude Include="Vertex.h">
      <Filter>Common</Filter>
    </ClInclude>
    <ClInclude Include="WindowsClient.h">
      <Filter>WinAPI</Filter>
    </ClInclude>
    <ClInclude Include="RenderSystem.h">
      <Filter>EntityComponentSystem\System</Filter>
    </ClInclude>
    <ClInclude Include="MeshComponent.hpp">
      <Filter>EntityComponentSystem\Component</Filter>
    </ClInclude>
    <ClInclude Include="MovementComponent.hpp">
      <Filter>EntityComponentSystem\Component</Filter>
    </ClInclude>
    <ClInclude Include="GravityComponent.hpp">
      <Filter>EntityComponentSystem\Component</Filter>
    </ClInclude>
    <ClInclude Include="Component.hpp">
      <Filter>EntityComponentSystem\Component</Filter>
    </ClInclude>
    <ClInclude Include="World.hpp">
      <Filter>EntityComponentSystem\World</Filter>
    </ClInclude>
    <ClInclude Include="ECSCommon.hpp">
      <Filter>EntityComponentSystem</Filter>
    </ClInclude>
    <ClInclude Include="MovementSystem.hpp">
      <Filter>EntityComponentSystem\System</Filter>
    </ClInclude>
  </ItemGroup>
  <ItemGroup>
    <ClCompile Include="DXDevice.cpp">
      <Filter>DirectX\Device\소스 파일</Filter>
    </ClCompile>
    <ClCompile Include="WindowsClient.cpp">
      <Filter>WinAPI</Filter>
    </ClCompile>
    <ClCompile Include="World.cpp">
      <Filter>EntityComponentSystem\World</Filter>
    </ClCompile>
    <ClCompile Include="System.cpp">
      <Filter>EntityComponentSystem\System</Filter>
    </ClCompile>
    <ClCompile Include="MovementSystem.cpp">
      <Filter>EntityComponentSystem\System</Filter>
    </ClCompile>
  </ItemGroup>
</Project>