<?xml version="1.0" encoding="utf-8"?>
<Project ToolsVersion="4.0" xmlns="http://schemas.microsoft.com/developer/msbuild/2003">
  <ItemGroup>
    <Filter Include="소스 파일">
      <UniqueIdentifier>{4FC737F1-C7A5-4376-A066-2A32D752A2FF}</UniqueIdentifier>
      <Extensions>cpp;c;cc;cxx;c++;cppm;ixx;def;odl;idl;hpj;bat;asm;asmx</Extensions>
    </Filter>
    <Filter Include="헤더 파일">
      <UniqueIdentifier>{93995380-89BD-4b04-88EB-625FBE52EBFB}</UniqueIdentifier>
      <Extensions>h;hh;hpp;hxx;h++;hm;inl;inc;ipp;xsd</Extensions>
    </Filter>
    <Filter Include="리소스 파일">
      <UniqueIdentifier>{67DA6AB6-F800-4c08-8B7A-83BB121AAD01}</UniqueIdentifier>
      <Extensions>rc;ico;cur;bmp;dlg;rc2;rct;bin;rgs;gif;jpg;jpeg;jpe;resx;tiff;tif;png;wav;mfcribbon-ms</Extensions>
    </Filter>
    <Filter Include="ECS">
      <UniqueIdentifier>{5a461d40-6e76-472d-b33d-351cc492cc69}</UniqueIdentifier>
    </Filter>
    <Filter Include="ECS\Component">
      <UniqueIdentifier>{f5d53bd9-d49b-4d3e-9419-5fd9c7501ca8}</UniqueIdentifier>
    </Filter>
    <Filter Include="ECS\Entity">
      <UniqueIdentifier>{1fc17139-01c4-47cc-939a-6e088a8ccdbd}</UniqueIdentifier>
    </Filter>
    <Filter Include="ECS\System">
      <UniqueIdentifier>{ad63026c-f7a6-4146-9832-cc73162641e7}</UniqueIdentifier>
    </Filter>
    <Filter Include="ECS\World">
      <UniqueIdentifier>{6e802409-66d7-4c13-9928-ac9dd339bde5}</UniqueIdentifier>
    </Filter>
    <Filter Include="ECS\Common">
      <UniqueIdentifier>{ab98da5c-c54e-4e35-9d14-54b9f2b1ad55}</UniqueIdentifier>
    </Filter>
  </ItemGroup>
  <ItemGroup>
    <ClInclude Include="Sample.h">
      <Filter>헤더 파일</Filter>
    </ClInclude>
    <ClInclude Include="Component.hpp">
      <Filter>ECS\Component</Filter>
    </ClInclude>
    <ClInclude Include="Entity.hpp">
      <Filter>ECS\Entity</Filter>
    </ClInclude>
    <ClInclude Include="System.hpp">
      <Filter>ECS\System</Filter>
    </ClInclude>
    <ClInclude Include="World.hpp">
      <Filter>ECS\World</Filter>
    </ClInclude>
    <ClInclude Include="ECSCommon.hpp">
      <Filter>ECS\Common</Filter>
    </ClInclude>
    <ClInclude Include="MovementComponent.h">
      <Filter>ECS\Component</Filter>
    </ClInclude>
    <ClInclude Include="MovementSystem.h">
      <Filter>ECS\System</Filter>
    </ClInclude>
    <ClInclude Include="Actor.h">
      <Filter>ECS\Entity</Filter>
    </ClInclude>
    <ClInclude Include="Mesh.hpp">
      <Filter>ECS\Component</Filter>
    </ClInclude>
    <ClInclude Include="RenderSystem.h">
      <Filter>ECS\System</Filter>
    </ClInclude>
  </ItemGroup>
  <ItemGroup>
    <ClCompile Include="Sample.cpp">
      <Filter>소스 파일</Filter>
    </ClCompile>
  </ItemGroup>
</Project>